<?xml version="1.0" encoding="utf-8"?>
<Project ToolsVersion="4.0" xmlns="http://schemas.microsoft.com/developer/msbuild/2003">
  <ItemGroup>
    <Filter Include="io">
      <UniqueIdentifier>{ed054920-4bf0-4a93-8ec4-afd0542d6336}</UniqueIdentifier>
    </Filter>
    <Filter Include="formats">
      <UniqueIdentifier>{ccfc8091-1af4-4b21-a921-510ae05a7eda}</UniqueIdentifier>
    </Filter>
    <Filter Include="3rd">
      <UniqueIdentifier>{61772523-8931-42a0-83ec-b8b0ff9f82dc}</UniqueIdentifier>
    </Filter>
    <Filter Include="3rd\etcpack">
      <UniqueIdentifier>{31476c5b-8930-47fc-9fe5-ba44122dba8e}</UniqueIdentifier>
    </Filter>
    <Filter Include="3rd\rg-etc1">
      <UniqueIdentifier>{cb48110f-03ad-4718-bf39-f80e8c9dd423}</UniqueIdentifier>
    </Filter>
  </ItemGroup>
  <ItemGroup>
    <ClCompile Include="..\..\..\thirdparty\gimg\gimg_bmp.c">
      <Filter>formats</Filter>
    </ClCompile>
    <ClCompile Include="..\..\..\thirdparty\gimg\gimg_etc1.c">
      <Filter>formats</Filter>
    </ClCompile>
    <ClCompile Include="..\..\..\thirdparty\gimg\gimg_etc2.c">
      <Filter>formats</Filter>
    </ClCompile>
    <ClCompile Include="..\..\..\thirdparty\gimg\gimg_jpg.c">
      <Filter>formats</Filter>
    </ClCompile>
    <ClCompile Include="..\..\..\thirdparty\gimg\gimg_png.c">
      <Filter>formats</Filter>
    </ClCompile>
    <ClCompile Include="..\..\..\thirdparty\gimg\gimg_ppm.c">
      <Filter>formats</Filter>
    </ClCompile>
    <ClCompile Include="..\..\..\thirdparty\gimg\gimg_pvr.c">
      <Filter>formats</Filter>
    </ClCompile>
    <ClCompile Include="..\..\..\thirdparty\gimg\gimg_export.c">
      <Filter>io</Filter>
    </ClCompile>
    <ClCompile Include="..\..\..\thirdparty\gimg\gimg_import.c">
      <Filter>io</Filter>
    </ClCompile>
    <ClCompile Include="..\..\..\thirdparty\gimg\gimg_utility.c" />
    <ClCompile Include="..\..\..\thirdparty\gimg\gimg_dds.c">
      <Filter>formats</Filter>
    </ClCompile>
    <ClCompile Include="..\..\..\thirdparty\gimg\gimg_tga.c">
      <Filter>formats</Filter>
    </ClCompile>
    <ClCompile Include="..\..\..\thirdparty\gimg\gimg_rg_etc1.cpp">
      <Filter>3rd\rg-etc1</Filter>
    </ClCompile>
    <ClCompile Include="..\..\..\thirdparty\gimg\gimg_etcpack.cpp">
      <Filter>3rd\etcpack</Filter>
    </ClCompile>
  </ItemGroup>
  <ItemGroup>
    <ClInclude Include="..\..\..\thirdparty\gimg\gimg_bmp.h">
      <Filter>formats</Filter>
    </ClInclude>
    <ClInclude Include="..\..\..\thirdparty\gimg\gimg_etc1.h">
      <Filter>formats</Filter>
    </ClInclude>
    <ClInclude Include="..\..\..\thirdparty\gimg\gimg_etc2.h">
      <Filter>formats</Filter>
    </ClInclude>
    <ClInclude Include="..\..\..\thirdparty\gimg\gimg_jpg.h">
      <Filter>formats</Filter>
    </ClInclude>
    <ClInclude Include="..\..\..\thirdparty\gimg\gimg_math.h">
      <Filter>formats</Filter>
    </ClInclude>
    <ClInclude Include="..\..\..\thirdparty\gimg\gimg_png.h">
      <Filter>formats</Filter>
    </ClInclude>
    <ClInclude Include="..\..\..\thirdparty\gimg\gimg_ppm.h">
      <Filter>formats</Filter>
    </ClInclude>
    <ClInclude Include="..\..\..\thirdparty\gimg\gimg_pvr.h">
      <Filter>formats</Filter>
    </ClInclude>
    <ClInclude Include="..\..\..\thirdparty\gimg\gimg_export.h">
      <Filter>io</Filter>
    </ClInclude>
    <ClInclude Include="..\..\..\thirdparty\gimg\gimg_import.h">
      <Filter>io</Filter>
    </ClInclude>
    <ClInclude Include="..\..\..\thirdparty\gimg\gimg_typedef.h" />
    <ClInclude Include="..\..\..\thirdparty\gimg\gimg_utility.h" />
    <ClInclude Include="..\..\..\thirdparty\gimg\gimg_dds.h">
      <Filter>formats</Filter>
    </ClInclude>
    <ClInclude Include="..\..\..\thirdparty\gimg\gimg_tga.h">
      <Filter>formats</Filter>
    </ClInclude>
    <ClInclude Include="..\..\..\thirdparty\gimg\gimg_rg_etc1.h">
      <Filter>3rd\rg-etc1</Filter>
    </ClInclude>
    <ClInclude Include="..\..\..\thirdparty\gimg\gimg_etcpack.h">
      <Filter>3rd\etcpack</Filter>
    </ClInclude>
  </ItemGroup>
</Project>