<?xml version="1.0" encoding="utf-8"?>
<Project ToolsVersion="4.0" xmlns="http://schemas.microsoft.com/developer/msbuild/2003">
  <ItemGroup>
    <Filter Include="vector">
      <UniqueIdentifier>{eadb1ec3-5342-4f6d-a045-0cc5cd3a39c3}</UniqueIdentifier>
    </Filter>
    <Filter Include="matrix">
      <UniqueIdentifier>{b1307a10-fc3a-4086-b079-82dc841aeab9}</UniqueIdentifier>
    </Filter>
    <Filter Include="quaternion">
      <UniqueIdentifier>{b57f94a8-cbf8-41d3-9bc9-b69dbc7df45d}</UniqueIdentifier>
    </Filter>
    <Filter Include="math">
      <UniqueIdentifier>{7ab6f872-51dd-46fe-8355-929c6d33fe51}</UniqueIdentifier>
    </Filter>
    <Filter Include="utility">
      <UniqueIdentifier>{b6f714a5-ce7c-4153-a555-1ad07b3ed27f}</UniqueIdentifier>
    </Filter>
    <Filter Include="complex">
      <UniqueIdentifier>{4cde5083-861a-4813-bcf1-5f93fc5619bc}</UniqueIdentifier>
    </Filter>
    <Filter Include="complex\plane">
      <UniqueIdentifier>{94af6f74-ffc9-4054-bf14-12a3afef07c0}</UniqueIdentifier>
    </Filter>
    <Filter Include="algorithms">
      <UniqueIdentifier>{0d29e445-bc3a-4701-b6f1-65162003b27c}</UniqueIdentifier>
    </Filter>
    <Filter Include="complex\bounding">
      <UniqueIdentifier>{3cdf295c-f706-4124-bd1b-fcaf302f577e}</UniqueIdentifier>
    </Filter>
    <Filter Include="complex\ray">
      <UniqueIdentifier>{b862ed5e-fba1-4816-9b77-e5532e29761c}</UniqueIdentifier>
    </Filter>
    <Filter Include="external">
      <UniqueIdentifier>{b20ebd15-adb9-4022-9559-2513a40e4992}</UniqueIdentifier>
    </Filter>
    <Filter Include="external\triangle">
      <UniqueIdentifier>{f4235de4-2a10-48fb-8d78-560a7c306f17}</UniqueIdentifier>
    </Filter>
    <Filter Include="external\CavalierContours">
      <UniqueIdentifier>{833f5946-8fef-49dc-8e11-3618cc913dfc}</UniqueIdentifier>
    </Filter>
    <Filter Include="external\clipper">
      <UniqueIdentifier>{208dc459-f0f3-432c-a5ee-7aec9fc4fa5a}</UniqueIdentifier>
    </Filter>
  </ItemGroup>
  <ItemGroup>
    <ClCompile Include="..\..\..\thirdparty\sm\sm_c_vector.cpp">
      <Filter>vector</Filter>
    </ClCompile>
    <ClCompile Include="..\..\..\thirdparty\sm\sm_c_matrix.cpp">
      <Filter>matrix</Filter>
    </ClCompile>
    <ClCompile Include="..\..\..\thirdparty\sm\SM_Matrix2D.cpp">
      <Filter>matrix</Filter>
    </ClCompile>
    <ClCompile Include="..\..\..\thirdparty\sm\sm_c_calc.cpp">
      <Filter>math</Filter>
    </ClCompile>
    <ClCompile Include="..\..\..\thirdparty\sm\SM_Test.cpp">
      <Filter>math</Filter>
    </ClCompile>
    <ClCompile Include="..\..\..\thirdparty\sm\SM_ConvexHull.cpp">
      <Filter>algorithms</Filter>
    </ClCompile>
    <ClCompile Include="..\..\..\thirdparty\sm\SM_CosineSmooth.cpp">
      <Filter>algorithms</Filter>
    </ClCompile>
    <ClCompile Include="..\..\..\thirdparty\sm\SM_DouglasPeucker.cpp">
      <Filter>algorithms</Filter>
    </ClCompile>
    <ClCompile Include="..\..\..\thirdparty\sm\SM_Triangulation.cpp">
      <Filter>algorithms</Filter>
    </ClCompile>
    <ClCompile Include="..\..\..\thirdparty\sm\SM_RayIntersect.cpp">
      <Filter>complex\ray</Filter>
    </ClCompile>
    <ClCompile Include="..\..\..\thirdparty\sm\external\triangle\triangle.cpp">
      <Filter>external\triangle</Filter>
    </ClCompile>
    <ClCompile Include="..\..\..\thirdparty\sm\SM_Calc.cpp">
      <Filter>math</Filter>
    </ClCompile>
    <ClCompile Include="..\..\..\thirdparty\sm\SM_Polyline.cpp">
      <Filter>algorithms</Filter>
    </ClCompile>
    <ClCompile Include="..\..\..\thirdparty\sm\SM_Polygon.cpp">
      <Filter>algorithms</Filter>
    </ClCompile>
    <ClCompile Include="..\..\..\thirdparty\sm\external\clipper\clipper\clipper.cpp">
      <Filter>external\clipper</Filter>
    </ClCompile>
  </ItemGroup>
  <ItemGroup>
    <ClInclude Include="..\..\..\thirdparty\sm\sm_c_vector.h">
      <Filter>vector</Filter>
    </ClInclude>
    <ClInclude Include="..\..\..\thirdparty\sm\SM_Vector.h">
      <Filter>vector</Filter>
    </ClInclude>
    <ClInclude Include="..\..\..\thirdparty\sm\sm_c_matrix.h">
      <Filter>matrix</Filter>
    </ClInclude>
    <ClInclude Include="..\..\..\thirdparty\sm\SM_Matrix.h">
      <Filter>matrix</Filter>
    </ClInclude>
    <ClInclude Include="..\..\..\thirdparty\sm\SM_Matrix2D.h">
      <Filter>matrix</Filter>
    </ClInclude>
    <ClInclude Include="..\..\..\thirdparty\sm\SM_Quaternion.h">
      <Filter>quaternion</Filter>
    </ClInclude>
    <ClInclude Include="..\..\..\thirdparty\sm\sm_c_calc.h">
      <Filter>math</Filter>
    </ClInclude>
    <ClInclude Include="..\..\..\thirdparty\sm\SM_Calc.h">
      <Filter>math</Filter>
    </ClInclude>
    <ClInclude Include="..\..\..\thirdparty\sm\SM_Ease.h">
      <Filter>math</Filter>
    </ClInclude>
    <ClInclude Include="..\..\..\thirdparty\sm\SM_Math.h">
      <Filter>math</Filter>
    </ClInclude>
    <ClInclude Include="..\..\..\thirdparty\sm\SM_Process.h">
      <Filter>math</Filter>
    </ClInclude>
    <ClInclude Include="..\..\..\thirdparty\sm\SM_Test.h">
      <Filter>math</Filter>
    </ClInclude>
    <ClInclude Include="..\..\..\thirdparty\sm\external\sm_config.h">
      <Filter>utility</Filter>
    </ClInclude>
    <ClInclude Include="..\..\..\thirdparty\sm\sm_const.h">
      <Filter>utility</Filter>
    </ClInclude>
    <ClInclude Include="..\..\..\thirdparty\sm\SM_Plane.h">
      <Filter>complex\plane</Filter>
    </ClInclude>
    <ClInclude Include="..\..\..\thirdparty\sm\SM_ConvexHull.h">
      <Filter>algorithms</Filter>
    </ClInclude>
    <ClInclude Include="..\..\..\thirdparty\sm\SM_CosineSmooth.h">
      <Filter>algorithms</Filter>
    </ClInclude>
    <ClInclude Include="..\..\..\thirdparty\sm\SM_DouglasPeucker.h">
      <Filter>algorithms</Filter>
    </ClInclude>
    <ClInclude Include="..\..\..\thirdparty\sm\SM_Triangulation.h">
      <Filter>algorithms</Filter>
    </ClInclude>
    <ClInclude Include="..\..\..\thirdparty\sm\SM_Rect.h">
      <Filter>complex\bounding</Filter>
    </ClInclude>
    <ClInclude Include="..\..\..\thirdparty\sm\SM_Cube.h">
      <Filter>complex\bounding</Filter>
    </ClInclude>
    <ClInclude Include="..\..\..\thirdparty\sm\SM_Ray.h">
      <Filter>complex\ray</Filter>
    </ClInclude>
    <ClInclude Include="..\..\..\thirdparty\sm\SM_RayIntersect.h">
      <Filter>complex\ray</Filter>
    </ClInclude>
    <ClInclude Include="..\..\..\thirdparty\sm\external\triangle\triangle.h">
      <Filter>external\triangle</Filter>
    </ClInclude>
    <ClInclude Include="..\..\..\thirdparty\sm\external\CavalierContours\include\cavc\intrcircle2circle2.hpp">
      <Filter>external\CavalierContours</Filter>
    </ClInclude>
    <ClInclude Include="..\..\..\thirdparty\sm\external\CavalierContours\include\cavc\intrlineseg2circle2.hpp">
      <Filter>external\CavalierContours</Filter>
    </ClInclude>
    <ClInclude Include="..\..\..\thirdparty\sm\external\CavalierContours\include\cavc\intrlineseg2lineseg2.hpp">
      <Filter>external\CavalierContours</Filter>
    </ClInclude>
    <ClInclude Include="..\..\..\thirdparty\sm\external\CavalierContours\include\cavc\mathutils.hpp">
      <Filter>external\CavalierContours</Filter>
    </ClInclude>
    <ClInclude Include="..\..\..\thirdparty\sm\external\CavalierContours\include\cavc\plinesegment.hpp">
      <Filter>external\CavalierContours</Filter>
    </ClInclude>
    <ClInclude Include="..\..\..\thirdparty\sm\external\CavalierContours\include\cavc\polyline.hpp">
      <Filter>external\CavalierContours</Filter>
    </ClInclude>
    <ClInclude Include="..\..\..\thirdparty\sm\external\CavalierContours\include\cavc\polylinecombine.hpp">
      <Filter>external\CavalierContours</Filter>
    </ClInclude>
    <ClInclude Include="..\..\..\thirdparty\sm\external\CavalierContours\include\cavc\polylineintersects.hpp">
      <Filter>external\CavalierContours</Filter>
    </ClInclude>
    <ClInclude Include="..\..\..\thirdparty\sm\external\CavalierContours\include\cavc\polylineoffset.hpp">
      <Filter>external\CavalierContours</Filter>
    </ClInclude>
    <ClInclude Include="..\..\..\thirdparty\sm\external\CavalierContours\include\cavc\polylineoffsetislands.hpp">
      <Filter>external\CavalierContours</Filter>
    </ClInclude>
    <ClInclude Include="..\..\..\thirdparty\sm\external\CavalierContours\include\cavc\staticspatialindex.hpp">
      <Filter>external\CavalierContours</Filter>
    </ClInclude>
    <ClInclude Include="..\..\..\thirdparty\sm\external\CavalierContours\include\cavc\vector.hpp">
      <Filter>external\CavalierContours</Filter>
    </ClInclude>
    <ClInclude Include="..\..\..\thirdparty\sm\external\CavalierContours\include\cavc\vector2.hpp">
      <Filter>external\CavalierContours</Filter>
    </ClInclude>
    <ClInclude Include="..\..\..\thirdparty\sm\SM_Polyline.h">
      <Filter>algorithms</Filter>
    </ClInclude>
    <ClInclude Include="..\..\..\thirdparty\sm\SM_Polygon.h">
      <Filter>algorithms</Filter>
    </ClInclude>
    <ClInclude Include="..\..\..\thirdparty\sm\external\clipper\clipper\clipper.hpp">
      <Filter>external\clipper</Filter>
    </ClInclude>
    <ClInclude Include="..\..\..\thirdparty\sm\external\clipper\clipper\clipper_export.hpp">
      <Filter>external\clipper</Filter>
    </ClInclude>
  </ItemGroup>
  <ItemGroup>
    <None Include="..\..\..\thirdparty\sm\SM_Vector.inl">
      <Filter>vector</Filter>
    </None>
    <None Include="..\..\..\thirdparty\sm\SM_Matrix.inl">
      <Filter>matrix</Filter>
    </None>
    <None Include="..\..\..\thirdparty\sm\SM_Matrix2D.inl">
      <Filter>matrix</Filter>
    </None>
    <None Include="..\..\..\thirdparty\sm\SM_Quaternion.inl">
      <Filter>quaternion</Filter>
    </None>
    <None Include="..\..\..\thirdparty\sm\SM_Calc.inl">
      <Filter>math</Filter>
    </None>
    <None Include="..\..\..\thirdparty\sm\SM_Math.inl">
      <Filter>math</Filter>
    </None>
    <None Include="..\..\..\thirdparty\sm\SM_Process.inl">
      <Filter>math</Filter>
    </None>
    <None Include="..\..\..\thirdparty\sm\SM_Test.inl">
      <Filter>math</Filter>
    </None>
    <None Include="..\..\..\thirdparty\sm\SM_Plane.inl">
      <Filter>complex\plane</Filter>
    </None>
    <None Include="..\..\..\thirdparty\sm\SM_Rect.inl">
      <Filter>complex\bounding</Filter>
    </None>
    <None Include="..\..\..\thirdparty\sm\SM_Cube.inl">
      <Filter>complex\bounding</Filter>
    </None>
  </ItemGroup>
</Project>