<?xml version="1.0" encoding="utf-8"?>
<Project ToolsVersion="4.0" xmlns="http://schemas.microsoft.com/developer/msbuild/2003">
  <ItemGroup>
    <Filter Include="core">
      <UniqueIdentifier>{afb4fac7-679a-4e6e-812f-398538518f3a}</UniqueIdentifier>
    </Filter>
    <Filter Include="modules">
      <UniqueIdentifier>{2fce8006-b524-411f-ad6a-d5fdc080dfe1}</UniqueIdentifier>
    </Filter>
    <Filter Include="modules\graphics">
      <UniqueIdentifier>{c38e6d0f-f3d0-4a4b-8c4b-a0d341074294}</UniqueIdentifier>
    </Filter>
    <Filter Include="modules\render">
      <UniqueIdentifier>{0250b782-7c04-4804-8339-e31f141703f9}</UniqueIdentifier>
    </Filter>
    <Filter Include="modules\maths">
      <UniqueIdentifier>{8aaa7329-0917-4cc8-b847-b6a39eda8298}</UniqueIdentifier>
    </Filter>
    <Filter Include="modules\script">
      <UniqueIdentifier>{24b51efa-02aa-4959-ac48-83e88d7fdfcc}</UniqueIdentifier>
    </Filter>
    <Filter Include="modules\filesystem">
      <UniqueIdentifier>{9f4f1dc8-cb5b-4b9b-89b7-ab5d11e269ef}</UniqueIdentifier>
    </Filter>
    <Filter Include="modules\geometry">
      <UniqueIdentifier>{1f9163b7-92b9-403f-a770-730d55791b19}</UniqueIdentifier>
    </Filter>
    <Filter Include="modules\gui">
      <UniqueIdentifier>{623e8a76-0527-4d2a-9d70-fe2d2ee33e3c}</UniqueIdentifier>
    </Filter>
    <Filter Include="modules\image">
      <UniqueIdentifier>{da65a659-25e7-4b0c-a7ae-188300d1cbe2}</UniqueIdentifier>
    </Filter>
    <Filter Include="modules\model">
      <UniqueIdentifier>{a3cb1f64-be2d-4f94-8e51-1bf19f3525a9}</UniqueIdentifier>
    </Filter>
    <Filter Include="modules\system">
      <UniqueIdentifier>{55bccad3-0184-4d62-a684-11059ce220bb}</UniqueIdentifier>
    </Filter>
    <Filter Include="modules\shader">
      <UniqueIdentifier>{333faeaf-f682-4db3-a0fa-b57bebb0b915}</UniqueIdentifier>
    </Filter>
    <Filter Include="include">
      <UniqueIdentifier>{b6b6b426-9eea-453b-a94d-0feb26cf9785}</UniqueIdentifier>
    </Filter>
    <Filter Include="modules\physics">
      <UniqueIdentifier>{1182a20d-bd99-497c-9055-ba72d0514e8c}</UniqueIdentifier>
    </Filter>
    <Filter Include="modules\io">
      <UniqueIdentifier>{28b6af5b-cb43-44c5-9bd7-3219d2464ef3}</UniqueIdentifier>
    </Filter>
    <Filter Include="modules\citygen">
      <UniqueIdentifier>{0be9b4cb-4a0d-4fe0-bdcb-c565c6297b8b}</UniqueIdentifier>
    </Filter>
  </ItemGroup>
  <ItemGroup>
    <ClCompile Include="..\..\..\src\modules\graphics\Graphics.cpp">
      <Filter>modules\graphics</Filter>
    </ClCompile>
    <ClCompile Include="..\..\..\src\modules\graphics\SpriteRenderer.cpp">
      <Filter>modules\graphics</Filter>
    </ClCompile>
    <ClCompile Include="..\..\..\src\modules\script\TransHelper.cpp">
      <Filter>modules\script</Filter>
    </ClCompile>
    <ClCompile Include="..\..\..\src\modules\graphics\GTxt.cpp">
      <Filter>modules\graphics</Filter>
    </ClCompile>
    <ClCompile Include="..\..\..\src\modules\graphics\wrap_Graphics.cpp">
      <Filter>modules\graphics</Filter>
    </ClCompile>
    <ClCompile Include="..\..\..\src\modules\maths\wrap_Maths.cpp">
      <Filter>modules\maths</Filter>
    </ClCompile>
    <ClCompile Include="..\..\..\src\modules\render\wrap_Render.cpp">
      <Filter>modules\render</Filter>
    </ClCompile>
    <ClCompile Include="..\..\..\src\modules\render\Render.cpp">
      <Filter>modules\render</Filter>
    </ClCompile>
    <ClCompile Include="..\..\..\src\modules\graphics\DTex.cpp">
      <Filter>modules\graphics</Filter>
    </ClCompile>
    <ClCompile Include="..\..\..\src\modules\filesystem\ResourceUID.cpp">
      <Filter>modules\filesystem</Filter>
    </ClCompile>
    <ClCompile Include="..\..\..\src\modules\graphics\LoadingList.cpp">
      <Filter>modules\graphics</Filter>
    </ClCompile>
    <ClCompile Include="..\..\..\src\modules\geometry\wrap_Geometry.cpp">
      <Filter>modules\geometry</Filter>
    </ClCompile>
    <ClCompile Include="..\..\..\src\modules\gui\GUI.cpp">
      <Filter>modules\gui</Filter>
    </ClCompile>
    <ClCompile Include="..\..\..\src\modules\gui\wrap_GUI.cpp">
      <Filter>modules\gui</Filter>
    </ClCompile>
    <ClCompile Include="..\..\..\src\modules\image\wrap_Image.cpp">
      <Filter>modules\image</Filter>
    </ClCompile>
    <ClCompile Include="..\..\..\src\modules\filesystem\Filesystem.cpp">
      <Filter>modules\filesystem</Filter>
    </ClCompile>
    <ClCompile Include="..\..\..\src\modules\filesystem\wrap_Filesystem.cpp">
      <Filter>modules\filesystem</Filter>
    </ClCompile>
    <ClCompile Include="..\..\..\src\modules\model\wrap_Model.cpp">
      <Filter>modules\model</Filter>
    </ClCompile>
    <ClCompile Include="..\..\..\src\modules\model\Model.cpp">
      <Filter>modules\model</Filter>
    </ClCompile>
    <ClCompile Include="..\..\..\src\modules\system\wrap_System.cpp">
      <Filter>modules\system</Filter>
    </ClCompile>
    <ClCompile Include="..\..\..\src\modules\system\System.cpp">
      <Filter>modules\system</Filter>
    </ClCompile>
    <ClCompile Include="..\..\..\src\modules\maths\float16.cpp">
      <Filter>modules\maths</Filter>
    </ClCompile>
    <ClCompile Include="..\..\..\src\modules\shader\wrap_Shader.cpp">
      <Filter>modules\shader</Filter>
    </ClCompile>
    <ClCompile Include="..\..\..\include\tantien.cpp">
      <Filter>include</Filter>
    </ClCompile>
    <ClCompile Include="..\..\..\src\modules\physics\wrap_Physics.cpp">
      <Filter>modules\physics</Filter>
    </ClCompile>
    <ClCompile Include="..\..\..\src\modules\physics\Physics.cpp">
      <Filter>modules\physics</Filter>
    </ClCompile>
    <ClCompile Include="..\..\..\src\modules\io\Keyboard.cpp">
      <Filter>modules\io</Filter>
    </ClCompile>
    <ClCompile Include="..\..\..\src\modules\io\wrap_Keyboard.cpp">
      <Filter>modules\io</Filter>
    </ClCompile>
    <ClCompile Include="..\..\..\src\modules\graphics\Viewport.cpp">
      <Filter>modules\graphics</Filter>
    </ClCompile>
    <ClCompile Include="..\..\..\src\modules\geometry\TopoPolyAdapter.cpp">
      <Filter>modules\geometry</Filter>
    </ClCompile>
    <ClCompile Include="..\..\..\..\littleworld\citygen\Network.cpp">
      <Filter>modules\citygen</Filter>
    </ClCompile>
    <ClCompile Include="..\..\..\..\littleworld\citygen\TensorField.cpp">
      <Filter>modules\citygen</Filter>
    </ClCompile>
    <ClCompile Include="..\..\..\..\littleworld\citygen\wrap_CityGen.cpp">
      <Filter>modules\citygen</Filter>
    </ClCompile>
  </ItemGroup>
  <ItemGroup>
    <ClInclude Include="..\..\..\src\modules\graphics\Graphics.h">
      <Filter>modules\graphics</Filter>
    </ClInclude>
    <ClInclude Include="..\..\..\src\modules\graphics\RenderBuffer.h">
      <Filter>modules\graphics</Filter>
    </ClInclude>
    <ClInclude Include="..\..\..\src\modules\graphics\SpriteRenderer.h">
      <Filter>modules\graphics</Filter>
    </ClInclude>
    <ClInclude Include="..\..\..\src\core\macro.h">
      <Filter>core</Filter>
    </ClInclude>
    <ClInclude Include="..\..\..\src\modules\script\TransHelper.h">
      <Filter>modules\script</Filter>
    </ClInclude>
    <ClInclude Include="..\..\..\src\modules\graphics\GTxt.h">
      <Filter>modules\graphics</Filter>
    </ClInclude>
    <ClInclude Include="..\..\..\src\modules\graphics\wrap_Graphics.h">
      <Filter>modules\graphics</Filter>
    </ClInclude>
    <ClInclude Include="..\..\..\src\modules\maths\wrap_Maths.h">
      <Filter>modules\maths</Filter>
    </ClInclude>
    <ClInclude Include="..\..\..\src\modules\render\wrap_Render.h">
      <Filter>modules\render</Filter>
    </ClInclude>
    <ClInclude Include="..\..\..\src\modules\render\Render.h">
      <Filter>modules\render</Filter>
    </ClInclude>
    <ClInclude Include="..\..\..\src\modules\graphics\DTex.h">
      <Filter>modules\graphics</Filter>
    </ClInclude>
    <ClInclude Include="..\..\..\src\modules\filesystem\ResourceUID.h">
      <Filter>modules\filesystem</Filter>
    </ClInclude>
    <ClInclude Include="..\..\..\src\modules\graphics\LoadingList.h">
      <Filter>modules\graphics</Filter>
    </ClInclude>
    <ClInclude Include="..\..\..\src\modules\geometry\wrap_Geometry.h">
      <Filter>modules\geometry</Filter>
    </ClInclude>
    <ClInclude Include="..\..\..\src\modules\gui\GUI.h">
      <Filter>modules\gui</Filter>
    </ClInclude>
    <ClInclude Include="..\..\..\src\modules\gui\wrap_GUI.h">
      <Filter>modules\gui</Filter>
    </ClInclude>
    <ClInclude Include="..\..\..\src\modules\image\wrap_Image.h">
      <Filter>modules\image</Filter>
    </ClInclude>
    <ClInclude Include="..\..\..\src\modules\image\ImageData.h">
      <Filter>modules\image</Filter>
    </ClInclude>
    <ClInclude Include="..\..\..\src\modules\filesystem\Filesystem.h">
      <Filter>modules\filesystem</Filter>
    </ClInclude>
    <ClInclude Include="..\..\..\src\modules\filesystem\wrap_Filesystem.h">
      <Filter>modules\filesystem</Filter>
    </ClInclude>
    <ClInclude Include="..\..\..\src\modules\model\wrap_Model.h">
      <Filter>modules\model</Filter>
    </ClInclude>
    <ClInclude Include="..\..\..\src\modules\model\Model.h">
      <Filter>modules\model</Filter>
    </ClInclude>
    <ClInclude Include="..\..\..\src\modules\script\Proxy.h">
      <Filter>modules\script</Filter>
    </ClInclude>
    <ClInclude Include="..\..\..\src\modules\system\wrap_System.h">
      <Filter>modules\system</Filter>
    </ClInclude>
    <ClInclude Include="..\..\..\src\modules\system\System.h">
      <Filter>modules\system</Filter>
    </ClInclude>
    <ClInclude Include="..\..\..\src\modules\maths\float16.h">
      <Filter>modules\maths</Filter>
    </ClInclude>
    <ClInclude Include="..\..\..\src\modules\shader\wrap_Shader.h">
      <Filter>modules\shader</Filter>
    </ClInclude>
    <ClInclude Include="..\..\..\include\tantien.h">
      <Filter>include</Filter>
    </ClInclude>
    <ClInclude Include="..\..\..\src\modules\physics\wrap_Physics.h">
      <Filter>modules\physics</Filter>
    </ClInclude>
    <ClInclude Include="..\..\..\src\modules\physics\Physics.h">
      <Filter>modules\physics</Filter>
    </ClInclude>
    <ClInclude Include="..\..\..\src\modules\io\Keyboard.h">
      <Filter>modules\io</Filter>
    </ClInclude>
    <ClInclude Include="..\..\..\src\modules\io\wrap_Keyboard.h">
      <Filter>modules\io</Filter>
    </ClInclude>
    <ClInclude Include="..\..\..\src\modules\graphics\Viewport.h">
      <Filter>modules\graphics</Filter>
    </ClInclude>
    <ClInclude Include="..\..\..\src\modules\geometry\TopoPolyAdapter.h">
      <Filter>modules\geometry</Filter>
    </ClInclude>
    <ClInclude Include="..\..\..\..\littleworld\citygen\Network.h">
      <Filter>modules\citygen</Filter>
    </ClInclude>
    <ClInclude Include="..\..\..\..\littleworld\citygen\TensorField.h">
      <Filter>modules\citygen</Filter>
    </ClInclude>
    <ClInclude Include="..\..\..\..\littleworld\citygen\wrap_CityGen.h">
      <Filter>modules\citygen</Filter>
    </ClInclude>
  </ItemGroup>
  <ItemGroup>
    <None Include="..\..\..\src\modules\render\render.ves.inc">
      <Filter>modules\render</Filter>
    </None>
    <None Include="..\..\..\src\modules\graphics\graphics.ves.inc">
      <Filter>modules\graphics</Filter>
    </None>
    <None Include="..\..\..\src\modules\maths\maths.ves.inc">
      <Filter>modules\maths</Filter>
    </None>
    <None Include="..\..\..\src\modules\geometry\geometry.ves.inc">
      <Filter>modules\geometry</Filter>
    </None>
    <None Include="..\..\..\src\modules\gui\gui.ves.inc">
      <Filter>modules\gui</Filter>
    </None>
    <None Include="..\..\..\src\modules\image\image.ves.inc">
      <Filter>modules\image</Filter>
    </None>
    <None Include="..\..\..\src\modules\filesystem\filesystem.ves.inc">
      <Filter>modules\filesystem</Filter>
    </None>
    <None Include="..\..\..\src\modules\model\model.ves.inc">
      <Filter>modules\model</Filter>
    </None>
    <None Include="..\..\..\src\modules\system\system.ves.inc">
      <Filter>modules\system</Filter>
    </None>
    <None Include="..\..\..\src\modules\shader\shader.ves.inc">
      <Filter>modules\shader</Filter>
    </None>
    <None Include="..\..\..\src\modules\physics\physics.ves.inc">
      <Filter>modules\physics</Filter>
    </None>
    <None Include="..\..\..\src\modules\io\keyboard.ves.inc">
      <Filter>modules\io</Filter>
    </None>
    <None Include="..\..\..\..\littleworld\citygen\citygen.ves.inc">
      <Filter>modules\citygen</Filter>
    </None>
  </ItemGroup>
</Project>