<?xml version="1.0" encoding="utf-8"?>
<Project ToolsVersion="4.0" xmlns="http://schemas.microsoft.com/developer/msbuild/2003">
  <ItemGroup>
    <Filter Include="core">
      <UniqueIdentifier>{afb4fac7-679a-4e6e-812f-398538518f3a}</UniqueIdentifier>
    </Filter>
    <Filter Include="modules">
      <UniqueIdentifier>{2fce8006-b524-411f-ad6a-d5fdc080dfe1}</UniqueIdentifier>
    </Filter>
    <Filter Include="modules\graphics">
      <UniqueIdentifier>{c38e6d0f-f3d0-4a4b-8c4b-a0d341074294}</UniqueIdentifier>
    </Filter>
    <Filter Include="modules\render">
      <UniqueIdentifier>{0250b782-7c04-4804-8339-e31f141703f9}</UniqueIdentifier>
    </Filter>
    <Filter Include="modules\maths">
      <UniqueIdentifier>{8aaa7329-0917-4cc8-b847-b6a39eda8298}</UniqueIdentifier>
    </Filter>
    <Filter Include="modules\script">
      <UniqueIdentifier>{24b51efa-02aa-4959-ac48-83e88d7fdfcc}</UniqueIdentifier>
    </Filter>
    <Filter Include="modules\filesystem">
      <UniqueIdentifier>{9f4f1dc8-cb5b-4b9b-89b7-ab5d11e269ef}</UniqueIdentifier>
    </Filter>
    <Filter Include="modules\geometry">
      <UniqueIdentifier>{1f9163b7-92b9-403f-a770-730d55791b19}</UniqueIdentifier>
    </Filter>
    <Filter Include="modules\gui">
      <UniqueIdentifier>{623e8a76-0527-4d2a-9d70-fe2d2ee33e3c}</UniqueIdentifier>
    </Filter>
    <Filter Include="modules\image">
      <UniqueIdentifier>{da65a659-25e7-4b0c-a7ae-188300d1cbe2}</UniqueIdentifier>
    </Filter>
    <Filter Include="modules\model">
      <UniqueIdentifier>{a3cb1f64-be2d-4f94-8e51-1bf19f3525a9}</UniqueIdentifier>
    </Filter>
    <Filter Include="modules\system">
      <UniqueIdentifier>{55bccad3-0184-4d62-a684-11059ce220bb}</UniqueIdentifier>
    </Filter>
    <Filter Include="modules\shader">
      <UniqueIdentifier>{333faeaf-f682-4db3-a0fa-b57bebb0b915}</UniqueIdentifier>
    </Filter>
    <Filter Include="include">
      <UniqueIdentifier>{b6b6b426-9eea-453b-a94d-0feb26cf9785}</UniqueIdentifier>
    </Filter>
    <Filter Include="modules\physics">
      <UniqueIdentifier>{1182a20d-bd99-497c-9055-ba72d0514e8c}</UniqueIdentifier>
    </Filter>
    <Filter Include="modules\io">
      <UniqueIdentifier>{28b6af5b-cb43-44c5-9bd7-3219d2464ef3}</UniqueIdentifier>
    </Filter>
    <Filter Include="modules\3rd">
      <UniqueIdentifier>{92ca0e23-07c8-46b8-8979-e6d4e6ea56ac}</UniqueIdentifier>
    </Filter>
    <Filter Include="modules\3rd\cax">
      <UniqueIdentifier>{b816bfd1-4615-4946-864a-49965128c14c}</UniqueIdentifier>
    </Filter>
    <Filter Include="modules\3rd\cax\nurbslib">
      <UniqueIdentifier>{312ce253-6dd6-4ab2-b0b4-663e34d0b902}</UniqueIdentifier>
    </Filter>
    <Filter Include="modules\3rd\cax\partgraph">
      <UniqueIdentifier>{d5e40e5d-9fb4-44ce-abc8-877e5a271c6b}</UniqueIdentifier>
    </Filter>
    <Filter Include="modules\3rd\cax\partgraph\script">
      <UniqueIdentifier>{01702a1c-7044-48c5-a445-3ddd2354748f}</UniqueIdentifier>
    </Filter>
    <Filter Include="modules\3rd\cax\sketchlib">
      <UniqueIdentifier>{5e5f9f80-246b-4e81-be03-ae2b4ea400e7}</UniqueIdentifier>
    </Filter>
    <Filter Include="modules\3rd\cax\sketchlib\external">
      <UniqueIdentifier>{5ae758fb-660d-4587-9387-1ded7cf951bc}</UniqueIdentifier>
    </Filter>
    <Filter Include="modules\3rd\cax\sketchlib\external\PlaneGCS">
      <UniqueIdentifier>{4e0dc358-7d75-4d7c-a0ed-be965505690e}</UniqueIdentifier>
    </Filter>
    <Filter Include="modules\3rd\cax\sketchlib\script">
      <UniqueIdentifier>{74f19fdb-b59a-4c35-b08d-4630b933ec65}</UniqueIdentifier>
    </Filter>
    <Filter Include="modules\3rd\cax\sketchlib\data">
      <UniqueIdentifier>{8d3d45b4-c2fa-4fcf-b666-c8eb9f8e12dc}</UniqueIdentifier>
    </Filter>
    <Filter Include="modules\3rd\test">
      <UniqueIdentifier>{c5c85cbb-5769-4458-a32f-440f7e3c953e}</UniqueIdentifier>
    </Filter>
    <Filter Include="modules\3rd\world">
      <UniqueIdentifier>{b6e5fd95-6b00-4894-b39b-16c3598b73b1}</UniqueIdentifier>
    </Filter>
    <Filter Include="modules\3rd\world\archgen">
      <UniqueIdentifier>{b9c5278d-6a49-492a-91ef-a1562415bf3f}</UniqueIdentifier>
    </Filter>
    <Filter Include="modules\3rd\world\archgen\script">
      <UniqueIdentifier>{3547d074-065f-47fc-9a56-bde429e0f20c}</UniqueIdentifier>
    </Filter>
    <Filter Include="modules\3rd\world\archgen\roof">
      <UniqueIdentifier>{e22cc5ca-c396-4a2f-bab4-92c036da60c0}</UniqueIdentifier>
    </Filter>
    <Filter Include="modules\3rd\world\archgen\mesh">
      <UniqueIdentifier>{9f2a5557-01a0-459f-9fe5-3dcfca142be3}</UniqueIdentifier>
    </Filter>
    <Filter Include="modules\3rd\world\archgen\tools">
      <UniqueIdentifier>{22f4899d-876a-49d5-9eea-6ae073ae515a}</UniqueIdentifier>
    </Filter>
    <Filter Include="modules\3rd\world\citygen">
      <UniqueIdentifier>{0be9b4cb-4a0d-4fe0-bdcb-c565c6297b8b}</UniqueIdentifier>
    </Filter>
    <Filter Include="modules\3rd\world\citygen\script">
      <UniqueIdentifier>{ffaf5369-594e-4d2d-a741-50ba27dc8d6c}</UniqueIdentifier>
    </Filter>
    <Filter Include="modules\3rd\world\citygen\tools">
      <UniqueIdentifier>{968174f7-32a8-45b9-adcc-62a4d950af76}</UniqueIdentifier>
    </Filter>
    <Filter Include="modules\3rd\world\citygen\algorithm">
      <UniqueIdentifier>{037c6818-cf4c-451a-98b2-ca069a3d7790}</UniqueIdentifier>
    </Filter>
    <Filter Include="modules\3rd\world\citygen\component">
      <UniqueIdentifier>{4af4d6e0-365d-4863-b9cf-a56f07d696a5}</UniqueIdentifier>
    </Filter>
    <Filter Include="modules\3rd\world\citygen\operation">
      <UniqueIdentifier>{21482b43-df08-4893-912f-303296c93287}</UniqueIdentifier>
    </Filter>
    <Filter Include="modules\3rd\world\globegen">
      <UniqueIdentifier>{a67ca00a-7b79-4faf-bd71-50fcf518a140}</UniqueIdentifier>
    </Filter>
    <Filter Include="modules\3rd\world\globegen\script">
      <UniqueIdentifier>{93efb4bd-0bee-4b0a-915c-cf4e124b91ef}</UniqueIdentifier>
    </Filter>
    <Filter Include="modules\3rd\world\globegen\graphics">
      <UniqueIdentifier>{3d4db48b-1b14-4083-856b-7763777d4441}</UniqueIdentifier>
    </Filter>
    <Filter Include="modules\3rd\world\globegen\vtex">
      <UniqueIdentifier>{3ed651ec-85b5-4cbc-b3d2-b8dda2cb62f5}</UniqueIdentifier>
    </Filter>
    <Filter Include="modules\3rd\analy">
      <UniqueIdentifier>{52b456b9-d608-429e-a634-0c8e62bf6e8f}</UniqueIdentifier>
    </Filter>
    <Filter Include="modules\3rd\analy\codegraph">
      <UniqueIdentifier>{2b1b3688-75d6-4b6b-bf83-39e4ffe7a8f5}</UniqueIdentifier>
    </Filter>
    <Filter Include="modules\3rd\analy\codegraph\script">
      <UniqueIdentifier>{e246ce9e-19dd-47c8-9e8f-c25b821fe695}</UniqueIdentifier>
    </Filter>
    <Filter Include="modules\3rd\analy\codegraph\tools">
      <UniqueIdentifier>{17b35094-488c-458b-8aca-6c02aab137cb}</UniqueIdentifier>
    </Filter>
    <Filter Include="modules\3rd\analy\codegraph\cfg">
      <UniqueIdentifier>{5f597095-3f41-4d5e-af2a-c97367417074}</UniqueIdentifier>
    </Filter>
    <Filter Include="modules\3rd\analy\codegraph\ast">
      <UniqueIdentifier>{787842e4-d301-407b-a729-986457f38b0c}</UniqueIdentifier>
    </Filter>
    <Filter Include="modules\3rd\analy\loggraph">
      <UniqueIdentifier>{f0416104-9fcb-4d3f-afff-d93d2071bfcb}</UniqueIdentifier>
    </Filter>
    <Filter Include="modules\3rd\analy\loggraph\script">
      <UniqueIdentifier>{8253eef3-5449-4fe7-9fa2-c0f555ad5ea8}</UniqueIdentifier>
    </Filter>
    <Filter Include="modules\3rd\analy\loggraph\data">
      <UniqueIdentifier>{9a66c5dd-8e7d-4a84-9e17-19dc9ac57f97}</UniqueIdentifier>
    </Filter>
    <Filter Include="modules\3rd\analy\loggraph\edit">
      <UniqueIdentifier>{f2e6c970-6ebf-4930-bb09-3dc5b3e76d50}</UniqueIdentifier>
    </Filter>
    <Filter Include="modules\3rd\sim">
      <UniqueIdentifier>{d4ceb54a-a772-478c-824a-336c79e91208}</UniqueIdentifier>
    </Filter>
    <Filter Include="modules\3rd\sim\pathtracer">
      <UniqueIdentifier>{272b139c-24f1-4bf0-898d-02362575bda9}</UniqueIdentifier>
    </Filter>
    <Filter Include="modules\3rd\sim\pathtracer\script">
      <UniqueIdentifier>{3daacdbd-b036-45c2-8249-b461b4d22300}</UniqueIdentifier>
    </Filter>
    <Filter Include="modules\3rd\sim\pathtracer\comp">
      <UniqueIdentifier>{7fd41eee-3406-4efb-a62e-aeaedf9aa92b}</UniqueIdentifier>
    </Filter>
    <Filter Include="modules\3rd\sim\pathtracer\3rd">
      <UniqueIdentifier>{f8e69793-d973-46a2-90a0-d789c31a5015}</UniqueIdentifier>
    </Filter>
    <Filter Include="modules\3rd\sim\pathtracer\3rd\RadeonRays">
      <UniqueIdentifier>{dd53c8a2-4def-42e3-8406-d895a70a9b72}</UniqueIdentifier>
    </Filter>
    <Filter Include="modules\3rd\test\brepdb">
      <UniqueIdentifier>{9668cf80-cd83-47ce-90ef-7aaaad7434fa}</UniqueIdentifier>
    </Filter>
    <Filter Include="modules\3rd\test\brepdb\script">
      <UniqueIdentifier>{1f9b1182-2e44-47e8-a0ef-c88f995aa55b}</UniqueIdentifier>
    </Filter>
    <Filter Include="modules\3rd\test\brepdb\data">
      <UniqueIdentifier>{34b12a4d-bdcb-461b-a16e-a30c69f0693a}</UniqueIdentifier>
    </Filter>
    <Filter Include="modules\3rd\test\brepvm">
      <UniqueIdentifier>{26dc97e5-7cfa-47b3-b3f1-413f727659f5}</UniqueIdentifier>
    </Filter>
    <Filter Include="modules\3rd\test\brepvm\script">
      <UniqueIdentifier>{e35c2414-360b-4494-ac1e-9c9df012f32e}</UniqueIdentifier>
    </Filter>
    <Filter Include="modules\3rd\test\brepvm\vm">
      <UniqueIdentifier>{a645dfb9-1eeb-4b68-bf5f-a235718db544}</UniqueIdentifier>
    </Filter>
    <Filter Include="modules\3rd\test\brepvm\data">
      <UniqueIdentifier>{9f308ef5-35d6-448d-a9c5-d0c2df41f41f}</UniqueIdentifier>
    </Filter>
    <Filter Include="modules\3rd\analy\loggraph\parser">
      <UniqueIdentifier>{79b134bf-be16-4b5d-9d5e-4e5842dd1fba}</UniqueIdentifier>
    </Filter>
    <Filter Include="modules\3rd\cax\partgraph\brep">
      <UniqueIdentifier>{4a9e33ab-063e-4145-ac5a-8bbdedf33446}</UniqueIdentifier>
    </Filter>
    <Filter Include="modules\3rd\cax\partgraph\tools">
      <UniqueIdentifier>{c1394a93-2b93-41dd-93c5-b9778146be66}</UniqueIdentifier>
    </Filter>
    <Filter Include="modules\3rd\test\brepfw">
      <UniqueIdentifier>{bb189522-c687-4fff-a6a7-f681cb619273}</UniqueIdentifier>
    </Filter>
    <Filter Include="modules\3rd\test\brepfw\label">
      <UniqueIdentifier>{45c882e1-0a5d-4100-aa10-22cb29e7f5bb}</UniqueIdentifier>
    </Filter>
    <Filter Include="modules\3rd\test\brepfw\label\attribute">
      <UniqueIdentifier>{fbe74a69-b761-4e4c-9d4e-d0f98e7be1e1}</UniqueIdentifier>
    </Filter>
    <Filter Include="modules\3rd\test\brepfw\label\base">
      <UniqueIdentifier>{e2c12f7b-6451-499c-ba10-f5e6a347cf39}</UniqueIdentifier>
    </Filter>
    <Filter Include="modules\3rd\test\brepfw\label\naming">
      <UniqueIdentifier>{465b4af0-9b80-479d-a15e-9364ed5d2229}</UniqueIdentifier>
    </Filter>
    <Filter Include="modules\3rd\test\brepfw\shape">
      <UniqueIdentifier>{ee546722-2088-4ae8-b526-7b0ae9901129}</UniqueIdentifier>
    </Filter>
    <Filter Include="modules\3rd\test\brepfw\shape\brep">
      <UniqueIdentifier>{fc5da04f-f68a-4e45-9aa8-d1120d5487ad}</UniqueIdentifier>
    </Filter>
    <Filter Include="modules\3rd\test\brepfw\base">
      <UniqueIdentifier>{93de5752-9095-43be-a2dc-8ccd8b0690f3}</UniqueIdentifier>
    </Filter>
    <Filter Include="modules\3rd\test\brepfw\shape\base">
      <UniqueIdentifier>{9d7cde0f-432c-4623-963e-041e120acd1c}</UniqueIdentifier>
    </Filter>
    <Filter Include="modules\3rd\test\brepfw\shape\components">
      <UniqueIdentifier>{7eb16455-91da-4d49-a5e9-18a703371006}</UniqueIdentifier>
    </Filter>
    <Filter Include="modules\3rd\test\brepfw\shape\tools">
      <UniqueIdentifier>{efb16332-60d6-48f9-a3f8-fd874ebf8ab7}</UniqueIdentifier>
    </Filter>
    <Filter Include="modules\3rd\test\brepfw\script">
      <UniqueIdentifier>{792221fe-59af-4a0d-b5d4-948996532ced}</UniqueIdentifier>
    </Filter>
    <Filter Include="modules\3rd\test\brepfw\vm">
      <UniqueIdentifier>{cd89d5be-4030-41bb-a69c-7491f92cfa7a}</UniqueIdentifier>
    </Filter>
    <Filter Include="modules\3rd\cax\breptopo">
      <UniqueIdentifier>{df54d40f-eb2c-4251-b456-6f601b4dc6ac}</UniqueIdentifier>
    </Filter>
    <Filter Include="modules\3rd\cax\breptopo\data">
      <UniqueIdentifier>{6cafee18-33ab-44aa-aeaf-dd82b333eb74}</UniqueIdentifier>
    </Filter>
    <Filter Include="modules\3rd\cax\breptopo\script">
      <UniqueIdentifier>{df7e0de7-4101-4ee0-9c92-36194564b745}</UniqueIdentifier>
    </Filter>
    <Filter Include="modules\3rd\cax\breptopo\tools">
      <UniqueIdentifier>{c2dd390c-ec0d-41b5-9e74-90b880a58200}</UniqueIdentifier>
    </Filter>
    <Filter Include="modules\vm">
      <UniqueIdentifier>{257c372b-84d7-4e22-b82f-6ecc9634f57f}</UniqueIdentifier>
    </Filter>
    <Filter Include="modules\vm\opcodes">
      <UniqueIdentifier>{25307c38-e37e-404f-8ae6-af93827a4799}</UniqueIdentifier>
    </Filter>
  </ItemGroup>
  <ItemGroup>
    <ClCompile Include="..\..\..\src\modules\graphics\Graphics.cpp">
      <Filter>modules\graphics</Filter>
    </ClCompile>
    <ClCompile Include="..\..\..\src\modules\graphics\SpriteRenderer.cpp">
      <Filter>modules\graphics</Filter>
    </ClCompile>
    <ClCompile Include="..\..\..\src\modules\script\TransHelper.cpp">
      <Filter>modules\script</Filter>
    </ClCompile>
    <ClCompile Include="..\..\..\src\modules\graphics\GTxt.cpp">
      <Filter>modules\graphics</Filter>
    </ClCompile>
    <ClCompile Include="..\..\..\src\modules\graphics\wrap_Graphics.cpp">
      <Filter>modules\graphics</Filter>
    </ClCompile>
    <ClCompile Include="..\..\..\src\modules\maths\wrap_Maths.cpp">
      <Filter>modules\maths</Filter>
    </ClCompile>
    <ClCompile Include="..\..\..\src\modules\render\wrap_Render.cpp">
      <Filter>modules\render</Filter>
    </ClCompile>
    <ClCompile Include="..\..\..\src\modules\render\Render.cpp">
      <Filter>modules\render</Filter>
    </ClCompile>
    <ClCompile Include="..\..\..\src\modules\graphics\DTex.cpp">
      <Filter>modules\graphics</Filter>
    </ClCompile>
    <ClCompile Include="..\..\..\src\modules\filesystem\ResourceUID.cpp">
      <Filter>modules\filesystem</Filter>
    </ClCompile>
    <ClCompile Include="..\..\..\src\modules\graphics\LoadingList.cpp">
      <Filter>modules\graphics</Filter>
    </ClCompile>
    <ClCompile Include="..\..\..\src\modules\geometry\wrap_Geometry.cpp">
      <Filter>modules\geometry</Filter>
    </ClCompile>
    <ClCompile Include="..\..\..\src\modules\gui\GUI.cpp">
      <Filter>modules\gui</Filter>
    </ClCompile>
    <ClCompile Include="..\..\..\src\modules\gui\wrap_GUI.cpp">
      <Filter>modules\gui</Filter>
    </ClCompile>
    <ClCompile Include="..\..\..\src\modules\image\wrap_Image.cpp">
      <Filter>modules\image</Filter>
    </ClCompile>
    <ClCompile Include="..\..\..\src\modules\filesystem\Filesystem.cpp">
      <Filter>modules\filesystem</Filter>
    </ClCompile>
    <ClCompile Include="..\..\..\src\modules\filesystem\wrap_Filesystem.cpp">
      <Filter>modules\filesystem</Filter>
    </ClCompile>
    <ClCompile Include="..\..\..\src\modules\model\wrap_Model.cpp">
      <Filter>modules\model</Filter>
    </ClCompile>
    <ClCompile Include="..\..\..\src\modules\model\Model.cpp">
      <Filter>modules\model</Filter>
    </ClCompile>
    <ClCompile Include="..\..\..\src\modules\system\wrap_System.cpp">
      <Filter>modules\system</Filter>
    </ClCompile>
    <ClCompile Include="..\..\..\src\modules\system\System.cpp">
      <Filter>modules\system</Filter>
    </ClCompile>
    <ClCompile Include="..\..\..\src\modules\maths\float16.cpp">
      <Filter>modules\maths</Filter>
    </ClCompile>
    <ClCompile Include="..\..\..\src\modules\shader\wrap_Shader.cpp">
      <Filter>modules\shader</Filter>
    </ClCompile>
    <ClCompile Include="..\..\..\include\tantien.cpp">
      <Filter>include</Filter>
    </ClCompile>
    <ClCompile Include="..\..\..\src\modules\physics\wrap_Physics.cpp">
      <Filter>modules\physics</Filter>
    </ClCompile>
    <ClCompile Include="..\..\..\src\modules\physics\Physics.cpp">
      <Filter>modules\physics</Filter>
    </ClCompile>
    <ClCompile Include="..\..\..\src\modules\io\Keyboard.cpp">
      <Filter>modules\io</Filter>
    </ClCompile>
    <ClCompile Include="..\..\..\src\modules\io\wrap_Keyboard.cpp">
      <Filter>modules\io</Filter>
    </ClCompile>
    <ClCompile Include="..\..\..\src\modules\graphics\Viewport.cpp">
      <Filter>modules\graphics</Filter>
    </ClCompile>
    <ClCompile Include="..\..\..\src\modules\geometry\TopoPolyAdapter.cpp">
      <Filter>modules\geometry</Filter>
    </ClCompile>
    <ClCompile Include="..\..\..\..\littleworld\citygen\wrap_CityGen.cpp">
      <Filter>modules\3rd\world\citygen\script</Filter>
    </ClCompile>
    <ClCompile Include="..\..\..\..\littleworld\citygen\TensorField.cpp">
      <Filter>modules\3rd\world\citygen\tools</Filter>
    </ClCompile>
    <ClCompile Include="..\..\..\..\littleworld\citygen\Streets.cpp">
      <Filter>modules\3rd\world\citygen\component</Filter>
    </ClCompile>
    <ClCompile Include="..\..\..\..\littleworld\citygen\Graph.cpp">
      <Filter>modules\3rd\world\citygen\tools</Filter>
    </ClCompile>
    <ClCompile Include="..\..\..\..\littleworld\citygen\RotatingCalipers.cpp">
      <Filter>modules\3rd\world\citygen\algorithm</Filter>
    </ClCompile>
    <ClCompile Include="..\..\..\..\littleworld\citygen\KMeans.cpp">
      <Filter>modules\3rd\world\citygen\algorithm</Filter>
    </ClCompile>
    <ClCompile Include="..\..\..\..\littleworld\citygen\ParcelsOBB.cpp">
      <Filter>modules\3rd\world\citygen\component</Filter>
    </ClCompile>
    <ClCompile Include="..\..\..\..\littleworld\citygen\ParcelsSS.cpp">
      <Filter>modules\3rd\world\citygen\component</Filter>
    </ClCompile>
    <ClCompile Include="..\..\..\..\littleworld\citygen\Math.cpp">
      <Filter>modules\3rd\world\citygen\tools</Filter>
    </ClCompile>
    <ClCompile Include="..\..\..\..\littleworld\citygen\Reshape.cpp">
      <Filter>modules\3rd\world\citygen\operation</Filter>
    </ClCompile>
    <ClCompile Include="..\..\..\..\littleworld\citygen\Chaikin.cpp">
      <Filter>modules\3rd\world\citygen\algorithm</Filter>
    </ClCompile>
    <ClCompile Include="..\..\..\..\littleworld\citygen\StraightSkeleton.cpp">
      <Filter>modules\3rd\world\citygen\tools</Filter>
    </ClCompile>
    <ClCompile Include="..\..\..\..\littleworld\citygen\Extrude.cpp">
      <Filter>modules\3rd\world\citygen\operation</Filter>
    </ClCompile>
    <ClCompile Include="..\..\..\..\littleworld\globegen\ShapeBatching.cpp">
      <Filter>modules\3rd\world\globegen\graphics</Filter>
    </ClCompile>
    <ClCompile Include="..\..\..\..\littleworld\globegen\wrap_GlobeGen.cpp">
      <Filter>modules\3rd\world\globegen\script</Filter>
    </ClCompile>
    <ClCompile Include="..\..\..\..\littleworld\globegen\VTexBuilder.cpp">
      <Filter>modules\3rd\world\globegen\vtex</Filter>
    </ClCompile>
    <ClCompile Include="..\..\..\..\littleworld\globegen\VirtualTexture.cpp">
      <Filter>modules\3rd\world\globegen\vtex</Filter>
    </ClCompile>
    <ClCompile Include="..\..\..\..\littleworld\globegen\ImageTools.cpp">
      <Filter>modules\3rd\world\globegen\vtex</Filter>
    </ClCompile>
    <ClCompile Include="..\..\..\..\tt_sim\pathtracer\src\wrap_PathTracer.cpp">
      <Filter>modules\3rd\sim\pathtracer\script</Filter>
    </ClCompile>
    <ClCompile Include="..\..\..\..\tt_sim\pathtracer\thirdparty\RadeonRays\bbox.cpp">
      <Filter>modules\3rd\sim\pathtracer\3rd\RadeonRays</Filter>
    </ClCompile>
    <ClCompile Include="..\..\..\..\tt_sim\pathtracer\thirdparty\RadeonRays\bvh.cpp">
      <Filter>modules\3rd\sim\pathtracer\3rd\RadeonRays</Filter>
    </ClCompile>
    <ClCompile Include="..\..\..\..\tt_sim\pathtracer\thirdparty\RadeonRays\bvh_translator.cpp">
      <Filter>modules\3rd\sim\pathtracer\3rd\RadeonRays</Filter>
    </ClCompile>
    <ClCompile Include="..\..\..\..\tt_sim\pathtracer\thirdparty\RadeonRays\split_bvh.cpp">
      <Filter>modules\3rd\sim\pathtracer\3rd\RadeonRays</Filter>
    </ClCompile>
    <ClCompile Include="..\..\..\..\tt_sim\pathtracer\src\Mesh.cpp">
      <Filter>modules\3rd\sim\pathtracer\comp</Filter>
    </ClCompile>
    <ClCompile Include="..\..\..\..\tt_sim\pathtracer\src\Scene.cpp">
      <Filter>modules\3rd\sim\pathtracer\comp</Filter>
    </ClCompile>
    <ClCompile Include="..\..\..\..\littleworld\archgen\wrap_ArchGen.cpp">
      <Filter>modules\3rd\world\archgen\script</Filter>
    </ClCompile>
    <ClCompile Include="..\..\..\..\littleworld\citygen\PolyBuilder.cpp">
      <Filter>modules\3rd\world\citygen\tools</Filter>
    </ClCompile>
    <ClCompile Include="..\..\..\..\littleworld\archgen\RoofEditor.cpp">
      <Filter>modules\3rd\world\archgen\roof</Filter>
    </ClCompile>
    <ClCompile Include="..\..\..\..\littleworld\archgen\RoofSkeleton.cpp">
      <Filter>modules\3rd\world\archgen\roof</Filter>
    </ClCompile>
    <ClCompile Include="..\..\..\..\littleworld\archgen\MeshBuilder.cpp">
      <Filter>modules\3rd\world\archgen\mesh</Filter>
    </ClCompile>
    <ClCompile Include="..\..\..\..\littleworld\archgen\ScopeTools.cpp">
      <Filter>modules\3rd\world\archgen\tools</Filter>
    </ClCompile>
    <ClCompile Include="..\..\..\..\littleworld\archgen\PolytopeTools.cpp">
      <Filter>modules\3rd\world\archgen\tools</Filter>
    </ClCompile>
    <ClCompile Include="..\..\..\..\cax\thirdparty\PlaneGCS\Constraints.cpp">
      <Filter>modules\3rd\cax\sketchlib\external\PlaneGCS</Filter>
    </ClCompile>
    <ClCompile Include="..\..\..\..\cax\thirdparty\PlaneGCS\GCS.cpp">
      <Filter>modules\3rd\cax\sketchlib\external\PlaneGCS</Filter>
    </ClCompile>
    <ClCompile Include="..\..\..\..\cax\thirdparty\PlaneGCS\Geo.cpp">
      <Filter>modules\3rd\cax\sketchlib\external\PlaneGCS</Filter>
    </ClCompile>
    <ClCompile Include="..\..\..\..\cax\thirdparty\PlaneGCS\qp_eq.cpp">
      <Filter>modules\3rd\cax\sketchlib\external\PlaneGCS</Filter>
    </ClCompile>
    <ClCompile Include="..\..\..\..\cax\thirdparty\PlaneGCS\SubSystem.cpp">
      <Filter>modules\3rd\cax\sketchlib\external\PlaneGCS</Filter>
    </ClCompile>
    <ClCompile Include="..\..\..\..\cax\sketchlib\wrap_SketchLib.cpp">
      <Filter>modules\3rd\cax\sketchlib\script</Filter>
    </ClCompile>
    <ClCompile Include="..\..\..\..\cax\sketchlib\Scene.cpp">
      <Filter>modules\3rd\cax\sketchlib\data</Filter>
    </ClCompile>
    <ClCompile Include="..\..\..\src\modules\geometry\ShapeMaths.cpp">
      <Filter>modules\geometry</Filter>
    </ClCompile>
    <ClCompile Include="..\..\..\..\cax\nurbslib\wrap_NurbsLib.cpp">
      <Filter>modules\3rd\cax\nurbslib</Filter>
    </ClCompile>
    <ClCompile Include="..\..\..\..\tt\analysis\loggraph_c\wrap_LogGraph.cpp">
      <Filter>modules\3rd\analy\loggraph\script</Filter>
    </ClCompile>
    <ClCompile Include="..\..\..\..\cax\partgraph_c\TopoAdapter.cpp">
      <Filter>modules\3rd\cax\partgraph\tools</Filter>
    </ClCompile>
    <ClCompile Include="..\..\..\..\cax\partgraph_c\wrap_PartGraph.cpp">
      <Filter>modules\3rd\cax\partgraph\script</Filter>
    </ClCompile>
    <ClCompile Include="..\..\..\..\cax\partgraph_c\TopoAlgo.cpp">
      <Filter>modules\3rd\cax\partgraph\tools</Filter>
    </ClCompile>
    <ClCompile Include="..\..\..\..\tt\analysis\loggraph_c\Traceback.cpp">
      <Filter>modules\3rd\analy\loggraph\data</Filter>
    </ClCompile>
    <ClCompile Include="..\..\..\..\tt\analysis\codegraph_c\wrap_CodeGraph.cpp">
      <Filter>modules\3rd\analy\codegraph\script</Filter>
    </ClCompile>
    <ClCompile Include="..\..\..\..\tt\analysis\codegraph_c\NodeExpand.cpp">
      <Filter>modules\3rd\analy\codegraph\ast</Filter>
    </ClCompile>
    <ClCompile Include="..\..\..\..\tt\analysis\codegraph_c\NodePrint.cpp">
      <Filter>modules\3rd\analy\codegraph\ast</Filter>
    </ClCompile>
    <ClCompile Include="..\..\..\..\tt\analysis\codegraph_c\NodeRename.cpp">
      <Filter>modules\3rd\analy\codegraph\ast</Filter>
    </ClCompile>
    <ClCompile Include="..\..\..\..\tt\analysis\codegraph_c\NodeTraversal.cpp">
      <Filter>modules\3rd\analy\codegraph\tools</Filter>
    </ClCompile>
    <ClCompile Include="..\..\..\..\tt\analysis\codegraph_c\VarAnalysis.cpp">
      <Filter>modules\3rd\analy\codegraph\ast</Filter>
    </ClCompile>
    <ClCompile Include="..\..\..\..\tt\analysis\codegraph_c\NodeName.cpp">
      <Filter>modules\3rd\analy\codegraph\ast</Filter>
    </ClCompile>
    <ClCompile Include="..\..\..\..\tt\analysis\codegraph_c\BBlockBuilder.cpp">
      <Filter>modules\3rd\analy\codegraph\cfg</Filter>
    </ClCompile>
    <ClCompile Include="..\..\..\..\tt\analysis\codegraph_c\AstToCfg.cpp">
      <Filter>modules\3rd\analy\codegraph\cfg</Filter>
    </ClCompile>
    <ClCompile Include="..\..\..\..\tt\analysis\codegraph_c\BasicBlock.cpp">
      <Filter>modules\3rd\analy\codegraph\cfg</Filter>
    </ClCompile>
    <ClCompile Include="..\..\..\..\tt\analysis\codegraph_c\AstNode.h">
      <Filter>modules\3rd\analy\codegraph\ast</Filter>
    </ClCompile>
    <ClCompile Include="..\..\..\..\tt\analysis\codegraph_c\AstNode.cpp">
      <Filter>modules\3rd\analy\codegraph\ast</Filter>
    </ClCompile>
    <ClCompile Include="..\..\..\..\tt\analysis\codegraph_c\BBlockConnect.cpp">
      <Filter>modules\3rd\analy\codegraph\cfg</Filter>
    </ClCompile>
    <ClCompile Include="..\..\..\..\tt\analysis\loggraph_c\Diff.cpp">
      <Filter>modules\3rd\analy\loggraph\edit</Filter>
    </ClCompile>
    <ClCompile Include="..\..\..\..\tt\analysis\loggraph_c\Regex.cpp">
      <Filter>modules\3rd\analy\loggraph\edit</Filter>
    </ClCompile>
    <ClCompile Include="..\..\..\..\tt\analysis\codegraph_c\BBlockTools.cpp">
      <Filter>modules\3rd\analy\codegraph\cfg</Filter>
    </ClCompile>
    <ClCompile Include="..\..\..\..\testbed\brepdb_c\BRepTrans.cpp">
      <Filter>modules\3rd\test\brepdb\data</Filter>
    </ClCompile>
    <ClCompile Include="..\..\..\..\testbed\brepdb_c\RTree.cpp">
      <Filter>modules\3rd\test\brepdb\data</Filter>
    </ClCompile>
    <ClCompile Include="..\..\..\..\testbed\brepdb_c\wrap_BrepDB.cpp">
      <Filter>modules\3rd\test\brepdb\script</Filter>
    </ClCompile>
    <ClCompile Include="..\..\..\..\testbed\brepvm_c\BRepOpcodes.cpp">
      <Filter>modules\3rd\test\brepvm\vm</Filter>
    </ClCompile>
    <ClCompile Include="..\..\..\..\testbed\brepvm_c\BRepVM.cpp">
      <Filter>modules\3rd\test\brepvm\vm</Filter>
    </ClCompile>
    <ClCompile Include="..\..\..\..\testbed\brepvm_c\wrap_BrepVM.cpp">
      <Filter>modules\3rd\test\brepvm\script</Filter>
    </ClCompile>
    <ClCompile Include="..\..\..\..\testbed\brepvm_c\BRepCode.cpp">
      <Filter>modules\3rd\test\brepvm\vm</Filter>
    </ClCompile>
    <ClCompile Include="..\..\..\..\testbed\brepvm_c\VBO.cpp">
      <Filter>modules\3rd\test\brepvm\data</Filter>
    </ClCompile>
    <ClCompile Include="..\..\..\..\testbed\brepvm_c\BRep.cpp">
      <Filter>modules\3rd\test\brepvm\data</Filter>
    </ClCompile>
    <ClCompile Include="..\..\..\..\tt\analysis\loggraph_c\Node.cpp">
      <Filter>modules\3rd\analy\loggraph\data</Filter>
    </ClCompile>
    <ClCompile Include="..\..\..\..\tt\analysis\loggraph_c\LogParser.cpp">
      <Filter>modules\3rd\analy\loggraph\parser</Filter>
    </ClCompile>
    <ClCompile Include="..\..\..\..\tt\analysis\loggraph_c\ProtoParser.cpp">
      <Filter>modules\3rd\analy\loggraph\parser</Filter>
    </ClCompile>
    <ClCompile Include="..\..\..\..\tt\analysis\loggraph_c\Variant.cpp">
      <Filter>modules\3rd\analy\loggraph\data</Filter>
    </ClCompile>
    <ClCompile Include="..\..\..\..\cax\partgraph_c\BRepBuilder.cpp">
      <Filter>modules\3rd\cax\partgraph\brep</Filter>
    </ClCompile>
    <ClCompile Include="..\..\..\..\cax\partgraph_c\PrimMaker.cpp">
      <Filter>modules\3rd\cax\partgraph\brep</Filter>
    </ClCompile>
    <ClCompile Include="..\..\..\..\cax\partgraph_c\BRepSelector.cpp">
      <Filter>modules\3rd\cax\partgraph\brep</Filter>
    </ClCompile>
    <ClCompile Include="..\..\..\..\cax\partgraph_c\BRepTools.cpp">
      <Filter>modules\3rd\cax\partgraph\brep</Filter>
    </ClCompile>
    <ClCompile Include="..\..\..\..\cax\partgraph_c\BRepHistory.cpp">
      <Filter>modules\3rd\cax\partgraph\brep</Filter>
    </ClCompile>
    <ClCompile Include="..\..\..\..\testbed\brepfw_c\AttrNaming.cpp">
      <Filter>modules\3rd\test\brepfw\label\attribute</Filter>
    </ClCompile>
    <ClCompile Include="..\..\..\..\testbed\brepfw_c\LabelTools.cpp">
      <Filter>modules\3rd\test\brepfw\label\naming</Filter>
    </ClCompile>
    <ClCompile Include="..\..\..\..\testbed\brepfw_c\AttrNamedShape.cpp">
      <Filter>modules\3rd\test\brepfw\label\attribute</Filter>
    </ClCompile>
    <ClCompile Include="..\..\..\..\testbed\brepfw_c\Component.cpp">
      <Filter>modules\3rd\test\brepfw\base</Filter>
    </ClCompile>
    <ClCompile Include="..\..\..\..\testbed\brepfw_c\Object.cpp">
      <Filter>modules\3rd\test\brepfw\base</Filter>
    </ClCompile>
    <ClCompile Include="..\..\..\..\testbed\brepfw_c\BRepBuilder.cpp">
      <Filter>modules\3rd\test\brepfw\shape\tools</Filter>
    </ClCompile>
    <ClCompile Include="..\..\..\..\testbed\brepfw_c\CompHalfEdge.cpp">
      <Filter>modules\3rd\test\brepfw\shape\components</Filter>
    </ClCompile>
    <ClCompile Include="..\..\..\..\testbed\brepfw_c\wrap_BrepFW.cpp">
      <Filter>modules\3rd\test\brepfw\script</Filter>
    </ClCompile>
    <ClCompile Include="..\..\..\..\testbed\brepfw_c\RenderBuilder.cpp">
      <Filter>modules\3rd\test\brepfw\shape\tools</Filter>
    </ClCompile>
    <ClCompile Include="..\..\..\..\testbed\brepfw_c\BRepExplore.cpp">
      <Filter>modules\3rd\test\brepfw\shape\tools</Filter>
    </ClCompile>
    <ClCompile Include="..\..\..\..\testbed\brepfw_c\AttrRenderObj.cpp">
      <Filter>modules\3rd\test\brepfw\label\attribute</Filter>
    </ClCompile>
    <ClCompile Include="..\..\..\..\testbed\brepfw_c\AttrColor.cpp">
      <Filter>modules\3rd\test\brepfw\label\attribute</Filter>
    </ClCompile>
    <ClCompile Include="..\..\..\..\testbed\brepfw_c\TopoAdapter.cpp">
      <Filter>modules\3rd\test\brepfw\shape\tools</Filter>
    </ClCompile>
    <ClCompile Include="..\..\..\..\testbed\brepfw_c\LabelBuilder.cpp">
      <Filter>modules\3rd\test\brepfw\label\naming</Filter>
    </ClCompile>
    <ClCompile Include="..\..\..\..\testbed\brepfw_c\Label.cpp">
      <Filter>modules\3rd\test\brepfw\label\base</Filter>
    </ClCompile>
    <ClCompile Include="..\..\..\..\testbed\brepfw_c\PrimBuilder.cpp">
      <Filter>modules\3rd\test\brepfw\shape\tools</Filter>
    </ClCompile>
    <ClCompile Include="..\..\..\..\testbed\brepfw_c\BRepVM.cpp">
      <Filter>modules\3rd\test\brepfw\vm</Filter>
    </ClCompile>
    <ClCompile Include="..\..\..\..\testbed\brepfw_c\BRepOpcodes.cpp">
      <Filter>modules\3rd\test\brepfw\vm</Filter>
    </ClCompile>
    <ClCompile Include="..\..\..\..\testbed\brepfw_c\TopoBody.cpp">
      <Filter>modules\3rd\test\brepfw\shape\brep</Filter>
    </ClCompile>
    <ClCompile Include="..\..\..\..\testbed\brepfw_c\TopoVertex.cpp">
      <Filter>modules\3rd\test\brepfw\shape\brep</Filter>
    </ClCompile>
    <ClCompile Include="..\..\..\..\testbed\brepfw_c\TopoEdge.cpp">
      <Filter>modules\3rd\test\brepfw\shape\brep</Filter>
    </ClCompile>
    <ClCompile Include="..\..\..\..\testbed\brepfw_c\TopoLoop.cpp">
      <Filter>modules\3rd\test\brepfw\shape\brep</Filter>
    </ClCompile>
    <ClCompile Include="..\..\..\..\testbed\brepfw_c\TopoFace.cpp">
      <Filter>modules\3rd\test\brepfw\shape\brep</Filter>
    </ClCompile>
    <ClCompile Include="..\..\..\..\testbed\brepfw_c\TopoShell.cpp">
      <Filter>modules\3rd\test\brepfw\shape\brep</Filter>
    </ClCompile>
    <ClCompile Include="..\..\..\..\cax\breptopo_c\wrap_BrepTopo.cpp">
      <Filter>modules\3rd\cax\breptopo\script</Filter>
    </ClCompile>
    <ClCompile Include="..\..\..\..\cax\breptopo_c\TopoAdapter.cpp">
      <Filter>modules\3rd\cax\breptopo\tools</Filter>
    </ClCompile>
    <ClCompile Include="..\..\..\..\cax\breptopo_c\Graph.cpp">
      <Filter>modules\3rd\cax\breptopo\data</Filter>
    </ClCompile>
    <ClCompile Include="..\..\..\..\cax\breptopo_c\Node.cpp">
      <Filter>modules\3rd\cax\breptopo\data</Filter>
    </ClCompile>
    <ClCompile Include="..\..\..\..\cax\breptopo_c\GraphTools.cpp">
      <Filter>modules\3rd\cax\breptopo\tools</Filter>
    </ClCompile>
    <ClCompile Include="..\..\..\..\cax\partgraph_c\TransHelper.cpp">
      <Filter>modules\3rd\cax\partgraph\script</Filter>
    </ClCompile>
    <ClCompile Include="..\..\..\src\modules\vm\wrap_VM.cpp">
      <Filter>modules\vm</Filter>
    </ClCompile>
    <ClCompile Include="..\..\..\src\modules\vm\Compiler.cpp">
      <Filter>modules\vm</Filter>
    </ClCompile>
    <ClCompile Include="..\..\..\src\modules\vm\VM.cpp">
      <Filter>modules\vm</Filter>
    </ClCompile>
    <ClCompile Include="..\..\..\src\modules\vm\geo_opcodes.cpp">
      <Filter>modules\vm\opcodes</Filter>
    </ClCompile>
    <ClCompile Include="..\..\..\src\modules\vm\stl_opcodes.cpp">
      <Filter>modules\vm\opcodes</Filter>
    </ClCompile>
    <ClCompile Include="..\..\..\src\modules\vm\math_opcodes.cpp">
      <Filter>modules\vm\opcodes</Filter>
    </ClCompile>
    <ClCompile Include="..\..\..\src\modules\geometry\PolytopeAlgos.cpp">
      <Filter>modules\geometry</Filter>
    </ClCompile>
    <ClCompile Include="..\..\..\src\modules\vm\VMHelper.cpp">
      <Filter>modules\vm</Filter>
    </ClCompile>
    <ClCompile Include="..\..\..\src\modules\maths\Maths.cpp">
      <Filter>modules\maths</Filter>
    </ClCompile>
  </ItemGroup>
  <ItemGroup>
    <ClInclude Include="..\..\..\src\modules\graphics\Graphics.h">
      <Filter>modules\graphics</Filter>
    </ClInclude>
    <ClInclude Include="..\..\..\src\modules\graphics\RenderBuffer.h">
      <Filter>modules\graphics</Filter>
    </ClInclude>
    <ClInclude Include="..\..\..\src\modules\graphics\SpriteRenderer.h">
      <Filter>modules\graphics</Filter>
    </ClInclude>
    <ClInclude Include="..\..\..\src\core\macro.h">
      <Filter>core</Filter>
    </ClInclude>
    <ClInclude Include="..\..\..\src\modules\script\TransHelper.h">
      <Filter>modules\script</Filter>
    </ClInclude>
    <ClInclude Include="..\..\..\src\modules\graphics\GTxt.h">
      <Filter>modules\graphics</Filter>
    </ClInclude>
    <ClInclude Include="..\..\..\src\modules\graphics\wrap_Graphics.h">
      <Filter>modules\graphics</Filter>
    </ClInclude>
    <ClInclude Include="..\..\..\src\modules\maths\wrap_Maths.h">
      <Filter>modules\maths</Filter>
    </ClInclude>
    <ClInclude Include="..\..\..\src\modules\render\wrap_Render.h">
      <Filter>modules\render</Filter>
    </ClInclude>
    <ClInclude Include="..\..\..\src\modules\render\Render.h">
      <Filter>modules\render</Filter>
    </ClInclude>
    <ClInclude Include="..\..\..\src\modules\graphics\DTex.h">
      <Filter>modules\graphics</Filter>
    </ClInclude>
    <ClInclude Include="..\..\..\src\modules\filesystem\ResourceUID.h">
      <Filter>modules\filesystem</Filter>
    </ClInclude>
    <ClInclude Include="..\..\..\src\modules\graphics\LoadingList.h">
      <Filter>modules\graphics</Filter>
    </ClInclude>
    <ClInclude Include="..\..\..\src\modules\geometry\wrap_Geometry.h">
      <Filter>modules\geometry</Filter>
    </ClInclude>
    <ClInclude Include="..\..\..\src\modules\gui\GUI.h">
      <Filter>modules\gui</Filter>
    </ClInclude>
    <ClInclude Include="..\..\..\src\modules\gui\wrap_GUI.h">
      <Filter>modules\gui</Filter>
    </ClInclude>
    <ClInclude Include="..\..\..\src\modules\image\wrap_Image.h">
      <Filter>modules\image</Filter>
    </ClInclude>
    <ClInclude Include="..\..\..\src\modules\image\ImageData.h">
      <Filter>modules\image</Filter>
    </ClInclude>
    <ClInclude Include="..\..\..\src\modules\filesystem\Filesystem.h">
      <Filter>modules\filesystem</Filter>
    </ClInclude>
    <ClInclude Include="..\..\..\src\modules\filesystem\wrap_Filesystem.h">
      <Filter>modules\filesystem</Filter>
    </ClInclude>
    <ClInclude Include="..\..\..\src\modules\model\wrap_Model.h">
      <Filter>modules\model</Filter>
    </ClInclude>
    <ClInclude Include="..\..\..\src\modules\model\Model.h">
      <Filter>modules\model</Filter>
    </ClInclude>
    <ClInclude Include="..\..\..\src\modules\script\Proxy.h">
      <Filter>modules\script</Filter>
    </ClInclude>
    <ClInclude Include="..\..\..\src\modules\system\System.h">
      <Filter>modules\system</Filter>
    </ClInclude>
    <ClInclude Include="..\..\..\src\modules\maths\float16.h">
      <Filter>modules\maths</Filter>
    </ClInclude>
    <ClInclude Include="..\..\..\src\modules\shader\wrap_Shader.h">
      <Filter>modules\shader</Filter>
    </ClInclude>
    <ClInclude Include="..\..\..\include\tantien.h">
      <Filter>include</Filter>
    </ClInclude>
    <ClInclude Include="..\..\..\src\modules\physics\wrap_Physics.h">
      <Filter>modules\physics</Filter>
    </ClInclude>
    <ClInclude Include="..\..\..\src\modules\physics\Physics.h">
      <Filter>modules\physics</Filter>
    </ClInclude>
    <ClInclude Include="..\..\..\src\modules\io\Keyboard.h">
      <Filter>modules\io</Filter>
    </ClInclude>
    <ClInclude Include="..\..\..\src\modules\io\wrap_Keyboard.h">
      <Filter>modules\io</Filter>
    </ClInclude>
    <ClInclude Include="..\..\..\src\modules\graphics\Viewport.h">
      <Filter>modules\graphics</Filter>
    </ClInclude>
    <ClInclude Include="..\..\..\src\modules\geometry\TopoPolyAdapter.h">
      <Filter>modules\geometry</Filter>
    </ClInclude>
    <ClInclude Include="..\..\..\..\littleworld\citygen\wrap_CityGen.h">
      <Filter>modules\3rd\world\citygen\script</Filter>
    </ClInclude>
    <ClInclude Include="..\..\..\..\littleworld\citygen\TensorField.h">
      <Filter>modules\3rd\world\citygen\tools</Filter>
    </ClInclude>
    <ClInclude Include="..\..\..\..\littleworld\citygen\Streets.h">
      <Filter>modules\3rd\world\citygen\component</Filter>
    </ClInclude>
    <ClInclude Include="..\..\..\..\littleworld\citygen\Graph.h">
      <Filter>modules\3rd\world\citygen\tools</Filter>
    </ClInclude>
    <ClInclude Include="..\..\..\..\littleworld\citygen\RotatingCalipers.h">
      <Filter>modules\3rd\world\citygen\algorithm</Filter>
    </ClInclude>
    <ClInclude Include="..\..\..\..\littleworld\citygen\KMeans.h">
      <Filter>modules\3rd\world\citygen\algorithm</Filter>
    </ClInclude>
    <ClInclude Include="..\..\..\..\littleworld\citygen\Random.h">
      <Filter>modules\3rd\world\citygen\algorithm</Filter>
    </ClInclude>
    <ClInclude Include="..\..\..\..\littleworld\citygen\ParcelsOBB.h">
      <Filter>modules\3rd\world\citygen\component</Filter>
    </ClInclude>
    <ClInclude Include="..\..\..\..\littleworld\citygen\ParcelsSS.h">
      <Filter>modules\3rd\world\citygen\component</Filter>
    </ClInclude>
    <ClInclude Include="..\..\..\..\littleworld\citygen\Math.h">
      <Filter>modules\3rd\world\citygen\tools</Filter>
    </ClInclude>
    <ClInclude Include="..\..\..\..\littleworld\citygen\Reshape.h">
      <Filter>modules\3rd\world\citygen\operation</Filter>
    </ClInclude>
    <ClInclude Include="..\..\..\..\littleworld\citygen\Chaikin.h">
      <Filter>modules\3rd\world\citygen\algorithm</Filter>
    </ClInclude>
    <ClInclude Include="..\..\..\..\littleworld\citygen\StraightSkeleton.h">
      <Filter>modules\3rd\world\citygen\tools</Filter>
    </ClInclude>
    <ClInclude Include="..\..\..\..\littleworld\citygen\Extrude.h">
      <Filter>modules\3rd\world\citygen\operation</Filter>
    </ClInclude>
    <ClInclude Include="..\..\..\..\littleworld\globegen\ShapeBatching.h">
      <Filter>modules\3rd\world\globegen\graphics</Filter>
    </ClInclude>
    <ClInclude Include="..\..\..\..\littleworld\globegen\wrap_GlobeGen.h">
      <Filter>modules\3rd\world\globegen\script</Filter>
    </ClInclude>
    <ClInclude Include="..\..\..\..\littleworld\globegen\VTexBuilder.h">
      <Filter>modules\3rd\world\globegen\vtex</Filter>
    </ClInclude>
    <ClInclude Include="..\..\..\..\littleworld\globegen\VirtualTexture.h">
      <Filter>modules\3rd\world\globegen\vtex</Filter>
    </ClInclude>
    <ClInclude Include="..\..\..\..\littleworld\globegen\VTexInfo.h">
      <Filter>modules\3rd\world\globegen\vtex</Filter>
    </ClInclude>
    <ClInclude Include="..\..\..\..\littleworld\globegen\ImageTools.h">
      <Filter>modules\3rd\world\globegen\vtex</Filter>
    </ClInclude>
    <ClInclude Include="..\..\..\..\tt_sim\pathtracer\src\Material.h">
      <Filter>modules\3rd\sim\pathtracer\comp</Filter>
    </ClInclude>
    <ClInclude Include="..\..\..\..\tt_sim\pathtracer\src\wrap_PathTracer.h">
      <Filter>modules\3rd\sim\pathtracer\script</Filter>
    </ClInclude>
    <ClInclude Include="..\..\..\..\tt_sim\pathtracer\src\Light.h">
      <Filter>modules\3rd\sim\pathtracer\comp</Filter>
    </ClInclude>
    <ClInclude Include="..\..\..\..\tt_sim\pathtracer\src\Mesh.h">
      <Filter>modules\3rd\sim\pathtracer\comp</Filter>
    </ClInclude>
    <ClInclude Include="..\..\..\..\tt_sim\pathtracer\thirdparty\RadeonRays\bbox.h">
      <Filter>modules\3rd\sim\pathtracer\3rd\RadeonRays</Filter>
    </ClInclude>
    <ClInclude Include="..\..\..\..\tt_sim\pathtracer\thirdparty\RadeonRays\bvh.h">
      <Filter>modules\3rd\sim\pathtracer\3rd\RadeonRays</Filter>
    </ClInclude>
    <ClInclude Include="..\..\..\..\tt_sim\pathtracer\thirdparty\RadeonRays\bvh_translator.h">
      <Filter>modules\3rd\sim\pathtracer\3rd\RadeonRays</Filter>
    </ClInclude>
    <ClInclude Include="..\..\..\..\tt_sim\pathtracer\thirdparty\RadeonRays\split_bvh.h">
      <Filter>modules\3rd\sim\pathtracer\3rd\RadeonRays</Filter>
    </ClInclude>
    <ClInclude Include="..\..\..\..\tt_sim\pathtracer\src\Scene.h">
      <Filter>modules\3rd\sim\pathtracer\comp</Filter>
    </ClInclude>
    <ClInclude Include="..\..\..\..\littleworld\archgen\wrap_ArchGen.h">
      <Filter>modules\3rd\world\archgen\script</Filter>
    </ClInclude>
    <ClInclude Include="..\..\..\..\littleworld\citygen\PolyBuilder.h">
      <Filter>modules\3rd\world\citygen\tools</Filter>
    </ClInclude>
    <ClInclude Include="..\..\..\..\littleworld\archgen\RoofEditor.h">
      <Filter>modules\3rd\world\archgen\roof</Filter>
    </ClInclude>
    <ClInclude Include="..\..\..\..\littleworld\archgen\RoofSkeleton.h">
      <Filter>modules\3rd\world\archgen\roof</Filter>
    </ClInclude>
    <ClInclude Include="..\..\..\..\littleworld\archgen\MeshBuilder.h">
      <Filter>modules\3rd\world\archgen\mesh</Filter>
    </ClInclude>
    <ClInclude Include="..\..\..\..\littleworld\archgen\ScopeTools.h">
      <Filter>modules\3rd\world\archgen\tools</Filter>
    </ClInclude>
    <ClInclude Include="..\..\..\..\littleworld\archgen\PolytopeTools.h">
      <Filter>modules\3rd\world\archgen\tools</Filter>
    </ClInclude>
    <ClInclude Include="..\..\..\..\cax\thirdparty\PlaneGCS\Constraints.h">
      <Filter>modules\3rd\cax\sketchlib\external\PlaneGCS</Filter>
    </ClInclude>
    <ClInclude Include="..\..\..\..\cax\thirdparty\PlaneGCS\GCS.h">
      <Filter>modules\3rd\cax\sketchlib\external\PlaneGCS</Filter>
    </ClInclude>
    <ClInclude Include="..\..\..\..\cax\thirdparty\PlaneGCS\Geo.h">
      <Filter>modules\3rd\cax\sketchlib\external\PlaneGCS</Filter>
    </ClInclude>
    <ClInclude Include="..\..\..\..\cax\thirdparty\PlaneGCS\qp_eq.h">
      <Filter>modules\3rd\cax\sketchlib\external\PlaneGCS</Filter>
    </ClInclude>
    <ClInclude Include="..\..\..\..\cax\thirdparty\PlaneGCS\SubSystem.h">
      <Filter>modules\3rd\cax\sketchlib\external\PlaneGCS</Filter>
    </ClInclude>
    <ClInclude Include="..\..\..\..\cax\sketchlib\wrap_SketchLib.h">
      <Filter>modules\3rd\cax\sketchlib\script</Filter>
    </ClInclude>
    <ClInclude Include="..\..\..\..\cax\sketchlib\Scene.h">
      <Filter>modules\3rd\cax\sketchlib\data</Filter>
    </ClInclude>
    <ClInclude Include="..\..\..\..\cax\sketchlib\Constraint.h">
      <Filter>modules\3rd\cax\sketchlib\data</Filter>
    </ClInclude>
    <ClInclude Include="..\..\..\..\cax\sketchlib\Geometry.h">
      <Filter>modules\3rd\cax\sketchlib\data</Filter>
    </ClInclude>
    <ClInclude Include="..\..\..\..\cax\sketchlib\Util.h">
      <Filter>modules\3rd\cax\sketchlib\data</Filter>
    </ClInclude>
    <ClInclude Include="..\..\..\src\modules\geometry\ShapeMaths.h">
      <Filter>modules\geometry</Filter>
    </ClInclude>
    <ClInclude Include="..\..\..\..\cax\nurbslib\wrap_NurbsLib.h">
      <Filter>modules\3rd\cax\nurbslib</Filter>
    </ClInclude>
    <ClInclude Include="..\..\..\..\cax\thirdparty\PlaneGCS\Util.h">
      <Filter>modules\3rd\cax\sketchlib\script</Filter>
    </ClInclude>
    <ClInclude Include="..\..\..\..\tt\analysis\loggraph_c\wrap_LogGraph.h">
      <Filter>modules\3rd\analy\loggraph\script</Filter>
    </ClInclude>
    <ClInclude Include="..\..\..\..\tt\analysis\loggraph_c\Node.h">
      <Filter>modules\3rd\analy\loggraph\data</Filter>
    </ClInclude>
    <ClInclude Include="..\..\..\..\cax\partgraph_c\TopoAdapter.h">
      <Filter>modules\3rd\cax\partgraph\tools</Filter>
    </ClInclude>
    <ClInclude Include="..\..\..\..\cax\partgraph_c\wrap_PartGraph.h">
      <Filter>modules\3rd\cax\partgraph\script</Filter>
    </ClInclude>
    <ClInclude Include="..\..\..\..\cax\partgraph_c\TopoAlgo.h">
      <Filter>modules\3rd\cax\partgraph\tools</Filter>
    </ClInclude>
    <ClInclude Include="..\..\..\..\tt\analysis\loggraph_c\Traceback.h">
      <Filter>modules\3rd\analy\loggraph\data</Filter>
    </ClInclude>
    <ClInclude Include="..\..\..\..\tt\analysis\codegraph_c\wrap_CodeGraph.h">
      <Filter>modules\3rd\analy\codegraph\script</Filter>
    </ClInclude>
    <ClInclude Include="..\..\..\..\tt\analysis\codegraph_c\NodeTraversal.h">
      <Filter>modules\3rd\analy\codegraph\tools</Filter>
    </ClInclude>
    <ClInclude Include="..\..\..\..\tt\analysis\codegraph_c\VarAnalysis.h">
      <Filter>modules\3rd\analy\codegraph\ast</Filter>
    </ClInclude>
    <ClInclude Include="..\..\..\..\tt\analysis\codegraph_c\BBlockBuilder.h">
      <Filter>modules\3rd\analy\codegraph\cfg</Filter>
    </ClInclude>
    <ClInclude Include="..\..\..\..\tt\analysis\codegraph_c\AstToCfg.h">
      <Filter>modules\3rd\analy\codegraph\cfg</Filter>
    </ClInclude>
    <ClInclude Include="..\..\..\..\tt\analysis\codegraph_c\BasicBlock.h">
      <Filter>modules\3rd\analy\codegraph\cfg</Filter>
    </ClInclude>
    <ClInclude Include="..\..\..\..\tt\analysis\codegraph_c\AstNodeImpl.h">
      <Filter>modules\3rd\analy\codegraph\ast</Filter>
    </ClInclude>
    <ClInclude Include="..\..\..\..\tt\analysis\codegraph_c\BBlockConnect.h">
      <Filter>modules\3rd\analy\codegraph\cfg</Filter>
    </ClInclude>
    <ClInclude Include="..\..\..\..\tt\analysis\loggraph_c\Diff.h">
      <Filter>modules\3rd\analy\loggraph\edit</Filter>
    </ClInclude>
    <ClInclude Include="..\..\..\..\tt\analysis\loggraph_c\Regex.h">
      <Filter>modules\3rd\analy\loggraph\edit</Filter>
    </ClInclude>
    <ClInclude Include="..\..\..\..\tt\analysis\codegraph_c\FuncContext.h">
      <Filter>modules\3rd\analy\codegraph\ast</Filter>
    </ClInclude>
    <ClInclude Include="..\..\..\..\tt\analysis\codegraph_c\BBlockTools.h">
      <Filter>modules\3rd\analy\codegraph\cfg</Filter>
    </ClInclude>
    <ClInclude Include="..\..\..\..\testbed\brepdb_c\BRepKey.h">
      <Filter>modules\3rd\test\brepdb\data</Filter>
    </ClInclude>
    <ClInclude Include="..\..\..\..\testbed\brepdb_c\BRepTrans.h">
      <Filter>modules\3rd\test\brepdb\data</Filter>
    </ClInclude>
    <ClInclude Include="..\..\..\..\testbed\brepdb_c\RegionVisitor.h">
      <Filter>modules\3rd\test\brepdb\data</Filter>
    </ClInclude>
    <ClInclude Include="..\..\..\..\testbed\brepdb_c\RTree.h">
      <Filter>modules\3rd\test\brepdb\data</Filter>
    </ClInclude>
    <ClInclude Include="..\..\..\..\testbed\brepdb_c\wrap_BrepDB.h">
      <Filter>modules\3rd\test\brepdb\script</Filter>
    </ClInclude>
    <ClInclude Include="..\..\..\..\testbed\brepvm_c\BRepOpcodes.h">
      <Filter>modules\3rd\test\brepvm\vm</Filter>
    </ClInclude>
    <ClInclude Include="..\..\..\..\testbed\brepvm_c\BRepVM.h">
      <Filter>modules\3rd\test\brepvm\vm</Filter>
    </ClInclude>
    <ClInclude Include="..\..\..\..\testbed\brepvm_c\wrap_BrepVM.h">
      <Filter>modules\3rd\test\brepvm\script</Filter>
    </ClInclude>
    <ClInclude Include="..\..\..\..\testbed\brepvm_c\BRepCode.h">
      <Filter>modules\3rd\test\brepvm\vm</Filter>
    </ClInclude>
    <ClInclude Include="..\..\..\..\testbed\brepvm_c\VBO.h">
      <Filter>modules\3rd\test\brepvm\data</Filter>
    </ClInclude>
    <ClInclude Include="..\..\..\..\testbed\brepvm_c\BRep.h">
      <Filter>modules\3rd\test\brepvm\data</Filter>
    </ClInclude>
    <ClInclude Include="..\..\..\..\tt\analysis\loggraph_c\LogParser.h">
      <Filter>modules\3rd\analy\loggraph\parser</Filter>
    </ClInclude>
    <ClInclude Include="..\..\..\..\tt\analysis\loggraph_c\ProtoParser.h">
      <Filter>modules\3rd\analy\loggraph\parser</Filter>
    </ClInclude>
    <ClInclude Include="..\..\..\..\tt\analysis\loggraph_c\Variant.h">
      <Filter>modules\3rd\analy\loggraph\data</Filter>
    </ClInclude>
    <ClInclude Include="..\..\..\..\cax\partgraph_c\BRepBuilder.h">
      <Filter>modules\3rd\cax\partgraph\brep</Filter>
    </ClInclude>
    <ClInclude Include="..\..\..\..\cax\partgraph_c\PrimMaker.h">
      <Filter>modules\3rd\cax\partgraph\brep</Filter>
    </ClInclude>
    <ClInclude Include="..\..\..\..\cax\partgraph_c\TopoDataset.h">
      <Filter>modules\3rd\cax\partgraph\brep</Filter>
    </ClInclude>
    <ClInclude Include="..\..\..\..\cax\partgraph_c\BRepSelector.h">
      <Filter>modules\3rd\cax\partgraph\brep</Filter>
    </ClInclude>
    <ClInclude Include="..\..\..\..\cax\partgraph_c\GeomDataset.h">
      <Filter>modules\3rd\cax\partgraph\brep</Filter>
    </ClInclude>
    <ClInclude Include="..\..\..\..\cax\partgraph_c\occt_adapter.h">
      <Filter>modules\3rd\cax\partgraph\tools</Filter>
    </ClInclude>
    <ClInclude Include="..\..\..\..\cax\partgraph_c\BRepTools.h">
      <Filter>modules\3rd\cax\partgraph\brep</Filter>
    </ClInclude>
    <ClInclude Include="..\..\..\..\cax\partgraph_c\BRepHistory.h">
      <Filter>modules\3rd\cax\partgraph\brep</Filter>
    </ClInclude>
    <ClInclude Include="..\..\..\..\testbed\brepfw_c\AttrNaming.h">
      <Filter>modules\3rd\test\brepfw\label\attribute</Filter>
    </ClInclude>
    <ClInclude Include="..\..\..\..\testbed\brepfw_c\LabelTools.h">
      <Filter>modules\3rd\test\brepfw\label\naming</Filter>
    </ClInclude>
    <ClInclude Include="..\..\..\..\testbed\brepfw_c\AttrNamedShape.h">
      <Filter>modules\3rd\test\brepfw\label\attribute</Filter>
    </ClInclude>
    <ClInclude Include="..\..\..\..\testbed\brepfw_c\TopoVertex.h">
      <Filter>modules\3rd\test\brepfw\shape\brep</Filter>
    </ClInclude>
    <ClInclude Include="..\..\..\..\testbed\brepfw_c\TopoEdge.h">
      <Filter>modules\3rd\test\brepfw\shape\brep</Filter>
    </ClInclude>
    <ClInclude Include="..\..\..\..\testbed\brepfw_c\TopoLoop.h">
      <Filter>modules\3rd\test\brepfw\shape\brep</Filter>
    </ClInclude>
    <ClInclude Include="..\..\..\..\testbed\brepfw_c\TopoFace.h">
      <Filter>modules\3rd\test\brepfw\shape\brep</Filter>
    </ClInclude>
    <ClInclude Include="..\..\..\..\testbed\brepfw_c\TopoShell.h">
      <Filter>modules\3rd\test\brepfw\shape\brep</Filter>
    </ClInclude>
    <ClInclude Include="..\..\..\..\testbed\brepfw_c\TopoBody.h">
      <Filter>modules\3rd\test\brepfw\shape\brep</Filter>
    </ClInclude>
    <ClInclude Include="..\..\..\..\testbed\brepfw_c\Component.h">
      <Filter>modules\3rd\test\brepfw\base</Filter>
    </ClInclude>
    <ClInclude Include="..\..\..\..\testbed\brepfw_c\Object.h">
      <Filter>modules\3rd\test\brepfw\base</Filter>
    </ClInclude>
    <ClInclude Include="..\..\..\..\testbed\brepfw_c\Attribute.h">
      <Filter>modules\3rd\test\brepfw\label\base</Filter>
    </ClInclude>
    <ClInclude Include="..\..\..\..\testbed\brepfw_c\Label.h">
      <Filter>modules\3rd\test\brepfw\label\base</Filter>
    </ClInclude>
    <ClInclude Include="..\..\..\..\testbed\brepfw_c\TopoShape.h">
      <Filter>modules\3rd\test\brepfw\shape\base</Filter>
    </ClInclude>
    <ClInclude Include="..\..\..\..\testbed\brepfw_c\TopoShapeType.h">
      <Filter>modules\3rd\test\brepfw\shape\base</Filter>
    </ClInclude>
    <ClInclude Include="..\..\..\..\testbed\brepfw_c\BRepBuilder.h">
      <Filter>modules\3rd\test\brepfw\shape\tools</Filter>
    </ClInclude>
    <ClInclude Include="..\..\..\..\testbed\brepfw_c\CompHalfEdge.h">
      <Filter>modules\3rd\test\brepfw\shape\components</Filter>
    </ClInclude>
    <ClInclude Include="..\..\..\..\testbed\brepfw_c\wrap_BrepFW.h">
      <Filter>modules\3rd\test\brepfw\script</Filter>
    </ClInclude>
    <ClInclude Include="..\..\..\..\testbed\brepfw_c\RenderBuilder.h">
      <Filter>modules\3rd\test\brepfw\shape\tools</Filter>
    </ClInclude>
    <ClInclude Include="..\..\..\..\testbed\brepfw_c\BRepExplore.h">
      <Filter>modules\3rd\test\brepfw\shape\tools</Filter>
    </ClInclude>
    <ClInclude Include="..\..\..\..\testbed\brepfw_c\AttrRenderObj.h">
      <Filter>modules\3rd\test\brepfw\label\attribute</Filter>
    </ClInclude>
    <ClInclude Include="..\..\..\..\testbed\brepfw_c\AttrColor.h">
      <Filter>modules\3rd\test\brepfw\label\attribute</Filter>
    </ClInclude>
    <ClInclude Include="..\..\..\..\testbed\brepfw_c\TopoAdapter.h">
      <Filter>modules\3rd\test\brepfw\shape\tools</Filter>
    </ClInclude>
    <ClInclude Include="..\..\..\..\testbed\brepfw_c\LabelBuilder.h">
      <Filter>modules\3rd\test\brepfw\label\naming</Filter>
    </ClInclude>
    <ClInclude Include="..\..\..\..\testbed\brepfw_c\PrimBuilder.h">
      <Filter>modules\3rd\test\brepfw\shape\tools</Filter>
    </ClInclude>
    <ClInclude Include="..\..\..\..\testbed\brepfw_c\BRepVM.h">
      <Filter>modules\3rd\test\brepfw\vm</Filter>
    </ClInclude>
    <ClInclude Include="..\..\..\..\testbed\brepfw_c\BRepOpcodes.h">
      <Filter>modules\3rd\test\brepfw\vm</Filter>
    </ClInclude>
    <ClInclude Include="..\..\..\..\testbed\brepfw_c\BRepCode.h">
      <Filter>modules\3rd\test\brepfw\vm</Filter>
    </ClInclude>
    <ClInclude Include="..\..\..\..\cax\breptopo_c\Edge.h">
      <Filter>modules\3rd\cax\breptopo\data</Filter>
    </ClInclude>
    <ClInclude Include="..\..\..\..\cax\breptopo_c\Graph.h">
      <Filter>modules\3rd\cax\breptopo\data</Filter>
    </ClInclude>
    <ClInclude Include="..\..\..\..\cax\breptopo_c\Node.h">
      <Filter>modules\3rd\cax\breptopo\data</Filter>
    </ClInclude>
    <ClInclude Include="..\..\..\..\cax\breptopo_c\wrap_BrepTopo.h">
      <Filter>modules\3rd\cax\breptopo\script</Filter>
    </ClInclude>
    <ClInclude Include="..\..\..\..\cax\breptopo_c\TopoAdapter.h">
      <Filter>modules\3rd\cax\breptopo\tools</Filter>
    </ClInclude>
    <ClInclude Include="..\..\..\..\cax\breptopo_c\GraphTools.h">
      <Filter>modules\3rd\cax\breptopo\tools</Filter>
    </ClInclude>
    <ClInclude Include="..\..\..\..\cax\partgraph_c\TransHelper.h">
      <Filter>modules\3rd\cax\partgraph\script</Filter>
    </ClInclude>
    <ClInclude Include="..\..\..\src\modules\vm\Bytecodes.h">
      <Filter>modules\vm</Filter>
    </ClInclude>
    <ClInclude Include="..\..\..\src\modules\vm\wrap_VM.h">
      <Filter>modules\vm</Filter>
    </ClInclude>
    <ClInclude Include="..\..\..\src\modules\vm\Compiler.h">
      <Filter>modules\vm</Filter>
    </ClInclude>
    <ClInclude Include="..\..\..\src\modules\vm\VM.h">
      <Filter>modules\vm</Filter>
    </ClInclude>
    <ClInclude Include="..\..\..\src\modules\system\wrap_System.h">
      <Filter>modules\vm</Filter>
    </ClInclude>
    <ClInclude Include="..\..\..\src\modules\vm\geo_opcodes.h">
      <Filter>modules\vm\opcodes</Filter>
    </ClInclude>
    <ClInclude Include="..\..\..\src\modules\vm\stl_opcodes.h">
      <Filter>modules\vm\opcodes</Filter>
    </ClInclude>
    <ClInclude Include="..\..\..\src\modules\vm\math_opcodes.h">
      <Filter>modules\vm\opcodes</Filter>
    </ClInclude>
    <ClInclude Include="..\..\..\src\modules\geometry\PolytopeAlgos.h">
      <Filter>modules\geometry</Filter>
    </ClInclude>
    <ClInclude Include="..\..\..\src\modules\vm\VMHelper.h">
      <Filter>modules\vm</Filter>
    </ClInclude>
    <ClInclude Include="..\..\..\src\modules\vm\ValueType.h">
      <Filter>modules\vm</Filter>
    </ClInclude>
    <ClInclude Include="..\..\..\src\modules\maths\Maths.h">
      <Filter>modules\maths</Filter>
    </ClInclude>
  </ItemGroup>
  <ItemGroup>
    <None Include="..\..\..\src\modules\render\render.ves.inc">
      <Filter>modules\render</Filter>
    </None>
    <None Include="..\..\..\src\modules\graphics\graphics.ves.inc">
      <Filter>modules\graphics</Filter>
    </None>
    <None Include="..\..\..\src\modules\maths\maths.ves.inc">
      <Filter>modules\maths</Filter>
    </None>
    <None Include="..\..\..\src\modules\geometry\geometry.ves.inc">
      <Filter>modules\geometry</Filter>
    </None>
    <None Include="..\..\..\src\modules\gui\gui.ves.inc">
      <Filter>modules\gui</Filter>
    </None>
    <None Include="..\..\..\src\modules\image\image.ves.inc">
      <Filter>modules\image</Filter>
    </None>
    <None Include="..\..\..\src\modules\filesystem\filesystem.ves.inc">
      <Filter>modules\filesystem</Filter>
    </None>
    <None Include="..\..\..\src\modules\model\model.ves.inc">
      <Filter>modules\model</Filter>
    </None>
    <None Include="..\..\..\src\modules\system\system.ves.inc">
      <Filter>modules\system</Filter>
    </None>
    <None Include="..\..\..\src\modules\shader\shader.ves.inc">
      <Filter>modules\shader</Filter>
    </None>
    <None Include="..\..\..\src\modules\physics\physics.ves.inc">
      <Filter>modules\physics</Filter>
    </None>
    <None Include="..\..\..\src\modules\io\keyboard.ves.inc">
      <Filter>modules\io</Filter>
    </None>
    <None Include="..\..\..\..\littleworld\citygen\citygen.ves.inc">
      <Filter>modules\3rd\world\citygen\script</Filter>
    </None>
    <None Include="..\..\..\..\littleworld\globegen\globegen.ves.inc">
      <Filter>modules\3rd\world\globegen\script</Filter>
    </None>
    <None Include="..\..\..\..\littleworld\globegen\ImageTools.inl">
      <Filter>modules\3rd\world\globegen\vtex</Filter>
    </None>
    <None Include="..\..\..\..\tt_sim\pathtracer\src\pathtracer.ves.inc">
      <Filter>modules\3rd\sim\pathtracer\script</Filter>
    </None>
    <None Include="..\..\..\..\littleworld\archgen\archgen.ves.inc">
      <Filter>modules\3rd\world\archgen\script</Filter>
    </None>
    <None Include="..\..\..\src\modules\script\TransHelper.inl">
      <Filter>modules\script</Filter>
    </None>
    <None Include="..\..\..\..\cax\sketchlib\sketchlib.ves.inc">
      <Filter>modules\3rd\cax\sketchlib\script</Filter>
    </None>
    <None Include="..\..\..\..\cax\nurbslib\nurbslib.ves.inc">
      <Filter>modules\3rd\cax\nurbslib</Filter>
    </None>
    <None Include="..\..\..\..\tt\analysis\loggraph_c\loggraph.ves.inc">
      <Filter>modules\3rd\analy\loggraph\script</Filter>
    </None>
    <None Include="..\..\..\..\cax\partgraph_c\partgraph.ves.inc">
      <Filter>modules\3rd\cax\partgraph\script</Filter>
    </None>
    <None Include="..\..\..\..\tt\analysis\codegraph_c\codegraph.ves.inc">
      <Filter>modules\3rd\analy\codegraph\script</Filter>
    </None>
    <None Include="..\..\..\..\testbed\brepdb_c\brepdb.ves.inc">
      <Filter>modules\3rd\test\brepdb\script</Filter>
    </None>
    <None Include="..\..\..\..\testbed\brepvm_c\brepvm.ves.inc">
      <Filter>modules\3rd\test\brepvm\script</Filter>
    </None>
    <None Include="..\..\..\..\testbed\brepfw_c\Object.inl">
      <Filter>modules\3rd\test\brepfw\base</Filter>
    </None>
    <None Include="..\..\..\..\testbed\brepfw_c\brepfw.ves.inc">
      <Filter>modules\3rd\test\brepfw\script</Filter>
    </None>
    <None Include="..\..\..\..\cax\breptopo_c\breptopo.ves.inc">
      <Filter>modules\3rd\cax\breptopo\script</Filter>
    </None>
    <None Include="..\..\..\src\modules\vm\vm.ves.inc">
      <Filter>modules\vm</Filter>
    </None>
  </ItemGroup>
</Project>