
Microsoft Visual Studio Solution File, Format Version 12.00
# Visual Studio Version 16
VisualStudioVersion = 16.0.30225.117
MinimumVisualStudioVersion = 10.0.40219.1
Project("{8BC9CEB8-8B4A-11D0-8D11-00A0C91BC942}") = "test", "projects\test.vcxproj", "{4F58CD67-0AA8-4FE9-ACB8-CDA1BDF88E14}"
EndProject
Project("{2150E333-8FDC-42A3-9474-1A3956D46DE8}") = "3rd", "3rd", "{E9B139DA-4EF7-427C-9EAB-EB114706F506}"
EndProject
Project("{8BC9CEB8-8B4A-11D0-8D11-00A0C91BC942}") = "tantien", "projects\tantien.vcxproj", "{8D617A32-04C2-4B1C-B932-60EAB5CCBA04}"
EndProject
Project("{8BC9CEB8-8B4A-11D0-8D11-00A0C91BC942}") = "gl3w", "projects\gl3w.vcxproj", "{DB280160-0076-49C1-9BC6-2DFF820BD61C}"
EndProject
Project("{8BC9CEB8-8B4A-11D0-8D11-00A0C91BC942}") = "shadertrans", "..\..\thirdparty\shadertrans\platform\msvc\projects\shadertrans_new.vcxproj", "{0AF51930-759C-4389-8420-2BF6CB10BEFF}"
EndProject
Project("{8BC9CEB8-8B4A-11D0-8D11-00A0C91BC942}") = "unirender", "..\..\thirdparty\unirender\platform\msvc\projects\unirender_new.vcxproj", "{637A0E9C-1867-459D-8611-65A064E3B2C2}"
EndProject
Project("{8BC9CEB8-8B4A-11D0-8D11-00A0C91BC942}") = "vessel", "..\..\thirdparty\vessel\build\msvc\projects\vessel.vcxproj", "{956BF94F-151C-42A5-A699-16949A4C8A54}"
EndProject
Project("{8BC9CEB8-8B4A-11D0-8D11-00A0C91BC942}") = "tessellation", "..\..\thirdparty\tessellation\platform\msvc\projects\tessellation_new.vcxproj", "{A9AF029B-59CB-45AD-B4FB-5CF528D5E5FA}"
EndProject
Project("{8BC9CEB8-8B4A-11D0-8D11-00A0C91BC942}") = "sm", "projects\sm.vcxproj", "{381EFBED-A988-4A2D-82C9-07900F0AE7E8}"
EndProject
Project("{8BC9CEB8-8B4A-11D0-8D11-00A0C91BC942}") = "primitive", "..\..\thirdparty\primitive\platform\msvc\projects\primitive_new.vcxproj", "{58617BD0-9AC3-4D6C-BF12-3C9C7CB79946}"
EndProject
Global
	GlobalSection(SolutionConfigurationPlatforms) = preSolution
		Debug|x64 = Debug|x64
		Debug|x86 = Debug|x86
		MinSizeRel|x64 = MinSizeRel|x64
		MinSizeRel|x86 = MinSizeRel|x86
		Release|x64 = Release|x64
		Release|x86 = Release|x86
		RelWithDebInfo|x64 = RelWithDebInfo|x64
		RelWithDebInfo|x86 = RelWithDebInfo|x86
	EndGlobalSection
	GlobalSection(ProjectConfigurationPlatforms) = postSolution
		{4F58CD67-0AA8-4FE9-ACB8-CDA1BDF88E14}.Debug|x64.ActiveCfg = Debug|x64
		{4F58CD67-0AA8-4FE9-ACB8-CDA1BDF88E14}.Debug|x64.Build.0 = Debug|x64
		{4F58CD67-0AA8-4FE9-ACB8-CDA1BDF88E14}.Debug|x86.ActiveCfg = Debug|Win32
		{4F58CD67-0AA8-4FE9-ACB8-CDA1BDF88E14}.Debug|x86.Build.0 = Debug|Win32
		{4F58CD67-0AA8-4FE9-ACB8-CDA1BDF88E14}.MinSizeRel|x64.ActiveCfg = Release|x64
		{4F58CD67-0AA8-4FE9-ACB8-CDA1BDF88E14}.MinSizeRel|x64.Build.0 = Release|x64
		{4F58CD67-0AA8-4FE9-ACB8-CDA1BDF88E14}.MinSizeRel|x86.ActiveCfg = Release|Win32
		{4F58CD67-0AA8-4FE9-ACB8-CDA1BDF88E14}.MinSizeRel|x86.Build.0 = Release|Win32
		{4F58CD67-0AA8-4FE9-ACB8-CDA1BDF88E14}.Release|x64.ActiveCfg = Release|x64
		{4F58CD67-0AA8-4FE9-ACB8-CDA1BDF88E14}.Release|x64.Build.0 = Release|x64
		{4F58CD67-0AA8-4FE9-ACB8-CDA1BDF88E14}.Release|x86.ActiveCfg = Release|Win32
		{4F58CD67-0AA8-4FE9-ACB8-CDA1BDF88E14}.Release|x86.Build.0 = Release|Win32
		{4F58CD67-0AA8-4FE9-ACB8-CDA1BDF88E14}.RelWithDebInfo|x64.ActiveCfg = Release|x64
		{4F58CD67-0AA8-4FE9-ACB8-CDA1BDF88E14}.RelWithDebInfo|x64.Build.0 = Release|x64
		{4F58CD67-0AA8-4FE9-ACB8-CDA1BDF88E14}.RelWithDebInfo|x86.ActiveCfg = Release|Win32
		{4F58CD67-0AA8-4FE9-ACB8-CDA1BDF88E14}.RelWithDebInfo|x86.Build.0 = Release|Win32
		{8D617A32-04C2-4B1C-B932-60EAB5CCBA04}.Debug|x64.ActiveCfg = Debug|x64
		{8D617A32-04C2-4B1C-B932-60EAB5CCBA04}.Debug|x64.Build.0 = Debug|x64
		{8D617A32-04C2-4B1C-B932-60EAB5CCBA04}.Debug|x86.ActiveCfg = Debug|Win32
		{8D617A32-04C2-4B1C-B932-60EAB5CCBA04}.Debug|x86.Build.0 = Debug|Win32
		{8D617A32-04C2-4B1C-B932-60EAB5CCBA04}.MinSizeRel|x64.ActiveCfg = Release|x64
		{8D617A32-04C2-4B1C-B932-60EAB5CCBA04}.MinSizeRel|x64.Build.0 = Release|x64
		{8D617A32-04C2-4B1C-B932-60EAB5CCBA04}.MinSizeRel|x86.ActiveCfg = Release|Win32
		{8D617A32-04C2-4B1C-B932-60EAB5CCBA04}.MinSizeRel|x86.Build.0 = Release|Win32
		{8D617A32-04C2-4B1C-B932-60EAB5CCBA04}.Release|x64.ActiveCfg = Release|x64
		{8D617A32-04C2-4B1C-B932-60EAB5CCBA04}.Release|x64.Build.0 = Release|x64
		{8D617A32-04C2-4B1C-B932-60EAB5CCBA04}.Release|x86.ActiveCfg = Release|Win32
		{8D617A32-04C2-4B1C-B932-60EAB5CCBA04}.Release|x86.Build.0 = Release|Win32
		{8D617A32-04C2-4B1C-B932-60EAB5CCBA04}.RelWithDebInfo|x64.ActiveCfg = Release|x64
		{8D617A32-04C2-4B1C-B932-60EAB5CCBA04}.RelWithDebInfo|x64.Build.0 = Release|x64
		{8D617A32-04C2-4B1C-B932-60EAB5CCBA04}.RelWithDebInfo|x86.ActiveCfg = Release|Win32
		{8D617A32-04C2-4B1C-B932-60EAB5CCBA04}.RelWithDebInfo|x86.Build.0 = Release|Win32
		{DB280160-0076-49C1-9BC6-2DFF820BD61C}.Debug|x64.ActiveCfg = Debug|x64
		{DB280160-0076-49C1-9BC6-2DFF820BD61C}.Debug|x64.Build.0 = Debug|x64
		{DB280160-0076-49C1-9BC6-2DFF820BD61C}.Debug|x86.ActiveCfg = Debug|Win32
		{DB280160-0076-49C1-9BC6-2DFF820BD61C}.Debug|x86.Build.0 = Debug|Win32
		{DB280160-0076-49C1-9BC6-2DFF820BD61C}.MinSizeRel|x64.ActiveCfg = Release|x64
		{DB280160-0076-49C1-9BC6-2DFF820BD61C}.MinSizeRel|x64.Build.0 = Release|x64
		{DB280160-0076-49C1-9BC6-2DFF820BD61C}.MinSizeRel|x86.ActiveCfg = Release|Win32
		{DB280160-0076-49C1-9BC6-2DFF820BD61C}.MinSizeRel|x86.Build.0 = Release|Win32
		{DB280160-0076-49C1-9BC6-2DFF820BD61C}.Release|x64.ActiveCfg = Release|x64
		{DB280160-0076-49C1-9BC6-2DFF820BD61C}.Release|x64.Build.0 = Release|x64
		{DB280160-0076-49C1-9BC6-2DFF820BD61C}.Release|x86.ActiveCfg = Release|Win32
		{DB280160-0076-49C1-9BC6-2DFF820BD61C}.Release|x86.Build.0 = Release|Win32
		{DB280160-0076-49C1-9BC6-2DFF820BD61C}.RelWithDebInfo|x64.ActiveCfg = Release|x64
		{DB280160-0076-49C1-9BC6-2DFF820BD61C}.RelWithDebInfo|x64.Build.0 = Release|x64
		{DB280160-0076-49C1-9BC6-2DFF820BD61C}.RelWithDebInfo|x86.ActiveCfg = Release|Win32
		{DB280160-0076-49C1-9BC6-2DFF820BD61C}.RelWithDebInfo|x86.Build.0 = Release|Win32
		{0AF51930-759C-4389-8420-2BF6CB10BEFF}.Debug|x64.ActiveCfg = Debug|x64
		{0AF51930-759C-4389-8420-2BF6CB10BEFF}.Debug|x64.Build.0 = Debug|x64
		{0AF51930-759C-4389-8420-2BF6CB10BEFF}.Debug|x86.ActiveCfg = Debug|Win32
		{0AF51930-759C-4389-8420-2BF6CB10BEFF}.Debug|x86.Build.0 = Debug|Win32
		{0AF51930-759C-4389-8420-2BF6CB10BEFF}.MinSizeRel|x64.ActiveCfg = Release|Win32
		{0AF51930-759C-4389-8420-2BF6CB10BEFF}.MinSizeRel|x64.Build.0 = Release|Win32
		{0AF51930-759C-4389-8420-2BF6CB10BEFF}.MinSizeRel|x86.ActiveCfg = Release|Win32
		{0AF51930-759C-4389-8420-2BF6CB10BEFF}.MinSizeRel|x86.Build.0 = Release|Win32
		{0AF51930-759C-4389-8420-2BF6CB10BEFF}.Release|x64.ActiveCfg = Release|x64
		{0AF51930-759C-4389-8420-2BF6CB10BEFF}.Release|x64.Build.0 = Release|x64
		{0AF51930-759C-4389-8420-2BF6CB10BEFF}.Release|x86.ActiveCfg = Release|Win32
		{0AF51930-759C-4389-8420-2BF6CB10BEFF}.Release|x86.Build.0 = Release|Win32
		{0AF51930-759C-4389-8420-2BF6CB10BEFF}.RelWithDebInfo|x64.ActiveCfg = Release|Win32
		{0AF51930-759C-4389-8420-2BF6CB10BEFF}.RelWithDebInfo|x64.Build.0 = Release|Win32
		{0AF51930-759C-4389-8420-2BF6CB10BEFF}.RelWithDebInfo|x86.ActiveCfg = Release|Win32
		{0AF51930-759C-4389-8420-2BF6CB10BEFF}.RelWithDebInfo|x86.Build.0 = Release|Win32
		{637A0E9C-1867-459D-8611-65A064E3B2C2}.Debug|x64.ActiveCfg = Debug|x64
		{637A0E9C-1867-459D-8611-65A064E3B2C2}.Debug|x64.Build.0 = Debug|x64
		{637A0E9C-1867-459D-8611-65A064E3B2C2}.Debug|x86.ActiveCfg = Debug|Win32
		{637A0E9C-1867-459D-8611-65A064E3B2C2}.Debug|x86.Build.0 = Debug|Win32
		{637A0E9C-1867-459D-8611-65A064E3B2C2}.MinSizeRel|x64.ActiveCfg = Release|Win32
		{637A0E9C-1867-459D-8611-65A064E3B2C2}.MinSizeRel|x64.Build.0 = Release|Win32
		{637A0E9C-1867-459D-8611-65A064E3B2C2}.MinSizeRel|x86.ActiveCfg = Release|Win32
		{637A0E9C-1867-459D-8611-65A064E3B2C2}.MinSizeRel|x86.Build.0 = Release|Win32
		{637A0E9C-1867-459D-8611-65A064E3B2C2}.Release|x64.ActiveCfg = Release|x64
		{637A0E9C-1867-459D-8611-65A064E3B2C2}.Release|x64.Build.0 = Release|x64
		{637A0E9C-1867-459D-8611-65A064E3B2C2}.Release|x86.ActiveCfg = Release|Win32
		{637A0E9C-1867-459D-8611-65A064E3B2C2}.Release|x86.Build.0 = Release|Win32
		{637A0E9C-1867-459D-8611-65A064E3B2C2}.RelWithDebInfo|x64.ActiveCfg = Release|Win32
		{637A0E9C-1867-459D-8611-65A064E3B2C2}.RelWithDebInfo|x64.Build.0 = Release|Win32
		{637A0E9C-1867-459D-8611-65A064E3B2C2}.RelWithDebInfo|x86.ActiveCfg = Release|Win32
		{637A0E9C-1867-459D-8611-65A064E3B2C2}.RelWithDebInfo|x86.Build.0 = Release|Win32
		{956BF94F-151C-42A5-A699-16949A4C8A54}.Debug|x64.ActiveCfg = Debug|x64
		{956BF94F-151C-42A5-A699-16949A4C8A54}.Debug|x64.Build.0 = Debug|x64
		{956BF94F-151C-42A5-A699-16949A4C8A54}.Debug|x86.ActiveCfg = Debug|Win32
		{956BF94F-151C-42A5-A699-16949A4C8A54}.Debug|x86.Build.0 = Debug|Win32
		{956BF94F-151C-42A5-A699-16949A4C8A54}.MinSizeRel|x64.ActiveCfg = Release|Win32
		{956BF94F-151C-42A5-A699-16949A4C8A54}.MinSizeRel|x64.Build.0 = Release|Win32
		{956BF94F-151C-42A5-A699-16949A4C8A54}.MinSizeRel|x86.ActiveCfg = Release|Win32
		{956BF94F-151C-42A5-A699-16949A4C8A54}.MinSizeRel|x86.Build.0 = Release|Win32
		{956BF94F-151C-42A5-A699-16949A4C8A54}.Release|x64.ActiveCfg = Release|Win32
		{956BF94F-151C-42A5-A699-16949A4C8A54}.Release|x86.ActiveCfg = Release|Win32
		{956BF94F-151C-42A5-A699-16949A4C8A54}.Release|x86.Build.0 = Release|Win32
		{956BF94F-151C-42A5-A699-16949A4C8A54}.RelWithDebInfo|x64.ActiveCfg = Release|Win32
		{956BF94F-151C-42A5-A699-16949A4C8A54}.RelWithDebInfo|x64.Build.0 = Release|Win32
		{956BF94F-151C-42A5-A699-16949A4C8A54}.RelWithDebInfo|x86.ActiveCfg = Release|Win32
		{956BF94F-151C-42A5-A699-16949A4C8A54}.RelWithDebInfo|x86.Build.0 = Release|Win32
		{A9AF029B-59CB-45AD-B4FB-5CF528D5E5FA}.Debug|x64.ActiveCfg = Debug|x64
		{A9AF029B-59CB-45AD-B4FB-5CF528D5E5FA}.Debug|x64.Build.0 = Debug|x64
		{A9AF029B-59CB-45AD-B4FB-5CF528D5E5FA}.Debug|x86.ActiveCfg = Debug|Win32
		{A9AF029B-59CB-45AD-B4FB-5CF528D5E5FA}.Debug|x86.Build.0 = Debug|Win32
		{A9AF029B-59CB-45AD-B4FB-5CF528D5E5FA}.MinSizeRel|x64.ActiveCfg = Release|x64
		{A9AF029B-59CB-45AD-B4FB-5CF528D5E5FA}.MinSizeRel|x64.Build.0 = Release|x64
		{A9AF029B-59CB-45AD-B4FB-5CF528D5E5FA}.MinSizeRel|x86.ActiveCfg = Release|Win32
		{A9AF029B-59CB-45AD-B4FB-5CF528D5E5FA}.MinSizeRel|x86.Build.0 = Release|Win32
		{A9AF029B-59CB-45AD-B4FB-5CF528D5E5FA}.Release|x64.ActiveCfg = Release|x64
		{A9AF029B-59CB-45AD-B4FB-5CF528D5E5FA}.Release|x64.Build.0 = Release|x64
		{A9AF029B-59CB-45AD-B4FB-5CF528D5E5FA}.Release|x86.ActiveCfg = Release|Win32
		{A9AF029B-59CB-45AD-B4FB-5CF528D5E5FA}.Release|x86.Build.0 = Release|Win32
		{A9AF029B-59CB-45AD-B4FB-5CF528D5E5FA}.RelWithDebInfo|x64.ActiveCfg = Release|x64
		{A9AF029B-59CB-45AD-B4FB-5CF528D5E5FA}.RelWithDebInfo|x64.Build.0 = Release|x64
		{A9AF029B-59CB-45AD-B4FB-5CF528D5E5FA}.RelWithDebInfo|x86.ActiveCfg = Release|Win32
		{A9AF029B-59CB-45AD-B4FB-5CF528D5E5FA}.RelWithDebInfo|x86.Build.0 = Release|Win32
		{381EFBED-A988-4A2D-82C9-07900F0AE7E8}.Debug|x64.ActiveCfg = Debug|x64
		{381EFBED-A988-4A2D-82C9-07900F0AE7E8}.Debug|x64.Build.0 = Debug|x64
		{381EFBED-A988-4A2D-82C9-07900F0AE7E8}.Debug|x86.ActiveCfg = Debug|Win32
		{381EFBED-A988-4A2D-82C9-07900F0AE7E8}.Debug|x86.Build.0 = Debug|Win32
		{381EFBED-A988-4A2D-82C9-07900F0AE7E8}.MinSizeRel|x64.ActiveCfg = Release|x64
		{381EFBED-A988-4A2D-82C9-07900F0AE7E8}.MinSizeRel|x64.Build.0 = Release|x64
		{381EFBED-A988-4A2D-82C9-07900F0AE7E8}.MinSizeRel|x86.ActiveCfg = Release|Win32
		{381EFBED-A988-4A2D-82C9-07900F0AE7E8}.MinSizeRel|x86.Build.0 = Release|Win32
		{381EFBED-A988-4A2D-82C9-07900F0AE7E8}.Release|x64.ActiveCfg = Release|x64
		{381EFBED-A988-4A2D-82C9-07900F0AE7E8}.Release|x64.Build.0 = Release|x64
		{381EFBED-A988-4A2D-82C9-07900F0AE7E8}.Release|x86.ActiveCfg = Release|Win32
		{381EFBED-A988-4A2D-82C9-07900F0AE7E8}.Release|x86.Build.0 = Release|Win32
		{381EFBED-A988-4A2D-82C9-07900F0AE7E8}.RelWithDebInfo|x64.ActiveCfg = Release|x64
		{381EFBED-A988-4A2D-82C9-07900F0AE7E8}.RelWithDebInfo|x64.Build.0 = Release|x64
		{381EFBED-A988-4A2D-82C9-07900F0AE7E8}.RelWithDebInfo|x86.ActiveCfg = Release|Win32
		{381EFBED-A988-4A2D-82C9-07900F0AE7E8}.RelWithDebInfo|x86.Build.0 = Release|Win32
		{58617BD0-9AC3-4D6C-BF12-3C9C7CB79946}.Debug|x64.ActiveCfg = Debug|x64
		{58617BD0-9AC3-4D6C-BF12-3C9C7CB79946}.Debug|x64.Build.0 = Debug|x64
		{58617BD0-9AC3-4D6C-BF12-3C9C7CB79946}.Debug|x86.ActiveCfg = Debug|Win32
		{58617BD0-9AC3-4D6C-BF12-3C9C7CB79946}.Debug|x86.Build.0 = Debug|Win32
		{58617BD0-9AC3-4D6C-BF12-3C9C7CB79946}.MinSizeRel|x64.ActiveCfg = Release|x64
		{58617BD0-9AC3-4D6C-BF12-3C9C7CB79946}.MinSizeRel|x64.Build.0 = Release|x64
		{58617BD0-9AC3-4D6C-BF12-3C9C7CB79946}.MinSizeRel|x86.ActiveCfg = Release|Win32
		{58617BD0-9AC3-4D6C-BF12-3C9C7CB79946}.MinSizeRel|x86.Build.0 = Release|Win32
		{58617BD0-9AC3-4D6C-BF12-3C9C7CB79946}.Release|x64.ActiveCfg = Release|x64
		{58617BD0-9AC3-4D6C-BF12-3C9C7CB79946}.Release|x64.Build.0 = Release|x64
		{58617BD0-9AC3-4D6C-BF12-3C9C7CB79946}.Release|x86.ActiveCfg = Release|Win32
		{58617BD0-9AC3-4D6C-BF12-3C9C7CB79946}.Release|x86.Build.0 = Release|Win32
		{58617BD0-9AC3-4D6C-BF12-3C9C7CB79946}.RelWithDebInfo|x64.ActiveCfg = Release|x64
		{58617BD0-9AC3-4D6C-BF12-3C9C7CB79946}.RelWithDebInfo|x64.Build.0 = Release|x64
		{58617BD0-9AC3-4D6C-BF12-3C9C7CB79946}.RelWithDebInfo|x86.ActiveCfg = Release|Win32
		{58617BD0-9AC3-4D6C-BF12-3C9C7CB79946}.RelWithDebInfo|x86.Build.0 = Release|Win32
	EndGlobalSection
	GlobalSection(SolutionProperties) = preSolution
		HideSolutionNode = FALSE
	EndGlobalSection
	GlobalSection(NestedProjects) = preSolution
		{DB280160-0076-49C1-9BC6-2DFF820BD61C} = {E9B139DA-4EF7-427C-9EAB-EB114706F506}
		{0AF51930-759C-4389-8420-2BF6CB10BEFF} = {E9B139DA-4EF7-427C-9EAB-EB114706F506}
		{637A0E9C-1867-459D-8611-65A064E3B2C2} = {E9B139DA-4EF7-427C-9EAB-EB114706F506}
		{956BF94F-151C-42A5-A699-16949A4C8A54} = {E9B139DA-4EF7-427C-9EAB-EB114706F506}
		{A9AF029B-59CB-45AD-B4FB-5CF528D5E5FA} = {E9B139DA-4EF7-427C-9EAB-EB114706F506}
		{381EFBED-A988-4A2D-82C9-07900F0AE7E8} = {E9B139DA-4EF7-427C-9EAB-EB114706F506}
		{58617BD0-9AC3-4D6C-BF12-3C9C7CB79946} = {E9B139DA-4EF7-427C-9EAB-EB114706F506}
	EndGlobalSection
	GlobalSection(ExtensibilityGlobals) = postSolution
		SolutionGuid = {6AD5F34F-BF5A-4C5D-B926-540A4FD62971}
	EndGlobalSection
EndGlobal
