
Microsoft Visual Studio Solution File, Format Version 12.00
# Visual Studio Version 16
VisualStudioVersion = 16.0.30225.117
MinimumVisualStudioVersion = 10.0.40219.1
Project("{2150E333-8FDC-42A3-9474-1A3956D46DE8}") = "3rd", "3rd", "{E9B139DA-4EF7-427C-9EAB-EB114706F506}"
EndProject
Project("{8BC9CEB8-8B4A-11D0-8D11-00A0C91BC942}") = "tantien", "projects\tantien.vcxproj", "{8D617A32-04C2-4B1C-B932-60EAB5CCBA04}"
EndProject
Project("{8BC9CEB8-8B4A-11D0-8D11-00A0C91BC942}") = "gl3w", "projects\gl3w.vcxproj", "{DB280160-0076-49C1-9BC6-2DFF820BD61C}"
EndProject
Project("{8BC9CEB8-8B4A-11D0-8D11-00A0C91BC942}") = "shadertrans", "..\..\thirdparty\shadertrans\platform\msvc\projects\shadertrans_new.vcxproj", "{0AF51930-759C-4389-8420-2BF6CB10BEFF}"
EndProject
Project("{8BC9CEB8-8B4A-11D0-8D11-00A0C91BC942}") = "unirender", "..\..\thirdparty\unirender\platform\msvc\projects\unirender_new.vcxproj", "{637A0E9C-1867-459D-8611-65A064E3B2C2}"
EndProject
Project("{8BC9CEB8-8B4A-11D0-8D11-00A0C91BC942}") = "vessel", "..\..\thirdparty\vessel\build\msvc\projects\vessel.vcxproj", "{956BF94F-151C-42A5-A699-16949A4C8A54}"
EndProject
Project("{8BC9CEB8-8B4A-11D0-8D11-00A0C91BC942}") = "tessellation", "..\..\thirdparty\tessellation\platform\msvc\projects\tessellation_new.vcxproj", "{A9AF029B-59CB-45AD-B4FB-5CF528D5E5FA}"
EndProject
Project("{8BC9CEB8-8B4A-11D0-8D11-00A0C91BC942}") = "sm", "projects\sm.vcxproj", "{381EFBED-A988-4A2D-82C9-07900F0AE7E8}"
EndProject
Project("{8BC9CEB8-8B4A-11D0-8D11-00A0C91BC942}") = "primitive", "..\..\thirdparty\primitive\platform\msvc\projects\primitive_new.vcxproj", "{58617BD0-9AC3-4D6C-BF12-3C9C7CB79946}"
EndProject
Project("{8BC9CEB8-8B4A-11D0-8D11-00A0C91BC942}") = "test", "projects\script.vcxproj", "{8B0FF308-47CA-4F4B-9CEA-79E2AE5BBC18}"
EndProject
Project("{8BC9CEB8-8B4A-11D0-8D11-00A0C91BC942}") = "gtxt", "projects\gtxt.vcxproj", "{1D4A131A-D03B-4215-BD90-34A2FC3AB261}"
EndProject
Project("{8BC9CEB8-8B4A-11D0-8D11-00A0C91BC942}") = "fs", "projects\fs.vcxproj", "{646199D5-0810-4721-99E4-C0F6FAB9408C}"
EndProject
Project("{8BC9CEB8-8B4A-11D0-8D11-00A0C91BC942}") = "ds", "projects\ds.vcxproj", "{62718CA5-428A-41C6-85F3-40631F303EBE}"
EndProject
Project("{8BC9CEB8-8B4A-11D0-8D11-00A0C91BC942}") = "texpack", "projects\texpack.vcxproj", "{FB4E2BA0-1AD1-4E00-9E01-131731641918}"
EndProject
Project("{8BC9CEB8-8B4A-11D0-8D11-00A0C91BC942}") = "dtex", "..\..\thirdparty\dtex\platform\msvc\projects\dtex_new.vcxproj", "{777BAF91-DC51-4EEF-8F46-6502630063A2}"
EndProject
Project("{8BC9CEB8-8B4A-11D0-8D11-00A0C91BC942}") = "geoshape", "..\..\thirdparty\geoshape\platform\msvc\projects\geoshape_new.vcxproj", "{C1F3E970-2908-47E6-B884-F56A9926F313}"
EndProject
Project("{8BC9CEB8-8B4A-11D0-8D11-00A0C91BC942}") = "easygui", "..\..\thirdparty\easygui\platform\msvc\projects\easygui_new.vcxproj", "{5130E358-9E8F-40A1-99C0-41F4FEEA5938}"
EndProject
Project("{8BC9CEB8-8B4A-11D0-8D11-00A0C91BC942}") = "gimg", "projects\gimg.vcxproj", "{DB218925-2277-46F1-9039-1451603EE501}"
EndProject
Project("{8BC9CEB8-8B4A-11D0-8D11-00A0C91BC942}") = "logger", "projects\logger.vcxproj", "{B849151F-F797-4373-B424-847D13ADE4F5}"
EndProject
Project("{8BC9CEB8-8B4A-11D0-8D11-00A0C91BC942}") = "rg-etc1", "projects\rg-etc1.vcxproj", "{F3AC52E3-014E-4F76-853F-6BF9B71B47F3}"
EndProject
Project("{8BC9CEB8-8B4A-11D0-8D11-00A0C91BC942}") = "etcpack", "projects\etcpack.vcxproj", "{C1F6DB5E-E846-4FC9-BD3F-CDA684D1BF60}"
EndProject
Project("{8BC9CEB8-8B4A-11D0-8D11-00A0C91BC942}") = "editor", "projects\editor.vcxproj", "{CD2B2319-A388-4758-91D1-B32910D6DA22}"
EndProject
Project("{8BC9CEB8-8B4A-11D0-8D11-00A0C91BC942}") = "model", "..\..\thirdparty\model\platform\msvc\projects\model_new.vcxproj", "{248A1E4A-87EB-45CF-A10F-BAB452C0098F}"
EndProject
Project("{8BC9CEB8-8B4A-11D0-8D11-00A0C91BC942}") = "guard", "..\..\thirdparty\guard\platform\msvc\projects\guard_new.vcxproj", "{C6CEB0AD-1D44-481F-8F05-F4EEEF942CC8}"
EndProject
Project("{8BC9CEB8-8B4A-11D0-8D11-00A0C91BC942}") = "polymesh3", "..\..\thirdparty\polymesh3\platform\msvc\projects\polymesh3_new.vcxproj", "{AEC6177D-1AC8-4DB1-8B20-07CABBD69FB8}"
EndProject
Project("{8BC9CEB8-8B4A-11D0-8D11-00A0C91BC942}") = "halfedge", "..\..\thirdparty\halfedge\platform\msvc\projects\halfedge_new.vcxproj", "{DE81A903-BD00-4BC4-BBC5-F48DAE4738F8}"
EndProject
Project("{8BC9CEB8-8B4A-11D0-8D11-00A0C91BC942}") = "shaderlink", "..\..\thirdparty\shaderlink\platform\msvc\projects\shaderlink.vcxproj", "{8013DF52-454D-4F3B-B48B-88426F55BFF5}"
EndProject
Project("{8BC9CEB8-8B4A-11D0-8D11-00A0C91BC942}") = "SpvGenTwoLib", "..\..\thirdparty\shadertrans\external\SpvGenTwo\cmake_out\SpvGenTwoLib.vcxproj", "{AA802BB8-EDEB-34D7-B2F1-EA3339289CE3}"
EndProject
Project("{8BC9CEB8-8B4A-11D0-8D11-00A0C91BC942}") = "SpvGenTwoCommon", "..\..\thirdparty\shadertrans\external\SpvGenTwo\cmake_out\SpvGenTwoCommon.vcxproj", "{6FD16473-D97B-3C91-A52A-E81501FFBB22}"
EndProject
Project("{8BC9CEB8-8B4A-11D0-8D11-00A0C91BC942}") = "spirv-cross-core", "..\..\thirdparty\shadertrans\external\SPIRV-Cross\cmake_out\spirv-cross-core.vcxproj", "{4FD7B7A9-A780-3845-AA5E-46F1BA109734}"
EndProject
Project("{8BC9CEB8-8B4A-11D0-8D11-00A0C91BC942}") = "spirv-cross-glsl", "..\..\thirdparty\shadertrans\external\SPIRV-Cross\cmake_out\spirv-cross-glsl.vcxproj", "{2A00037A-353F-3329-9A2F-590327D1E083}"
EndProject
Project("{8BC9CEB8-8B4A-11D0-8D11-00A0C91BC942}") = "spirv-cross-util", "..\..\thirdparty\shadertrans\external\SPIRV-Cross\cmake_out\spirv-cross-util.vcxproj", "{0EB2D8F7-27FC-3A29-8C95-82082C9A9FB4}"
EndProject
Project("{2150E333-8FDC-42A3-9474-1A3956D46DE8}") = "spirv", "spirv", "{538685AE-FB0A-4D36-AE53-C501DBFDCC9E}"
EndProject
Project("{8BC9CEB8-8B4A-11D0-8D11-00A0C91BC942}") = "SPIRV-Tools-link", "..\..\thirdparty\shadertrans\external\SPIRV-Tools\cmake_out\source\link\SPIRV-Tools-link.vcxproj", "{4E6BEA67-0853-3D8A-A681-93B55A47D2F1}"
EndProject
Project("{8BC9CEB8-8B4A-11D0-8D11-00A0C91BC942}") = "SPIRV-Tools-static", "..\..\thirdparty\shadertrans\external\SPIRV-Tools\cmake_out\source\SPIRV-Tools-static.vcxproj", "{502C0382-3389-3849-B873-BF04CC54AD59}"
EndProject
Project("{8BC9CEB8-8B4A-11D0-8D11-00A0C91BC942}") = "SPIRV-Tools-opt", "..\..\thirdparty\shadertrans\external\SPIRV-Tools\cmake_out\source\opt\SPIRV-Tools-opt.vcxproj", "{386D45BA-57D8-31D3-BC43-465CE744B459}"
EndProject
Project("{8BC9CEB8-8B4A-11D0-8D11-00A0C91BC942}") = "uniphysics", "..\..\thirdparty\uniphysics\platform\msvc\projects\uniphysics.vcxproj", "{A94BC06E-93B2-4F30-AB4E-7D677A1D5B54}"
EndProject
Project("{8BC9CEB8-8B4A-11D0-8D11-00A0C91BC942}") = "constraints2", "..\..\thirdparty\constraints2\platform\msvc\projects\constraints2.vcxproj", "{20626774-7F09-4761-986E-D18D4668968D}"
EndProject
Project("{8BC9CEB8-8B4A-11D0-8D11-00A0C91BC942}") = "heightfield", "..\..\thirdparty\heightfield\platform\msvc\projects\heightfield_new.vcxproj", "{9E60F2DA-CCB3-4B66-984D-0BF28A862ACF}"
EndProject
Global
	GlobalSection(SolutionConfigurationPlatforms) = preSolution
		Debug|x64 = Debug|x64
		Debug|x86 = Debug|x86
		MinSizeRel|x64 = MinSizeRel|x64
		MinSizeRel|x86 = MinSizeRel|x86
		Release|x64 = Release|x64
		Release|x86 = Release|x86
		RelWithDebInfo|x64 = RelWithDebInfo|x64
		RelWithDebInfo|x86 = RelWithDebInfo|x86
	EndGlobalSection
	GlobalSection(ProjectConfigurationPlatforms) = postSolution
		{8D617A32-04C2-4B1C-B932-60EAB5CCBA04}.Debug|x64.ActiveCfg = Debug|x64
		{8D617A32-04C2-4B1C-B932-60EAB5CCBA04}.Debug|x64.Build.0 = Debug|x64
		{8D617A32-04C2-4B1C-B932-60EAB5CCBA04}.Debug|x86.ActiveCfg = Debug|Win32
		{8D617A32-04C2-4B1C-B932-60EAB5CCBA04}.Debug|x86.Build.0 = Debug|Win32
		{8D617A32-04C2-4B1C-B932-60EAB5CCBA04}.MinSizeRel|x64.ActiveCfg = Release|x64
		{8D617A32-04C2-4B1C-B932-60EAB5CCBA04}.MinSizeRel|x64.Build.0 = Release|x64
		{8D617A32-04C2-4B1C-B932-60EAB5CCBA04}.MinSizeRel|x86.ActiveCfg = Release|Win32
		{8D617A32-04C2-4B1C-B932-60EAB5CCBA04}.MinSizeRel|x86.Build.0 = Release|Win32
		{8D617A32-04C2-4B1C-B932-60EAB5CCBA04}.Release|x64.ActiveCfg = Release|x64
		{8D617A32-04C2-4B1C-B932-60EAB5CCBA04}.Release|x64.Build.0 = Release|x64
		{8D617A32-04C2-4B1C-B932-60EAB5CCBA04}.Release|x86.ActiveCfg = Release|Win32
		{8D617A32-04C2-4B1C-B932-60EAB5CCBA04}.Release|x86.Build.0 = Release|Win32
		{8D617A32-04C2-4B1C-B932-60EAB5CCBA04}.RelWithDebInfo|x64.ActiveCfg = Release|x64
		{8D617A32-04C2-4B1C-B932-60EAB5CCBA04}.RelWithDebInfo|x64.Build.0 = Release|x64
		{8D617A32-04C2-4B1C-B932-60EAB5CCBA04}.RelWithDebInfo|x86.ActiveCfg = Release|Win32
		{8D617A32-04C2-4B1C-B932-60EAB5CCBA04}.RelWithDebInfo|x86.Build.0 = Release|Win32
		{DB280160-0076-49C1-9BC6-2DFF820BD61C}.Debug|x64.ActiveCfg = Debug|x64
		{DB280160-0076-49C1-9BC6-2DFF820BD61C}.Debug|x64.Build.0 = Debug|x64
		{DB280160-0076-49C1-9BC6-2DFF820BD61C}.Debug|x86.ActiveCfg = Debug|Win32
		{DB280160-0076-49C1-9BC6-2DFF820BD61C}.Debug|x86.Build.0 = Debug|Win32
		{DB280160-0076-49C1-9BC6-2DFF820BD61C}.MinSizeRel|x64.ActiveCfg = Release|x64
		{DB280160-0076-49C1-9BC6-2DFF820BD61C}.MinSizeRel|x64.Build.0 = Release|x64
		{DB280160-0076-49C1-9BC6-2DFF820BD61C}.MinSizeRel|x86.ActiveCfg = Release|Win32
		{DB280160-0076-49C1-9BC6-2DFF820BD61C}.MinSizeRel|x86.Build.0 = Release|Win32
		{DB280160-0076-49C1-9BC6-2DFF820BD61C}.Release|x64.ActiveCfg = Release|x64
		{DB280160-0076-49C1-9BC6-2DFF820BD61C}.Release|x64.Build.0 = Release|x64
		{DB280160-0076-49C1-9BC6-2DFF820BD61C}.Release|x86.ActiveCfg = Release|Win32
		{DB280160-0076-49C1-9BC6-2DFF820BD61C}.Release|x86.Build.0 = Release|Win32
		{DB280160-0076-49C1-9BC6-2DFF820BD61C}.RelWithDebInfo|x64.ActiveCfg = Release|x64
		{DB280160-0076-49C1-9BC6-2DFF820BD61C}.RelWithDebInfo|x64.Build.0 = Release|x64
		{DB280160-0076-49C1-9BC6-2DFF820BD61C}.RelWithDebInfo|x86.ActiveCfg = Release|Win32
		{DB280160-0076-49C1-9BC6-2DFF820BD61C}.RelWithDebInfo|x86.Build.0 = Release|Win32
		{0AF51930-759C-4389-8420-2BF6CB10BEFF}.Debug|x64.ActiveCfg = Debug|x64
		{0AF51930-759C-4389-8420-2BF6CB10BEFF}.Debug|x64.Build.0 = Debug|x64
		{0AF51930-759C-4389-8420-2BF6CB10BEFF}.Debug|x86.ActiveCfg = Debug|Win32
		{0AF51930-759C-4389-8420-2BF6CB10BEFF}.Debug|x86.Build.0 = Debug|Win32
		{0AF51930-759C-4389-8420-2BF6CB10BEFF}.MinSizeRel|x64.ActiveCfg = Release|Win32
		{0AF51930-759C-4389-8420-2BF6CB10BEFF}.MinSizeRel|x64.Build.0 = Release|Win32
		{0AF51930-759C-4389-8420-2BF6CB10BEFF}.MinSizeRel|x86.ActiveCfg = Release|Win32
		{0AF51930-759C-4389-8420-2BF6CB10BEFF}.MinSizeRel|x86.Build.0 = Release|Win32
		{0AF51930-759C-4389-8420-2BF6CB10BEFF}.Release|x64.ActiveCfg = Release|x64
		{0AF51930-759C-4389-8420-2BF6CB10BEFF}.Release|x64.Build.0 = Release|x64
		{0AF51930-759C-4389-8420-2BF6CB10BEFF}.Release|x86.ActiveCfg = Release|Win32
		{0AF51930-759C-4389-8420-2BF6CB10BEFF}.Release|x86.Build.0 = Release|Win32
		{0AF51930-759C-4389-8420-2BF6CB10BEFF}.RelWithDebInfo|x64.ActiveCfg = Release|Win32
		{0AF51930-759C-4389-8420-2BF6CB10BEFF}.RelWithDebInfo|x64.Build.0 = Release|Win32
		{0AF51930-759C-4389-8420-2BF6CB10BEFF}.RelWithDebInfo|x86.ActiveCfg = Release|Win32
		{0AF51930-759C-4389-8420-2BF6CB10BEFF}.RelWithDebInfo|x86.Build.0 = Release|Win32
		{637A0E9C-1867-459D-8611-65A064E3B2C2}.Debug|x64.ActiveCfg = Debug|x64
		{637A0E9C-1867-459D-8611-65A064E3B2C2}.Debug|x64.Build.0 = Debug|x64
		{637A0E9C-1867-459D-8611-65A064E3B2C2}.Debug|x86.ActiveCfg = Debug|Win32
		{637A0E9C-1867-459D-8611-65A064E3B2C2}.Debug|x86.Build.0 = Debug|Win32
		{637A0E9C-1867-459D-8611-65A064E3B2C2}.MinSizeRel|x64.ActiveCfg = Release|Win32
		{637A0E9C-1867-459D-8611-65A064E3B2C2}.MinSizeRel|x64.Build.0 = Release|Win32
		{637A0E9C-1867-459D-8611-65A064E3B2C2}.MinSizeRel|x86.ActiveCfg = Release|Win32
		{637A0E9C-1867-459D-8611-65A064E3B2C2}.MinSizeRel|x86.Build.0 = Release|Win32
		{637A0E9C-1867-459D-8611-65A064E3B2C2}.Release|x64.ActiveCfg = Release|x64
		{637A0E9C-1867-459D-8611-65A064E3B2C2}.Release|x64.Build.0 = Release|x64
		{637A0E9C-1867-459D-8611-65A064E3B2C2}.Release|x86.ActiveCfg = Release|Win32
		{637A0E9C-1867-459D-8611-65A064E3B2C2}.Release|x86.Build.0 = Release|Win32
		{637A0E9C-1867-459D-8611-65A064E3B2C2}.RelWithDebInfo|x64.ActiveCfg = Release|Win32
		{637A0E9C-1867-459D-8611-65A064E3B2C2}.RelWithDebInfo|x64.Build.0 = Release|Win32
		{637A0E9C-1867-459D-8611-65A064E3B2C2}.RelWithDebInfo|x86.ActiveCfg = Release|Win32
		{637A0E9C-1867-459D-8611-65A064E3B2C2}.RelWithDebInfo|x86.Build.0 = Release|Win32
		{956BF94F-151C-42A5-A699-16949A4C8A54}.Debug|x64.ActiveCfg = Debug|x64
		{956BF94F-151C-42A5-A699-16949A4C8A54}.Debug|x64.Build.0 = Debug|x64
		{956BF94F-151C-42A5-A699-16949A4C8A54}.Debug|x86.ActiveCfg = Debug|Win32
		{956BF94F-151C-42A5-A699-16949A4C8A54}.Debug|x86.Build.0 = Debug|Win32
		{956BF94F-151C-42A5-A699-16949A4C8A54}.MinSizeRel|x64.ActiveCfg = Release|Win32
		{956BF94F-151C-42A5-A699-16949A4C8A54}.MinSizeRel|x64.Build.0 = Release|Win32
		{956BF94F-151C-42A5-A699-16949A4C8A54}.MinSizeRel|x86.ActiveCfg = Release|Win32
		{956BF94F-151C-42A5-A699-16949A4C8A54}.MinSizeRel|x86.Build.0 = Release|Win32
		{956BF94F-151C-42A5-A699-16949A4C8A54}.Release|x64.ActiveCfg = Release|x64
		{956BF94F-151C-42A5-A699-16949A4C8A54}.Release|x64.Build.0 = Release|x64
		{956BF94F-151C-42A5-A699-16949A4C8A54}.Release|x86.ActiveCfg = Release|Win32
		{956BF94F-151C-42A5-A699-16949A4C8A54}.Release|x86.Build.0 = Release|Win32
		{956BF94F-151C-42A5-A699-16949A4C8A54}.RelWithDebInfo|x64.ActiveCfg = Release|Win32
		{956BF94F-151C-42A5-A699-16949A4C8A54}.RelWithDebInfo|x64.Build.0 = Release|Win32
		{956BF94F-151C-42A5-A699-16949A4C8A54}.RelWithDebInfo|x86.ActiveCfg = Release|Win32
		{956BF94F-151C-42A5-A699-16949A4C8A54}.RelWithDebInfo|x86.Build.0 = Release|Win32
		{A9AF029B-59CB-45AD-B4FB-5CF528D5E5FA}.Debug|x64.ActiveCfg = Debug|x64
		{A9AF029B-59CB-45AD-B4FB-5CF528D5E5FA}.Debug|x64.Build.0 = Debug|x64
		{A9AF029B-59CB-45AD-B4FB-5CF528D5E5FA}.Debug|x86.ActiveCfg = Debug|Win32
		{A9AF029B-59CB-45AD-B4FB-5CF528D5E5FA}.Debug|x86.Build.0 = Debug|Win32
		{A9AF029B-59CB-45AD-B4FB-5CF528D5E5FA}.MinSizeRel|x64.ActiveCfg = Release|x64
		{A9AF029B-59CB-45AD-B4FB-5CF528D5E5FA}.MinSizeRel|x64.Build.0 = Release|x64
		{A9AF029B-59CB-45AD-B4FB-5CF528D5E5FA}.MinSizeRel|x86.ActiveCfg = Release|Win32
		{A9AF029B-59CB-45AD-B4FB-5CF528D5E5FA}.MinSizeRel|x86.Build.0 = Release|Win32
		{A9AF029B-59CB-45AD-B4FB-5CF528D5E5FA}.Release|x64.ActiveCfg = Release|x64
		{A9AF029B-59CB-45AD-B4FB-5CF528D5E5FA}.Release|x64.Build.0 = Release|x64
		{A9AF029B-59CB-45AD-B4FB-5CF528D5E5FA}.Release|x86.ActiveCfg = Release|Win32
		{A9AF029B-59CB-45AD-B4FB-5CF528D5E5FA}.Release|x86.Build.0 = Release|Win32
		{A9AF029B-59CB-45AD-B4FB-5CF528D5E5FA}.RelWithDebInfo|x64.ActiveCfg = Release|x64
		{A9AF029B-59CB-45AD-B4FB-5CF528D5E5FA}.RelWithDebInfo|x64.Build.0 = Release|x64
		{A9AF029B-59CB-45AD-B4FB-5CF528D5E5FA}.RelWithDebInfo|x86.ActiveCfg = Release|Win32
		{A9AF029B-59CB-45AD-B4FB-5CF528D5E5FA}.RelWithDebInfo|x86.Build.0 = Release|Win32
		{381EFBED-A988-4A2D-82C9-07900F0AE7E8}.Debug|x64.ActiveCfg = Debug|x64
		{381EFBED-A988-4A2D-82C9-07900F0AE7E8}.Debug|x64.Build.0 = Debug|x64
		{381EFBED-A988-4A2D-82C9-07900F0AE7E8}.Debug|x86.ActiveCfg = Debug|Win32
		{381EFBED-A988-4A2D-82C9-07900F0AE7E8}.Debug|x86.Build.0 = Debug|Win32
		{381EFBED-A988-4A2D-82C9-07900F0AE7E8}.MinSizeRel|x64.ActiveCfg = Release|x64
		{381EFBED-A988-4A2D-82C9-07900F0AE7E8}.MinSizeRel|x64.Build.0 = Release|x64
		{381EFBED-A988-4A2D-82C9-07900F0AE7E8}.MinSizeRel|x86.ActiveCfg = Release|Win32
		{381EFBED-A988-4A2D-82C9-07900F0AE7E8}.MinSizeRel|x86.Build.0 = Release|Win32
		{381EFBED-A988-4A2D-82C9-07900F0AE7E8}.Release|x64.ActiveCfg = Release|x64
		{381EFBED-A988-4A2D-82C9-07900F0AE7E8}.Release|x64.Build.0 = Release|x64
		{381EFBED-A988-4A2D-82C9-07900F0AE7E8}.Release|x86.ActiveCfg = Release|Win32
		{381EFBED-A988-4A2D-82C9-07900F0AE7E8}.Release|x86.Build.0 = Release|Win32
		{381EFBED-A988-4A2D-82C9-07900F0AE7E8}.RelWithDebInfo|x64.ActiveCfg = Release|x64
		{381EFBED-A988-4A2D-82C9-07900F0AE7E8}.RelWithDebInfo|x64.Build.0 = Release|x64
		{381EFBED-A988-4A2D-82C9-07900F0AE7E8}.RelWithDebInfo|x86.ActiveCfg = Release|Win32
		{381EFBED-A988-4A2D-82C9-07900F0AE7E8}.RelWithDebInfo|x86.Build.0 = Release|Win32
		{58617BD0-9AC3-4D6C-BF12-3C9C7CB79946}.Debug|x64.ActiveCfg = Debug|x64
		{58617BD0-9AC3-4D6C-BF12-3C9C7CB79946}.Debug|x64.Build.0 = Debug|x64
		{58617BD0-9AC3-4D6C-BF12-3C9C7CB79946}.Debug|x86.ActiveCfg = Debug|Win32
		{58617BD0-9AC3-4D6C-BF12-3C9C7CB79946}.Debug|x86.Build.0 = Debug|Win32
		{58617BD0-9AC3-4D6C-BF12-3C9C7CB79946}.MinSizeRel|x64.ActiveCfg = Release|x64
		{58617BD0-9AC3-4D6C-BF12-3C9C7CB79946}.MinSizeRel|x64.Build.0 = Release|x64
		{58617BD0-9AC3-4D6C-BF12-3C9C7CB79946}.MinSizeRel|x86.ActiveCfg = Release|Win32
		{58617BD0-9AC3-4D6C-BF12-3C9C7CB79946}.MinSizeRel|x86.Build.0 = Release|Win32
		{58617BD0-9AC3-4D6C-BF12-3C9C7CB79946}.Release|x64.ActiveCfg = Release|x64
		{58617BD0-9AC3-4D6C-BF12-3C9C7CB79946}.Release|x64.Build.0 = Release|x64
		{58617BD0-9AC3-4D6C-BF12-3C9C7CB79946}.Release|x86.ActiveCfg = Release|Win32
		{58617BD0-9AC3-4D6C-BF12-3C9C7CB79946}.Release|x86.Build.0 = Release|Win32
		{58617BD0-9AC3-4D6C-BF12-3C9C7CB79946}.RelWithDebInfo|x64.ActiveCfg = Release|x64
		{58617BD0-9AC3-4D6C-BF12-3C9C7CB79946}.RelWithDebInfo|x64.Build.0 = Release|x64
		{58617BD0-9AC3-4D6C-BF12-3C9C7CB79946}.RelWithDebInfo|x86.ActiveCfg = Release|Win32
		{58617BD0-9AC3-4D6C-BF12-3C9C7CB79946}.RelWithDebInfo|x86.Build.0 = Release|Win32
		{8B0FF308-47CA-4F4B-9CEA-79E2AE5BBC18}.Debug|x64.ActiveCfg = Debug|x64
		{8B0FF308-47CA-4F4B-9CEA-79E2AE5BBC18}.Debug|x64.Build.0 = Debug|x64
		{8B0FF308-47CA-4F4B-9CEA-79E2AE5BBC18}.Debug|x86.ActiveCfg = Debug|Win32
		{8B0FF308-47CA-4F4B-9CEA-79E2AE5BBC18}.Debug|x86.Build.0 = Debug|Win32
		{8B0FF308-47CA-4F4B-9CEA-79E2AE5BBC18}.MinSizeRel|x64.ActiveCfg = Release|x64
		{8B0FF308-47CA-4F4B-9CEA-79E2AE5BBC18}.MinSizeRel|x64.Build.0 = Release|x64
		{8B0FF308-47CA-4F4B-9CEA-79E2AE5BBC18}.MinSizeRel|x86.ActiveCfg = Release|Win32
		{8B0FF308-47CA-4F4B-9CEA-79E2AE5BBC18}.MinSizeRel|x86.Build.0 = Release|Win32
		{8B0FF308-47CA-4F4B-9CEA-79E2AE5BBC18}.Release|x64.ActiveCfg = Release|x64
		{8B0FF308-47CA-4F4B-9CEA-79E2AE5BBC18}.Release|x64.Build.0 = Release|x64
		{8B0FF308-47CA-4F4B-9CEA-79E2AE5BBC18}.Release|x86.ActiveCfg = Release|Win32
		{8B0FF308-47CA-4F4B-9CEA-79E2AE5BBC18}.Release|x86.Build.0 = Release|Win32
		{8B0FF308-47CA-4F4B-9CEA-79E2AE5BBC18}.RelWithDebInfo|x64.ActiveCfg = Release|x64
		{8B0FF308-47CA-4F4B-9CEA-79E2AE5BBC18}.RelWithDebInfo|x64.Build.0 = Release|x64
		{8B0FF308-47CA-4F4B-9CEA-79E2AE5BBC18}.RelWithDebInfo|x86.ActiveCfg = Release|Win32
		{8B0FF308-47CA-4F4B-9CEA-79E2AE5BBC18}.RelWithDebInfo|x86.Build.0 = Release|Win32
		{1D4A131A-D03B-4215-BD90-34A2FC3AB261}.Debug|x64.ActiveCfg = Debug|x64
		{1D4A131A-D03B-4215-BD90-34A2FC3AB261}.Debug|x64.Build.0 = Debug|x64
		{1D4A131A-D03B-4215-BD90-34A2FC3AB261}.Debug|x86.ActiveCfg = Debug|Win32
		{1D4A131A-D03B-4215-BD90-34A2FC3AB261}.Debug|x86.Build.0 = Debug|Win32
		{1D4A131A-D03B-4215-BD90-34A2FC3AB261}.MinSizeRel|x64.ActiveCfg = Release|x64
		{1D4A131A-D03B-4215-BD90-34A2FC3AB261}.MinSizeRel|x64.Build.0 = Release|x64
		{1D4A131A-D03B-4215-BD90-34A2FC3AB261}.MinSizeRel|x86.ActiveCfg = Release|Win32
		{1D4A131A-D03B-4215-BD90-34A2FC3AB261}.MinSizeRel|x86.Build.0 = Release|Win32
		{1D4A131A-D03B-4215-BD90-34A2FC3AB261}.Release|x64.ActiveCfg = Release|x64
		{1D4A131A-D03B-4215-BD90-34A2FC3AB261}.Release|x64.Build.0 = Release|x64
		{1D4A131A-D03B-4215-BD90-34A2FC3AB261}.Release|x86.ActiveCfg = Release|Win32
		{1D4A131A-D03B-4215-BD90-34A2FC3AB261}.Release|x86.Build.0 = Release|Win32
		{1D4A131A-D03B-4215-BD90-34A2FC3AB261}.RelWithDebInfo|x64.ActiveCfg = Release|x64
		{1D4A131A-D03B-4215-BD90-34A2FC3AB261}.RelWithDebInfo|x64.Build.0 = Release|x64
		{1D4A131A-D03B-4215-BD90-34A2FC3AB261}.RelWithDebInfo|x86.ActiveCfg = Release|Win32
		{1D4A131A-D03B-4215-BD90-34A2FC3AB261}.RelWithDebInfo|x86.Build.0 = Release|Win32
		{646199D5-0810-4721-99E4-C0F6FAB9408C}.Debug|x64.ActiveCfg = Debug|x64
		{646199D5-0810-4721-99E4-C0F6FAB9408C}.Debug|x64.Build.0 = Debug|x64
		{646199D5-0810-4721-99E4-C0F6FAB9408C}.Debug|x86.ActiveCfg = Debug|Win32
		{646199D5-0810-4721-99E4-C0F6FAB9408C}.Debug|x86.Build.0 = Debug|Win32
		{646199D5-0810-4721-99E4-C0F6FAB9408C}.MinSizeRel|x64.ActiveCfg = Release|x64
		{646199D5-0810-4721-99E4-C0F6FAB9408C}.MinSizeRel|x64.Build.0 = Release|x64
		{646199D5-0810-4721-99E4-C0F6FAB9408C}.MinSizeRel|x86.ActiveCfg = Release|Win32
		{646199D5-0810-4721-99E4-C0F6FAB9408C}.MinSizeRel|x86.Build.0 = Release|Win32
		{646199D5-0810-4721-99E4-C0F6FAB9408C}.Release|x64.ActiveCfg = Release|x64
		{646199D5-0810-4721-99E4-C0F6FAB9408C}.Release|x64.Build.0 = Release|x64
		{646199D5-0810-4721-99E4-C0F6FAB9408C}.Release|x86.ActiveCfg = Release|Win32
		{646199D5-0810-4721-99E4-C0F6FAB9408C}.Release|x86.Build.0 = Release|Win32
		{646199D5-0810-4721-99E4-C0F6FAB9408C}.RelWithDebInfo|x64.ActiveCfg = Release|x64
		{646199D5-0810-4721-99E4-C0F6FAB9408C}.RelWithDebInfo|x64.Build.0 = Release|x64
		{646199D5-0810-4721-99E4-C0F6FAB9408C}.RelWithDebInfo|x86.ActiveCfg = Release|Win32
		{646199D5-0810-4721-99E4-C0F6FAB9408C}.RelWithDebInfo|x86.Build.0 = Release|Win32
		{62718CA5-428A-41C6-85F3-40631F303EBE}.Debug|x64.ActiveCfg = Debug|x64
		{62718CA5-428A-41C6-85F3-40631F303EBE}.Debug|x64.Build.0 = Debug|x64
		{62718CA5-428A-41C6-85F3-40631F303EBE}.Debug|x86.ActiveCfg = Debug|Win32
		{62718CA5-428A-41C6-85F3-40631F303EBE}.Debug|x86.Build.0 = Debug|Win32
		{62718CA5-428A-41C6-85F3-40631F303EBE}.MinSizeRel|x64.ActiveCfg = Release|x64
		{62718CA5-428A-41C6-85F3-40631F303EBE}.MinSizeRel|x64.Build.0 = Release|x64
		{62718CA5-428A-41C6-85F3-40631F303EBE}.MinSizeRel|x86.ActiveCfg = Release|Win32
		{62718CA5-428A-41C6-85F3-40631F303EBE}.MinSizeRel|x86.Build.0 = Release|Win32
		{62718CA5-428A-41C6-85F3-40631F303EBE}.Release|x64.ActiveCfg = Release|x64
		{62718CA5-428A-41C6-85F3-40631F303EBE}.Release|x64.Build.0 = Release|x64
		{62718CA5-428A-41C6-85F3-40631F303EBE}.Release|x86.ActiveCfg = Release|Win32
		{62718CA5-428A-41C6-85F3-40631F303EBE}.Release|x86.Build.0 = Release|Win32
		{62718CA5-428A-41C6-85F3-40631F303EBE}.RelWithDebInfo|x64.ActiveCfg = Release|x64
		{62718CA5-428A-41C6-85F3-40631F303EBE}.RelWithDebInfo|x64.Build.0 = Release|x64
		{62718CA5-428A-41C6-85F3-40631F303EBE}.RelWithDebInfo|x86.ActiveCfg = Release|Win32
		{62718CA5-428A-41C6-85F3-40631F303EBE}.RelWithDebInfo|x86.Build.0 = Release|Win32
		{FB4E2BA0-1AD1-4E00-9E01-131731641918}.Debug|x64.ActiveCfg = Debug|x64
		{FB4E2BA0-1AD1-4E00-9E01-131731641918}.Debug|x64.Build.0 = Debug|x64
		{FB4E2BA0-1AD1-4E00-9E01-131731641918}.Debug|x86.ActiveCfg = Debug|Win32
		{FB4E2BA0-1AD1-4E00-9E01-131731641918}.Debug|x86.Build.0 = Debug|Win32
		{FB4E2BA0-1AD1-4E00-9E01-131731641918}.MinSizeRel|x64.ActiveCfg = Release|x64
		{FB4E2BA0-1AD1-4E00-9E01-131731641918}.MinSizeRel|x64.Build.0 = Release|x64
		{FB4E2BA0-1AD1-4E00-9E01-131731641918}.MinSizeRel|x86.ActiveCfg = Release|Win32
		{FB4E2BA0-1AD1-4E00-9E01-131731641918}.MinSizeRel|x86.Build.0 = Release|Win32
		{FB4E2BA0-1AD1-4E00-9E01-131731641918}.Release|x64.ActiveCfg = Release|x64
		{FB4E2BA0-1AD1-4E00-9E01-131731641918}.Release|x64.Build.0 = Release|x64
		{FB4E2BA0-1AD1-4E00-9E01-131731641918}.Release|x86.ActiveCfg = Release|Win32
		{FB4E2BA0-1AD1-4E00-9E01-131731641918}.Release|x86.Build.0 = Release|Win32
		{FB4E2BA0-1AD1-4E00-9E01-131731641918}.RelWithDebInfo|x64.ActiveCfg = Release|x64
		{FB4E2BA0-1AD1-4E00-9E01-131731641918}.RelWithDebInfo|x64.Build.0 = Release|x64
		{FB4E2BA0-1AD1-4E00-9E01-131731641918}.RelWithDebInfo|x86.ActiveCfg = Release|Win32
		{FB4E2BA0-1AD1-4E00-9E01-131731641918}.RelWithDebInfo|x86.Build.0 = Release|Win32
		{777BAF91-DC51-4EEF-8F46-6502630063A2}.Debug|x64.ActiveCfg = Debug|x64
		{777BAF91-DC51-4EEF-8F46-6502630063A2}.Debug|x64.Build.0 = Debug|x64
		{777BAF91-DC51-4EEF-8F46-6502630063A2}.Debug|x86.ActiveCfg = Debug|Win32
		{777BAF91-DC51-4EEF-8F46-6502630063A2}.Debug|x86.Build.0 = Debug|Win32
		{777BAF91-DC51-4EEF-8F46-6502630063A2}.MinSizeRel|x64.ActiveCfg = Release|x64
		{777BAF91-DC51-4EEF-8F46-6502630063A2}.MinSizeRel|x64.Build.0 = Release|x64
		{777BAF91-DC51-4EEF-8F46-6502630063A2}.MinSizeRel|x86.ActiveCfg = Release|Win32
		{777BAF91-DC51-4EEF-8F46-6502630063A2}.MinSizeRel|x86.Build.0 = Release|Win32
		{777BAF91-DC51-4EEF-8F46-6502630063A2}.Release|x64.ActiveCfg = Release|x64
		{777BAF91-DC51-4EEF-8F46-6502630063A2}.Release|x64.Build.0 = Release|x64
		{777BAF91-DC51-4EEF-8F46-6502630063A2}.Release|x86.ActiveCfg = Release|Win32
		{777BAF91-DC51-4EEF-8F46-6502630063A2}.Release|x86.Build.0 = Release|Win32
		{777BAF91-DC51-4EEF-8F46-6502630063A2}.RelWithDebInfo|x64.ActiveCfg = Release|x64
		{777BAF91-DC51-4EEF-8F46-6502630063A2}.RelWithDebInfo|x64.Build.0 = Release|x64
		{777BAF91-DC51-4EEF-8F46-6502630063A2}.RelWithDebInfo|x86.ActiveCfg = Release|Win32
		{777BAF91-DC51-4EEF-8F46-6502630063A2}.RelWithDebInfo|x86.Build.0 = Release|Win32
		{C1F3E970-2908-47E6-B884-F56A9926F313}.Debug|x64.ActiveCfg = Debug|x64
		{C1F3E970-2908-47E6-B884-F56A9926F313}.Debug|x64.Build.0 = Debug|x64
		{C1F3E970-2908-47E6-B884-F56A9926F313}.Debug|x86.ActiveCfg = Debug|Win32
		{C1F3E970-2908-47E6-B884-F56A9926F313}.Debug|x86.Build.0 = Debug|Win32
		{C1F3E970-2908-47E6-B884-F56A9926F313}.MinSizeRel|x64.ActiveCfg = Release|x64
		{C1F3E970-2908-47E6-B884-F56A9926F313}.MinSizeRel|x64.Build.0 = Release|x64
		{C1F3E970-2908-47E6-B884-F56A9926F313}.MinSizeRel|x86.ActiveCfg = Release|Win32
		{C1F3E970-2908-47E6-B884-F56A9926F313}.MinSizeRel|x86.Build.0 = Release|Win32
		{C1F3E970-2908-47E6-B884-F56A9926F313}.Release|x64.ActiveCfg = Release|x64
		{C1F3E970-2908-47E6-B884-F56A9926F313}.Release|x64.Build.0 = Release|x64
		{C1F3E970-2908-47E6-B884-F56A9926F313}.Release|x86.ActiveCfg = Release|Win32
		{C1F3E970-2908-47E6-B884-F56A9926F313}.Release|x86.Build.0 = Release|Win32
		{C1F3E970-2908-47E6-B884-F56A9926F313}.RelWithDebInfo|x64.ActiveCfg = Release|x64
		{C1F3E970-2908-47E6-B884-F56A9926F313}.RelWithDebInfo|x64.Build.0 = Release|x64
		{C1F3E970-2908-47E6-B884-F56A9926F313}.RelWithDebInfo|x86.ActiveCfg = Release|Win32
		{C1F3E970-2908-47E6-B884-F56A9926F313}.RelWithDebInfo|x86.Build.0 = Release|Win32
		{5130E358-9E8F-40A1-99C0-41F4FEEA5938}.Debug|x64.ActiveCfg = Debug|x64
		{5130E358-9E8F-40A1-99C0-41F4FEEA5938}.Debug|x64.Build.0 = Debug|x64
		{5130E358-9E8F-40A1-99C0-41F4FEEA5938}.Debug|x86.ActiveCfg = Debug|Win32
		{5130E358-9E8F-40A1-99C0-41F4FEEA5938}.Debug|x86.Build.0 = Debug|Win32
		{5130E358-9E8F-40A1-99C0-41F4FEEA5938}.MinSizeRel|x64.ActiveCfg = Release|x64
		{5130E358-9E8F-40A1-99C0-41F4FEEA5938}.MinSizeRel|x64.Build.0 = Release|x64
		{5130E358-9E8F-40A1-99C0-41F4FEEA5938}.MinSizeRel|x86.ActiveCfg = Release|Win32
		{5130E358-9E8F-40A1-99C0-41F4FEEA5938}.MinSizeRel|x86.Build.0 = Release|Win32
		{5130E358-9E8F-40A1-99C0-41F4FEEA5938}.Release|x64.ActiveCfg = Release|x64
		{5130E358-9E8F-40A1-99C0-41F4FEEA5938}.Release|x64.Build.0 = Release|x64
		{5130E358-9E8F-40A1-99C0-41F4FEEA5938}.Release|x86.ActiveCfg = Release|Win32
		{5130E358-9E8F-40A1-99C0-41F4FEEA5938}.Release|x86.Build.0 = Release|Win32
		{5130E358-9E8F-40A1-99C0-41F4FEEA5938}.RelWithDebInfo|x64.ActiveCfg = Release|x64
		{5130E358-9E8F-40A1-99C0-41F4FEEA5938}.RelWithDebInfo|x64.Build.0 = Release|x64
		{5130E358-9E8F-40A1-99C0-41F4FEEA5938}.RelWithDebInfo|x86.ActiveCfg = Release|Win32
		{5130E358-9E8F-40A1-99C0-41F4FEEA5938}.RelWithDebInfo|x86.Build.0 = Release|Win32
		{DB218925-2277-46F1-9039-1451603EE501}.Debug|x64.ActiveCfg = Debug|x64
		{DB218925-2277-46F1-9039-1451603EE501}.Debug|x64.Build.0 = Debug|x64
		{DB218925-2277-46F1-9039-1451603EE501}.Debug|x86.ActiveCfg = Debug|Win32
		{DB218925-2277-46F1-9039-1451603EE501}.Debug|x86.Build.0 = Debug|Win32
		{DB218925-2277-46F1-9039-1451603EE501}.MinSizeRel|x64.ActiveCfg = Release|x64
		{DB218925-2277-46F1-9039-1451603EE501}.MinSizeRel|x64.Build.0 = Release|x64
		{DB218925-2277-46F1-9039-1451603EE501}.MinSizeRel|x86.ActiveCfg = Release|Win32
		{DB218925-2277-46F1-9039-1451603EE501}.MinSizeRel|x86.Build.0 = Release|Win32
		{DB218925-2277-46F1-9039-1451603EE501}.Release|x64.ActiveCfg = Release|x64
		{DB218925-2277-46F1-9039-1451603EE501}.Release|x64.Build.0 = Release|x64
		{DB218925-2277-46F1-9039-1451603EE501}.Release|x86.ActiveCfg = Release|Win32
		{DB218925-2277-46F1-9039-1451603EE501}.Release|x86.Build.0 = Release|Win32
		{DB218925-2277-46F1-9039-1451603EE501}.RelWithDebInfo|x64.ActiveCfg = Release|x64
		{DB218925-2277-46F1-9039-1451603EE501}.RelWithDebInfo|x64.Build.0 = Release|x64
		{DB218925-2277-46F1-9039-1451603EE501}.RelWithDebInfo|x86.ActiveCfg = Release|Win32
		{DB218925-2277-46F1-9039-1451603EE501}.RelWithDebInfo|x86.Build.0 = Release|Win32
		{B849151F-F797-4373-B424-847D13ADE4F5}.Debug|x64.ActiveCfg = Debug|x64
		{B849151F-F797-4373-B424-847D13ADE4F5}.Debug|x64.Build.0 = Debug|x64
		{B849151F-F797-4373-B424-847D13ADE4F5}.Debug|x86.ActiveCfg = Debug|Win32
		{B849151F-F797-4373-B424-847D13ADE4F5}.Debug|x86.Build.0 = Debug|Win32
		{B849151F-F797-4373-B424-847D13ADE4F5}.MinSizeRel|x64.ActiveCfg = Release|x64
		{B849151F-F797-4373-B424-847D13ADE4F5}.MinSizeRel|x64.Build.0 = Release|x64
		{B849151F-F797-4373-B424-847D13ADE4F5}.MinSizeRel|x86.ActiveCfg = Release|Win32
		{B849151F-F797-4373-B424-847D13ADE4F5}.MinSizeRel|x86.Build.0 = Release|Win32
		{B849151F-F797-4373-B424-847D13ADE4F5}.Release|x64.ActiveCfg = Release|x64
		{B849151F-F797-4373-B424-847D13ADE4F5}.Release|x64.Build.0 = Release|x64
		{B849151F-F797-4373-B424-847D13ADE4F5}.Release|x86.ActiveCfg = Release|Win32
		{B849151F-F797-4373-B424-847D13ADE4F5}.Release|x86.Build.0 = Release|Win32
		{B849151F-F797-4373-B424-847D13ADE4F5}.RelWithDebInfo|x64.ActiveCfg = Release|x64
		{B849151F-F797-4373-B424-847D13ADE4F5}.RelWithDebInfo|x64.Build.0 = Release|x64
		{B849151F-F797-4373-B424-847D13ADE4F5}.RelWithDebInfo|x86.ActiveCfg = Release|Win32
		{B849151F-F797-4373-B424-847D13ADE4F5}.RelWithDebInfo|x86.Build.0 = Release|Win32
		{F3AC52E3-014E-4F76-853F-6BF9B71B47F3}.Debug|x64.ActiveCfg = Debug|x64
		{F3AC52E3-014E-4F76-853F-6BF9B71B47F3}.Debug|x64.Build.0 = Debug|x64
		{F3AC52E3-014E-4F76-853F-6BF9B71B47F3}.Debug|x86.ActiveCfg = Debug|Win32
		{F3AC52E3-014E-4F76-853F-6BF9B71B47F3}.Debug|x86.Build.0 = Debug|Win32
		{F3AC52E3-014E-4F76-853F-6BF9B71B47F3}.MinSizeRel|x64.ActiveCfg = Release|x64
		{F3AC52E3-014E-4F76-853F-6BF9B71B47F3}.MinSizeRel|x64.Build.0 = Release|x64
		{F3AC52E3-014E-4F76-853F-6BF9B71B47F3}.MinSizeRel|x86.ActiveCfg = Release|Win32
		{F3AC52E3-014E-4F76-853F-6BF9B71B47F3}.MinSizeRel|x86.Build.0 = Release|Win32
		{F3AC52E3-014E-4F76-853F-6BF9B71B47F3}.Release|x64.ActiveCfg = Release|x64
		{F3AC52E3-014E-4F76-853F-6BF9B71B47F3}.Release|x64.Build.0 = Release|x64
		{F3AC52E3-014E-4F76-853F-6BF9B71B47F3}.Release|x86.ActiveCfg = Release|Win32
		{F3AC52E3-014E-4F76-853F-6BF9B71B47F3}.Release|x86.Build.0 = Release|Win32
		{F3AC52E3-014E-4F76-853F-6BF9B71B47F3}.RelWithDebInfo|x64.ActiveCfg = Release|x64
		{F3AC52E3-014E-4F76-853F-6BF9B71B47F3}.RelWithDebInfo|x64.Build.0 = Release|x64
		{F3AC52E3-014E-4F76-853F-6BF9B71B47F3}.RelWithDebInfo|x86.ActiveCfg = Release|Win32
		{F3AC52E3-014E-4F76-853F-6BF9B71B47F3}.RelWithDebInfo|x86.Build.0 = Release|Win32
		{C1F6DB5E-E846-4FC9-BD3F-CDA684D1BF60}.Debug|x64.ActiveCfg = Debug|x64
		{C1F6DB5E-E846-4FC9-BD3F-CDA684D1BF60}.Debug|x64.Build.0 = Debug|x64
		{C1F6DB5E-E846-4FC9-BD3F-CDA684D1BF60}.Debug|x86.ActiveCfg = Debug|Win32
		{C1F6DB5E-E846-4FC9-BD3F-CDA684D1BF60}.Debug|x86.Build.0 = Debug|Win32
		{C1F6DB5E-E846-4FC9-BD3F-CDA684D1BF60}.MinSizeRel|x64.ActiveCfg = Release|x64
		{C1F6DB5E-E846-4FC9-BD3F-CDA684D1BF60}.MinSizeRel|x64.Build.0 = Release|x64
		{C1F6DB5E-E846-4FC9-BD3F-CDA684D1BF60}.MinSizeRel|x86.ActiveCfg = Release|Win32
		{C1F6DB5E-E846-4FC9-BD3F-CDA684D1BF60}.MinSizeRel|x86.Build.0 = Release|Win32
		{C1F6DB5E-E846-4FC9-BD3F-CDA684D1BF60}.Release|x64.ActiveCfg = Release|x64
		{C1F6DB5E-E846-4FC9-BD3F-CDA684D1BF60}.Release|x64.Build.0 = Release|x64
		{C1F6DB5E-E846-4FC9-BD3F-CDA684D1BF60}.Release|x86.ActiveCfg = Release|Win32
		{C1F6DB5E-E846-4FC9-BD3F-CDA684D1BF60}.Release|x86.Build.0 = Release|Win32
		{C1F6DB5E-E846-4FC9-BD3F-CDA684D1BF60}.RelWithDebInfo|x64.ActiveCfg = Release|x64
		{C1F6DB5E-E846-4FC9-BD3F-CDA684D1BF60}.RelWithDebInfo|x64.Build.0 = Release|x64
		{C1F6DB5E-E846-4FC9-BD3F-CDA684D1BF60}.RelWithDebInfo|x86.ActiveCfg = Release|Win32
		{C1F6DB5E-E846-4FC9-BD3F-CDA684D1BF60}.RelWithDebInfo|x86.Build.0 = Release|Win32
		{CD2B2319-A388-4758-91D1-B32910D6DA22}.Debug|x64.ActiveCfg = Debug|x64
		{CD2B2319-A388-4758-91D1-B32910D6DA22}.Debug|x64.Build.0 = Debug|x64
		{CD2B2319-A388-4758-91D1-B32910D6DA22}.Debug|x86.ActiveCfg = Debug|Win32
		{CD2B2319-A388-4758-91D1-B32910D6DA22}.Debug|x86.Build.0 = Debug|Win32
		{CD2B2319-A388-4758-91D1-B32910D6DA22}.MinSizeRel|x64.ActiveCfg = Release|x64
		{CD2B2319-A388-4758-91D1-B32910D6DA22}.MinSizeRel|x64.Build.0 = Release|x64
		{CD2B2319-A388-4758-91D1-B32910D6DA22}.MinSizeRel|x86.ActiveCfg = Release|Win32
		{CD2B2319-A388-4758-91D1-B32910D6DA22}.MinSizeRel|x86.Build.0 = Release|Win32
		{CD2B2319-A388-4758-91D1-B32910D6DA22}.Release|x64.ActiveCfg = Release|x64
		{CD2B2319-A388-4758-91D1-B32910D6DA22}.Release|x64.Build.0 = Release|x64
		{CD2B2319-A388-4758-91D1-B32910D6DA22}.Release|x86.ActiveCfg = Release|Win32
		{CD2B2319-A388-4758-91D1-B32910D6DA22}.Release|x86.Build.0 = Release|Win32
		{CD2B2319-A388-4758-91D1-B32910D6DA22}.RelWithDebInfo|x64.ActiveCfg = Release|x64
		{CD2B2319-A388-4758-91D1-B32910D6DA22}.RelWithDebInfo|x64.Build.0 = Release|x64
		{CD2B2319-A388-4758-91D1-B32910D6DA22}.RelWithDebInfo|x86.ActiveCfg = Release|Win32
		{CD2B2319-A388-4758-91D1-B32910D6DA22}.RelWithDebInfo|x86.Build.0 = Release|Win32
		{248A1E4A-87EB-45CF-A10F-BAB452C0098F}.Debug|x64.ActiveCfg = Debug|x64
		{248A1E4A-87EB-45CF-A10F-BAB452C0098F}.Debug|x64.Build.0 = Debug|x64
		{248A1E4A-87EB-45CF-A10F-BAB452C0098F}.Debug|x86.ActiveCfg = Debug|Win32
		{248A1E4A-87EB-45CF-A10F-BAB452C0098F}.Debug|x86.Build.0 = Debug|Win32
		{248A1E4A-87EB-45CF-A10F-BAB452C0098F}.MinSizeRel|x64.ActiveCfg = Debug|x64
		{248A1E4A-87EB-45CF-A10F-BAB452C0098F}.MinSizeRel|x64.Build.0 = Debug|x64
		{248A1E4A-87EB-45CF-A10F-BAB452C0098F}.MinSizeRel|x86.ActiveCfg = Debug|Win32
		{248A1E4A-87EB-45CF-A10F-BAB452C0098F}.MinSizeRel|x86.Build.0 = Debug|Win32
		{248A1E4A-87EB-45CF-A10F-BAB452C0098F}.Release|x64.ActiveCfg = Release|x64
		{248A1E4A-87EB-45CF-A10F-BAB452C0098F}.Release|x64.Build.0 = Release|x64
		{248A1E4A-87EB-45CF-A10F-BAB452C0098F}.Release|x86.ActiveCfg = Release|Win32
		{248A1E4A-87EB-45CF-A10F-BAB452C0098F}.Release|x86.Build.0 = Release|Win32
		{248A1E4A-87EB-45CF-A10F-BAB452C0098F}.RelWithDebInfo|x64.ActiveCfg = Release|x64
		{248A1E4A-87EB-45CF-A10F-BAB452C0098F}.RelWithDebInfo|x64.Build.0 = Release|x64
		{248A1E4A-87EB-45CF-A10F-BAB452C0098F}.RelWithDebInfo|x86.ActiveCfg = Release|Win32
		{248A1E4A-87EB-45CF-A10F-BAB452C0098F}.RelWithDebInfo|x86.Build.0 = Release|Win32
		{C6CEB0AD-1D44-481F-8F05-F4EEEF942CC8}.Debug|x64.ActiveCfg = Debug|x64
		{C6CEB0AD-1D44-481F-8F05-F4EEEF942CC8}.Debug|x64.Build.0 = Debug|x64
		{C6CEB0AD-1D44-481F-8F05-F4EEEF942CC8}.Debug|x86.ActiveCfg = Debug|Win32
		{C6CEB0AD-1D44-481F-8F05-F4EEEF942CC8}.Debug|x86.Build.0 = Debug|Win32
		{C6CEB0AD-1D44-481F-8F05-F4EEEF942CC8}.MinSizeRel|x64.ActiveCfg = Debug|x64
		{C6CEB0AD-1D44-481F-8F05-F4EEEF942CC8}.MinSizeRel|x64.Build.0 = Debug|x64
		{C6CEB0AD-1D44-481F-8F05-F4EEEF942CC8}.MinSizeRel|x86.ActiveCfg = Debug|Win32
		{C6CEB0AD-1D44-481F-8F05-F4EEEF942CC8}.MinSizeRel|x86.Build.0 = Debug|Win32
		{C6CEB0AD-1D44-481F-8F05-F4EEEF942CC8}.Release|x64.ActiveCfg = Release|x64
		{C6CEB0AD-1D44-481F-8F05-F4EEEF942CC8}.Release|x64.Build.0 = Release|x64
		{C6CEB0AD-1D44-481F-8F05-F4EEEF942CC8}.Release|x86.ActiveCfg = Release|Win32
		{C6CEB0AD-1D44-481F-8F05-F4EEEF942CC8}.Release|x86.Build.0 = Release|Win32
		{C6CEB0AD-1D44-481F-8F05-F4EEEF942CC8}.RelWithDebInfo|x64.ActiveCfg = Release|x64
		{C6CEB0AD-1D44-481F-8F05-F4EEEF942CC8}.RelWithDebInfo|x64.Build.0 = Release|x64
		{C6CEB0AD-1D44-481F-8F05-F4EEEF942CC8}.RelWithDebInfo|x86.ActiveCfg = Release|Win32
		{C6CEB0AD-1D44-481F-8F05-F4EEEF942CC8}.RelWithDebInfo|x86.Build.0 = Release|Win32
		{AEC6177D-1AC8-4DB1-8B20-07CABBD69FB8}.Debug|x64.ActiveCfg = Debug|x64
		{AEC6177D-1AC8-4DB1-8B20-07CABBD69FB8}.Debug|x64.Build.0 = Debug|x64
		{AEC6177D-1AC8-4DB1-8B20-07CABBD69FB8}.Debug|x86.ActiveCfg = Debug|Win32
		{AEC6177D-1AC8-4DB1-8B20-07CABBD69FB8}.Debug|x86.Build.0 = Debug|Win32
		{AEC6177D-1AC8-4DB1-8B20-07CABBD69FB8}.MinSizeRel|x64.ActiveCfg = Debug|x64
		{AEC6177D-1AC8-4DB1-8B20-07CABBD69FB8}.MinSizeRel|x64.Build.0 = Debug|x64
		{AEC6177D-1AC8-4DB1-8B20-07CABBD69FB8}.MinSizeRel|x86.ActiveCfg = Debug|Win32
		{AEC6177D-1AC8-4DB1-8B20-07CABBD69FB8}.MinSizeRel|x86.Build.0 = Debug|Win32
		{AEC6177D-1AC8-4DB1-8B20-07CABBD69FB8}.Release|x64.ActiveCfg = Release|x64
		{AEC6177D-1AC8-4DB1-8B20-07CABBD69FB8}.Release|x64.Build.0 = Release|x64
		{AEC6177D-1AC8-4DB1-8B20-07CABBD69FB8}.Release|x86.ActiveCfg = Release|Win32
		{AEC6177D-1AC8-4DB1-8B20-07CABBD69FB8}.Release|x86.Build.0 = Release|Win32
		{AEC6177D-1AC8-4DB1-8B20-07CABBD69FB8}.RelWithDebInfo|x64.ActiveCfg = Release|x64
		{AEC6177D-1AC8-4DB1-8B20-07CABBD69FB8}.RelWithDebInfo|x64.Build.0 = Release|x64
		{AEC6177D-1AC8-4DB1-8B20-07CABBD69FB8}.RelWithDebInfo|x86.ActiveCfg = Release|Win32
		{AEC6177D-1AC8-4DB1-8B20-07CABBD69FB8}.RelWithDebInfo|x86.Build.0 = Release|Win32
		{DE81A903-BD00-4BC4-BBC5-F48DAE4738F8}.Debug|x64.ActiveCfg = Debug|x64
		{DE81A903-BD00-4BC4-BBC5-F48DAE4738F8}.Debug|x64.Build.0 = Debug|x64
		{DE81A903-BD00-4BC4-BBC5-F48DAE4738F8}.Debug|x86.ActiveCfg = Debug|Win32
		{DE81A903-BD00-4BC4-BBC5-F48DAE4738F8}.Debug|x86.Build.0 = Debug|Win32
		{DE81A903-BD00-4BC4-BBC5-F48DAE4738F8}.MinSizeRel|x64.ActiveCfg = Debug|x64
		{DE81A903-BD00-4BC4-BBC5-F48DAE4738F8}.MinSizeRel|x64.Build.0 = Debug|x64
		{DE81A903-BD00-4BC4-BBC5-F48DAE4738F8}.MinSizeRel|x86.ActiveCfg = Debug|Win32
		{DE81A903-BD00-4BC4-BBC5-F48DAE4738F8}.MinSizeRel|x86.Build.0 = Debug|Win32
		{DE81A903-BD00-4BC4-BBC5-F48DAE4738F8}.Release|x64.ActiveCfg = Release|x64
		{DE81A903-BD00-4BC4-BBC5-F48DAE4738F8}.Release|x64.Build.0 = Release|x64
		{DE81A903-BD00-4BC4-BBC5-F48DAE4738F8}.Release|x86.ActiveCfg = Release|Win32
		{DE81A903-BD00-4BC4-BBC5-F48DAE4738F8}.Release|x86.Build.0 = Release|Win32
		{DE81A903-BD00-4BC4-BBC5-F48DAE4738F8}.RelWithDebInfo|x64.ActiveCfg = Release|x64
		{DE81A903-BD00-4BC4-BBC5-F48DAE4738F8}.RelWithDebInfo|x64.Build.0 = Release|x64
		{DE81A903-BD00-4BC4-BBC5-F48DAE4738F8}.RelWithDebInfo|x86.ActiveCfg = Release|Win32
		{DE81A903-BD00-4BC4-BBC5-F48DAE4738F8}.RelWithDebInfo|x86.Build.0 = Release|Win32
		{8013DF52-454D-4F3B-B48B-88426F55BFF5}.Debug|x64.ActiveCfg = Debug|x64
		{8013DF52-454D-4F3B-B48B-88426F55BFF5}.Debug|x64.Build.0 = Debug|x64
		{8013DF52-454D-4F3B-B48B-88426F55BFF5}.Debug|x86.ActiveCfg = Debug|Win32
		{8013DF52-454D-4F3B-B48B-88426F55BFF5}.Debug|x86.Build.0 = Debug|Win32
		{8013DF52-454D-4F3B-B48B-88426F55BFF5}.MinSizeRel|x64.ActiveCfg = Debug|x64
		{8013DF52-454D-4F3B-B48B-88426F55BFF5}.MinSizeRel|x64.Build.0 = Debug|x64
		{8013DF52-454D-4F3B-B48B-88426F55BFF5}.MinSizeRel|x86.ActiveCfg = Debug|Win32
		{8013DF52-454D-4F3B-B48B-88426F55BFF5}.MinSizeRel|x86.Build.0 = Debug|Win32
		{8013DF52-454D-4F3B-B48B-88426F55BFF5}.Release|x64.ActiveCfg = Release|x64
		{8013DF52-454D-4F3B-B48B-88426F55BFF5}.Release|x64.Build.0 = Release|x64
		{8013DF52-454D-4F3B-B48B-88426F55BFF5}.Release|x86.ActiveCfg = Release|Win32
		{8013DF52-454D-4F3B-B48B-88426F55BFF5}.Release|x86.Build.0 = Release|Win32
		{8013DF52-454D-4F3B-B48B-88426F55BFF5}.RelWithDebInfo|x64.ActiveCfg = Release|x64
		{8013DF52-454D-4F3B-B48B-88426F55BFF5}.RelWithDebInfo|x64.Build.0 = Release|x64
		{8013DF52-454D-4F3B-B48B-88426F55BFF5}.RelWithDebInfo|x86.ActiveCfg = Release|Win32
		{8013DF52-454D-4F3B-B48B-88426F55BFF5}.RelWithDebInfo|x86.Build.0 = Release|Win32
		{AA802BB8-EDEB-34D7-B2F1-EA3339289CE3}.Debug|x64.ActiveCfg = Debug|x64
		{AA802BB8-EDEB-34D7-B2F1-EA3339289CE3}.Debug|x64.Build.0 = Debug|x64
		{AA802BB8-EDEB-34D7-B2F1-EA3339289CE3}.Debug|x86.ActiveCfg = Debug|x64
		{AA802BB8-EDEB-34D7-B2F1-EA3339289CE3}.MinSizeRel|x64.ActiveCfg = MinSizeRel|x64
		{AA802BB8-EDEB-34D7-B2F1-EA3339289CE3}.MinSizeRel|x64.Build.0 = MinSizeRel|x64
		{AA802BB8-EDEB-34D7-B2F1-EA3339289CE3}.MinSizeRel|x86.ActiveCfg = MinSizeRel|x64
		{AA802BB8-EDEB-34D7-B2F1-EA3339289CE3}.Release|x64.ActiveCfg = Release|x64
		{AA802BB8-EDEB-34D7-B2F1-EA3339289CE3}.Release|x64.Build.0 = Release|x64
		{AA802BB8-EDEB-34D7-B2F1-EA3339289CE3}.Release|x86.ActiveCfg = Release|x64
		{AA802BB8-EDEB-34D7-B2F1-EA3339289CE3}.RelWithDebInfo|x64.ActiveCfg = RelWithDebInfo|x64
		{AA802BB8-EDEB-34D7-B2F1-EA3339289CE3}.RelWithDebInfo|x64.Build.0 = RelWithDebInfo|x64
		{AA802BB8-EDEB-34D7-B2F1-EA3339289CE3}.RelWithDebInfo|x86.ActiveCfg = RelWithDebInfo|x64
		{6FD16473-D97B-3C91-A52A-E81501FFBB22}.Debug|x64.ActiveCfg = Debug|x64
		{6FD16473-D97B-3C91-A52A-E81501FFBB22}.Debug|x64.Build.0 = Debug|x64
		{6FD16473-D97B-3C91-A52A-E81501FFBB22}.Debug|x86.ActiveCfg = Debug|x64
		{6FD16473-D97B-3C91-A52A-E81501FFBB22}.MinSizeRel|x64.ActiveCfg = MinSizeRel|x64
		{6FD16473-D97B-3C91-A52A-E81501FFBB22}.MinSizeRel|x64.Build.0 = MinSizeRel|x64
		{6FD16473-D97B-3C91-A52A-E81501FFBB22}.MinSizeRel|x86.ActiveCfg = MinSizeRel|x64
		{6FD16473-D97B-3C91-A52A-E81501FFBB22}.Release|x64.ActiveCfg = Release|x64
		{6FD16473-D97B-3C91-A52A-E81501FFBB22}.Release|x64.Build.0 = Release|x64
		{6FD16473-D97B-3C91-A52A-E81501FFBB22}.Release|x86.ActiveCfg = Release|x64
		{6FD16473-D97B-3C91-A52A-E81501FFBB22}.RelWithDebInfo|x64.ActiveCfg = RelWithDebInfo|x64
		{6FD16473-D97B-3C91-A52A-E81501FFBB22}.RelWithDebInfo|x64.Build.0 = RelWithDebInfo|x64
		{6FD16473-D97B-3C91-A52A-E81501FFBB22}.RelWithDebInfo|x86.ActiveCfg = RelWithDebInfo|x64
		{4FD7B7A9-A780-3845-AA5E-46F1BA109734}.Debug|x64.ActiveCfg = Debug|x64
		{4FD7B7A9-A780-3845-AA5E-46F1BA109734}.Debug|x64.Build.0 = Debug|x64
		{4FD7B7A9-A780-3845-AA5E-46F1BA109734}.Debug|x86.ActiveCfg = Debug|x64
		{4FD7B7A9-A780-3845-AA5E-46F1BA109734}.MinSizeRel|x64.ActiveCfg = MinSizeRel|x64
		{4FD7B7A9-A780-3845-AA5E-46F1BA109734}.MinSizeRel|x64.Build.0 = MinSizeRel|x64
		{4FD7B7A9-A780-3845-AA5E-46F1BA109734}.MinSizeRel|x86.ActiveCfg = MinSizeRel|x64
		{4FD7B7A9-A780-3845-AA5E-46F1BA109734}.Release|x64.ActiveCfg = Release|x64
		{4FD7B7A9-A780-3845-AA5E-46F1BA109734}.Release|x64.Build.0 = Release|x64
		{4FD7B7A9-A780-3845-AA5E-46F1BA109734}.Release|x86.ActiveCfg = Release|x64
		{4FD7B7A9-A780-3845-AA5E-46F1BA109734}.RelWithDebInfo|x64.ActiveCfg = RelWithDebInfo|x64
		{4FD7B7A9-A780-3845-AA5E-46F1BA109734}.RelWithDebInfo|x64.Build.0 = RelWithDebInfo|x64
		{4FD7B7A9-A780-3845-AA5E-46F1BA109734}.RelWithDebInfo|x86.ActiveCfg = RelWithDebInfo|x64
		{2A00037A-353F-3329-9A2F-590327D1E083}.Debug|x64.ActiveCfg = Debug|x64
		{2A00037A-353F-3329-9A2F-590327D1E083}.Debug|x64.Build.0 = Debug|x64
		{2A00037A-353F-3329-9A2F-590327D1E083}.Debug|x86.ActiveCfg = Debug|x64
		{2A00037A-353F-3329-9A2F-590327D1E083}.MinSizeRel|x64.ActiveCfg = MinSizeRel|x64
		{2A00037A-353F-3329-9A2F-590327D1E083}.MinSizeRel|x64.Build.0 = MinSizeRel|x64
		{2A00037A-353F-3329-9A2F-590327D1E083}.MinSizeRel|x86.ActiveCfg = MinSizeRel|x64
		{2A00037A-353F-3329-9A2F-590327D1E083}.Release|x64.ActiveCfg = Release|x64
		{2A00037A-353F-3329-9A2F-590327D1E083}.Release|x64.Build.0 = Release|x64
		{2A00037A-353F-3329-9A2F-590327D1E083}.Release|x86.ActiveCfg = Release|x64
		{2A00037A-353F-3329-9A2F-590327D1E083}.RelWithDebInfo|x64.ActiveCfg = RelWithDebInfo|x64
		{2A00037A-353F-3329-9A2F-590327D1E083}.RelWithDebInfo|x64.Build.0 = RelWithDebInfo|x64
		{2A00037A-353F-3329-9A2F-590327D1E083}.RelWithDebInfo|x86.ActiveCfg = RelWithDebInfo|x64
		{0EB2D8F7-27FC-3A29-8C95-82082C9A9FB4}.Debug|x64.ActiveCfg = Debug|x64
		{0EB2D8F7-27FC-3A29-8C95-82082C9A9FB4}.Debug|x64.Build.0 = Debug|x64
		{0EB2D8F7-27FC-3A29-8C95-82082C9A9FB4}.Debug|x86.ActiveCfg = Debug|x64
		{0EB2D8F7-27FC-3A29-8C95-82082C9A9FB4}.MinSizeRel|x64.ActiveCfg = MinSizeRel|x64
		{0EB2D8F7-27FC-3A29-8C95-82082C9A9FB4}.MinSizeRel|x64.Build.0 = MinSizeRel|x64
		{0EB2D8F7-27FC-3A29-8C95-82082C9A9FB4}.MinSizeRel|x86.ActiveCfg = MinSizeRel|x64
		{0EB2D8F7-27FC-3A29-8C95-82082C9A9FB4}.Release|x64.ActiveCfg = Release|x64
		{0EB2D8F7-27FC-3A29-8C95-82082C9A9FB4}.Release|x64.Build.0 = Release|x64
		{0EB2D8F7-27FC-3A29-8C95-82082C9A9FB4}.Release|x86.ActiveCfg = Release|x64
		{0EB2D8F7-27FC-3A29-8C95-82082C9A9FB4}.RelWithDebInfo|x64.ActiveCfg = RelWithDebInfo|x64
		{0EB2D8F7-27FC-3A29-8C95-82082C9A9FB4}.RelWithDebInfo|x64.Build.0 = RelWithDebInfo|x64
		{0EB2D8F7-27FC-3A29-8C95-82082C9A9FB4}.RelWithDebInfo|x86.ActiveCfg = RelWithDebInfo|x64
		{4E6BEA67-0853-3D8A-A681-93B55A47D2F1}.Debug|x64.ActiveCfg = Debug|x64
		{4E6BEA67-0853-3D8A-A681-93B55A47D2F1}.Debug|x64.Build.0 = Debug|x64
		{4E6BEA67-0853-3D8A-A681-93B55A47D2F1}.Debug|x86.ActiveCfg = Debug|x64
		{4E6BEA67-0853-3D8A-A681-93B55A47D2F1}.MinSizeRel|x64.ActiveCfg = MinSizeRel|x64
		{4E6BEA67-0853-3D8A-A681-93B55A47D2F1}.MinSizeRel|x64.Build.0 = MinSizeRel|x64
		{4E6BEA67-0853-3D8A-A681-93B55A47D2F1}.MinSizeRel|x86.ActiveCfg = MinSizeRel|x64
		{4E6BEA67-0853-3D8A-A681-93B55A47D2F1}.Release|x64.ActiveCfg = Release|x64
		{4E6BEA67-0853-3D8A-A681-93B55A47D2F1}.Release|x64.Build.0 = Release|x64
		{4E6BEA67-0853-3D8A-A681-93B55A47D2F1}.Release|x86.ActiveCfg = Release|x64
		{4E6BEA67-0853-3D8A-A681-93B55A47D2F1}.RelWithDebInfo|x64.ActiveCfg = RelWithDebInfo|x64
		{4E6BEA67-0853-3D8A-A681-93B55A47D2F1}.RelWithDebInfo|x64.Build.0 = RelWithDebInfo|x64
		{4E6BEA67-0853-3D8A-A681-93B55A47D2F1}.RelWithDebInfo|x86.ActiveCfg = RelWithDebInfo|x64
		{502C0382-3389-3849-B873-BF04CC54AD59}.Debug|x64.ActiveCfg = Debug|x64
		{502C0382-3389-3849-B873-BF04CC54AD59}.Debug|x64.Build.0 = Debug|x64
		{502C0382-3389-3849-B873-BF04CC54AD59}.Debug|x86.ActiveCfg = Debug|x64
		{502C0382-3389-3849-B873-BF04CC54AD59}.MinSizeRel|x64.ActiveCfg = MinSizeRel|x64
		{502C0382-3389-3849-B873-BF04CC54AD59}.MinSizeRel|x64.Build.0 = MinSizeRel|x64
		{502C0382-3389-3849-B873-BF04CC54AD59}.MinSizeRel|x86.ActiveCfg = MinSizeRel|x64
		{502C0382-3389-3849-B873-BF04CC54AD59}.Release|x64.ActiveCfg = Release|x64
		{502C0382-3389-3849-B873-BF04CC54AD59}.Release|x64.Build.0 = Release|x64
		{502C0382-3389-3849-B873-BF04CC54AD59}.Release|x86.ActiveCfg = Release|x64
		{502C0382-3389-3849-B873-BF04CC54AD59}.RelWithDebInfo|x64.ActiveCfg = RelWithDebInfo|x64
		{502C0382-3389-3849-B873-BF04CC54AD59}.RelWithDebInfo|x64.Build.0 = RelWithDebInfo|x64
		{502C0382-3389-3849-B873-BF04CC54AD59}.RelWithDebInfo|x86.ActiveCfg = RelWithDebInfo|x64
		{386D45BA-57D8-31D3-BC43-465CE744B459}.Debug|x64.ActiveCfg = Debug|x64
		{386D45BA-57D8-31D3-BC43-465CE744B459}.Debug|x64.Build.0 = Debug|x64
		{386D45BA-57D8-31D3-BC43-465CE744B459}.Debug|x86.ActiveCfg = Debug|x64
		{386D45BA-57D8-31D3-BC43-465CE744B459}.MinSizeRel|x64.ActiveCfg = MinSizeRel|x64
		{386D45BA-57D8-31D3-BC43-465CE744B459}.MinSizeRel|x64.Build.0 = MinSizeRel|x64
		{386D45BA-57D8-31D3-BC43-465CE744B459}.MinSizeRel|x86.ActiveCfg = MinSizeRel|x64
		{386D45BA-57D8-31D3-BC43-465CE744B459}.Release|x64.ActiveCfg = Release|x64
		{386D45BA-57D8-31D3-BC43-465CE744B459}.Release|x64.Build.0 = Release|x64
		{386D45BA-57D8-31D3-BC43-465CE744B459}.Release|x86.ActiveCfg = Release|x64
		{386D45BA-57D8-31D3-BC43-465CE744B459}.RelWithDebInfo|x64.ActiveCfg = RelWithDebInfo|x64
		{386D45BA-57D8-31D3-BC43-465CE744B459}.RelWithDebInfo|x64.Build.0 = RelWithDebInfo|x64
		{386D45BA-57D8-31D3-BC43-465CE744B459}.RelWithDebInfo|x86.ActiveCfg = RelWithDebInfo|x64
		{A94BC06E-93B2-4F30-AB4E-7D677A1D5B54}.Debug|x64.ActiveCfg = Debug|x64
		{A94BC06E-93B2-4F30-AB4E-7D677A1D5B54}.Debug|x64.Build.0 = Debug|x64
		{A94BC06E-93B2-4F30-AB4E-7D677A1D5B54}.Debug|x86.ActiveCfg = Debug|Win32
		{A94BC06E-93B2-4F30-AB4E-7D677A1D5B54}.Debug|x86.Build.0 = Debug|Win32
		{A94BC06E-93B2-4F30-AB4E-7D677A1D5B54}.MinSizeRel|x64.ActiveCfg = Release|Win32
		{A94BC06E-93B2-4F30-AB4E-7D677A1D5B54}.MinSizeRel|x64.Build.0 = Release|Win32
		{A94BC06E-93B2-4F30-AB4E-7D677A1D5B54}.MinSizeRel|x86.ActiveCfg = Release|Win32
		{A94BC06E-93B2-4F30-AB4E-7D677A1D5B54}.MinSizeRel|x86.Build.0 = Release|Win32
		{A94BC06E-93B2-4F30-AB4E-7D677A1D5B54}.Release|x64.ActiveCfg = Release|x64
		{A94BC06E-93B2-4F30-AB4E-7D677A1D5B54}.Release|x64.Build.0 = Release|x64
		{A94BC06E-93B2-4F30-AB4E-7D677A1D5B54}.Release|x86.ActiveCfg = Release|Win32
		{A94BC06E-93B2-4F30-AB4E-7D677A1D5B54}.Release|x86.Build.0 = Release|Win32
		{A94BC06E-93B2-4F30-AB4E-7D677A1D5B54}.RelWithDebInfo|x64.ActiveCfg = Release|Win32
		{A94BC06E-93B2-4F30-AB4E-7D677A1D5B54}.RelWithDebInfo|x64.Build.0 = Release|Win32
		{A94BC06E-93B2-4F30-AB4E-7D677A1D5B54}.RelWithDebInfo|x86.ActiveCfg = Release|Win32
		{A94BC06E-93B2-4F30-AB4E-7D677A1D5B54}.RelWithDebInfo|x86.Build.0 = Release|Win32
		{20626774-7F09-4761-986E-D18D4668968D}.Debug|x64.ActiveCfg = Debug|x64
		{20626774-7F09-4761-986E-D18D4668968D}.Debug|x64.Build.0 = Debug|x64
		{20626774-7F09-4761-986E-D18D4668968D}.Debug|x86.ActiveCfg = Debug|Win32
		{20626774-7F09-4761-986E-D18D4668968D}.Debug|x86.Build.0 = Debug|Win32
		{20626774-7F09-4761-986E-D18D4668968D}.MinSizeRel|x64.ActiveCfg = Debug|x64
		{20626774-7F09-4761-986E-D18D4668968D}.MinSizeRel|x64.Build.0 = Debug|x64
		{20626774-7F09-4761-986E-D18D4668968D}.MinSizeRel|x86.ActiveCfg = Debug|Win32
		{20626774-7F09-4761-986E-D18D4668968D}.MinSizeRel|x86.Build.0 = Debug|Win32
		{20626774-7F09-4761-986E-D18D4668968D}.Release|x64.ActiveCfg = Release|x64
		{20626774-7F09-4761-986E-D18D4668968D}.Release|x64.Build.0 = Release|x64
		{20626774-7F09-4761-986E-D18D4668968D}.Release|x86.ActiveCfg = Release|Win32
		{20626774-7F09-4761-986E-D18D4668968D}.Release|x86.Build.0 = Release|Win32
		{20626774-7F09-4761-986E-D18D4668968D}.RelWithDebInfo|x64.ActiveCfg = Release|x64
		{20626774-7F09-4761-986E-D18D4668968D}.RelWithDebInfo|x64.Build.0 = Release|x64
		{20626774-7F09-4761-986E-D18D4668968D}.RelWithDebInfo|x86.ActiveCfg = Release|Win32
		{20626774-7F09-4761-986E-D18D4668968D}.RelWithDebInfo|x86.Build.0 = Release|Win32
		{9E60F2DA-CCB3-4B66-984D-0BF28A862ACF}.Debug|x64.ActiveCfg = Debug|x64
		{9E60F2DA-CCB3-4B66-984D-0BF28A862ACF}.Debug|x64.Build.0 = Debug|x64
		{9E60F2DA-CCB3-4B66-984D-0BF28A862ACF}.Debug|x86.ActiveCfg = Debug|Win32
		{9E60F2DA-CCB3-4B66-984D-0BF28A862ACF}.Debug|x86.Build.0 = Debug|Win32
		{9E60F2DA-CCB3-4B66-984D-0BF28A862ACF}.MinSizeRel|x64.ActiveCfg = Debug|x64
		{9E60F2DA-CCB3-4B66-984D-0BF28A862ACF}.MinSizeRel|x64.Build.0 = Debug|x64
		{9E60F2DA-CCB3-4B66-984D-0BF28A862ACF}.MinSizeRel|x86.ActiveCfg = Debug|Win32
		{9E60F2DA-CCB3-4B66-984D-0BF28A862ACF}.MinSizeRel|x86.Build.0 = Debug|Win32
		{9E60F2DA-CCB3-4B66-984D-0BF28A862ACF}.Release|x64.ActiveCfg = Release|x64
		{9E60F2DA-CCB3-4B66-984D-0BF28A862ACF}.Release|x64.Build.0 = Release|x64
		{9E60F2DA-CCB3-4B66-984D-0BF28A862ACF}.Release|x86.ActiveCfg = Release|Win32
		{9E60F2DA-CCB3-4B66-984D-0BF28A862ACF}.Release|x86.Build.0 = Release|Win32
		{9E60F2DA-CCB3-4B66-984D-0BF28A862ACF}.RelWithDebInfo|x64.ActiveCfg = Release|x64
		{9E60F2DA-CCB3-4B66-984D-0BF28A862ACF}.RelWithDebInfo|x64.Build.0 = Release|x64
		{9E60F2DA-CCB3-4B66-984D-0BF28A862ACF}.RelWithDebInfo|x86.ActiveCfg = Release|Win32
		{9E60F2DA-CCB3-4B66-984D-0BF28A862ACF}.RelWithDebInfo|x86.Build.0 = Release|Win32
	EndGlobalSection
	GlobalSection(SolutionProperties) = preSolution
		HideSolutionNode = FALSE
	EndGlobalSection
	GlobalSection(NestedProjects) = preSolution
		{DB280160-0076-49C1-9BC6-2DFF820BD61C} = {E9B139DA-4EF7-427C-9EAB-EB114706F506}
		{0AF51930-759C-4389-8420-2BF6CB10BEFF} = {E9B139DA-4EF7-427C-9EAB-EB114706F506}
		{637A0E9C-1867-459D-8611-65A064E3B2C2} = {E9B139DA-4EF7-427C-9EAB-EB114706F506}
		{956BF94F-151C-42A5-A699-16949A4C8A54} = {E9B139DA-4EF7-427C-9EAB-EB114706F506}
		{A9AF029B-59CB-45AD-B4FB-5CF528D5E5FA} = {E9B139DA-4EF7-427C-9EAB-EB114706F506}
		{381EFBED-A988-4A2D-82C9-07900F0AE7E8} = {E9B139DA-4EF7-427C-9EAB-EB114706F506}
		{58617BD0-9AC3-4D6C-BF12-3C9C7CB79946} = {E9B139DA-4EF7-427C-9EAB-EB114706F506}
		{1D4A131A-D03B-4215-BD90-34A2FC3AB261} = {E9B139DA-4EF7-427C-9EAB-EB114706F506}
		{646199D5-0810-4721-99E4-C0F6FAB9408C} = {E9B139DA-4EF7-427C-9EAB-EB114706F506}
		{62718CA5-428A-41C6-85F3-40631F303EBE} = {E9B139DA-4EF7-427C-9EAB-EB114706F506}
		{FB4E2BA0-1AD1-4E00-9E01-131731641918} = {E9B139DA-4EF7-427C-9EAB-EB114706F506}
		{777BAF91-DC51-4EEF-8F46-6502630063A2} = {E9B139DA-4EF7-427C-9EAB-EB114706F506}
		{C1F3E970-2908-47E6-B884-F56A9926F313} = {E9B139DA-4EF7-427C-9EAB-EB114706F506}
		{5130E358-9E8F-40A1-99C0-41F4FEEA5938} = {E9B139DA-4EF7-427C-9EAB-EB114706F506}
		{DB218925-2277-46F1-9039-1451603EE501} = {E9B139DA-4EF7-427C-9EAB-EB114706F506}
		{B849151F-F797-4373-B424-847D13ADE4F5} = {E9B139DA-4EF7-427C-9EAB-EB114706F506}
		{F3AC52E3-014E-4F76-853F-6BF9B71B47F3} = {E9B139DA-4EF7-427C-9EAB-EB114706F506}
		{C1F6DB5E-E846-4FC9-BD3F-CDA684D1BF60} = {E9B139DA-4EF7-427C-9EAB-EB114706F506}
		{248A1E4A-87EB-45CF-A10F-BAB452C0098F} = {E9B139DA-4EF7-427C-9EAB-EB114706F506}
		{C6CEB0AD-1D44-481F-8F05-F4EEEF942CC8} = {E9B139DA-4EF7-427C-9EAB-EB114706F506}
		{AEC6177D-1AC8-4DB1-8B20-07CABBD69FB8} = {E9B139DA-4EF7-427C-9EAB-EB114706F506}
		{DE81A903-BD00-4BC4-BBC5-F48DAE4738F8} = {E9B139DA-4EF7-427C-9EAB-EB114706F506}
		{8013DF52-454D-4F3B-B48B-88426F55BFF5} = {E9B139DA-4EF7-427C-9EAB-EB114706F506}
		{AA802BB8-EDEB-34D7-B2F1-EA3339289CE3} = {538685AE-FB0A-4D36-AE53-C501DBFDCC9E}
		{6FD16473-D97B-3C91-A52A-E81501FFBB22} = {538685AE-FB0A-4D36-AE53-C501DBFDCC9E}
		{4FD7B7A9-A780-3845-AA5E-46F1BA109734} = {538685AE-FB0A-4D36-AE53-C501DBFDCC9E}
		{2A00037A-353F-3329-9A2F-590327D1E083} = {538685AE-FB0A-4D36-AE53-C501DBFDCC9E}
		{0EB2D8F7-27FC-3A29-8C95-82082C9A9FB4} = {538685AE-FB0A-4D36-AE53-C501DBFDCC9E}
		{538685AE-FB0A-4D36-AE53-C501DBFDCC9E} = {E9B139DA-4EF7-427C-9EAB-EB114706F506}
		{4E6BEA67-0853-3D8A-A681-93B55A47D2F1} = {538685AE-FB0A-4D36-AE53-C501DBFDCC9E}
		{502C0382-3389-3849-B873-BF04CC54AD59} = {538685AE-FB0A-4D36-AE53-C501DBFDCC9E}
		{386D45BA-57D8-31D3-BC43-465CE744B459} = {538685AE-FB0A-4D36-AE53-C501DBFDCC9E}
		{A94BC06E-93B2-4F30-AB4E-7D677A1D5B54} = {E9B139DA-4EF7-427C-9EAB-EB114706F506}
		{20626774-7F09-4761-986E-D18D4668968D} = {E9B139DA-4EF7-427C-9EAB-EB114706F506}
		{9E60F2DA-CCB3-4B66-984D-0BF28A862ACF} = {E9B139DA-4EF7-427C-9EAB-EB114706F506}
	EndGlobalSection
	GlobalSection(ExtensibilityGlobals) = postSolution
		SolutionGuid = {6AD5F34F-BF5A-4C5D-B926-540A4FD62971}
	EndGlobalSection
EndGlobal
