
Microsoft Visual Studio Solution File, Format Version 12.00
# Visual Studio Version 16
VisualStudioVersion = 16.0.30225.117
MinimumVisualStudioVersion = 10.0.40219.1
Project("{2150E333-8FDC-42A3-9474-1A3956D46DE8}") = "3rd", "3rd", "{E9B139DA-4EF7-427C-9EAB-EB114706F506}"
EndProject
Project("{8BC9CEB8-8B4A-11D0-8D11-00A0C91BC942}") = "tantien", "projects\tantien.vcxproj", "{8D617A32-04C2-4B1C-B932-60EAB5CCBA04}"
EndProject
Project("{8BC9CEB8-8B4A-11D0-8D11-00A0C91BC942}") = "gl3w", "projects\gl3w.vcxproj", "{DB280160-0076-49C1-9BC6-2DFF820BD61C}"
EndProject
Project("{8BC9CEB8-8B4A-11D0-8D11-00A0C91BC942}") = "shadertrans", "..\..\thirdparty\shadertrans\platform\msvc\projects\shadertrans_new.vcxproj", "{0AF51930-759C-4389-8420-2BF6CB10BEFF}"
EndProject
Project("{8BC9CEB8-8B4A-11D0-8D11-00A0C91BC942}") = "unirender", "..\..\thirdparty\unirender\platform\msvc\projects\unirender_new.vcxproj", "{637A0E9C-1867-459D-8611-65A064E3B2C2}"
EndProject
Project("{8BC9CEB8-8B4A-11D0-8D11-00A0C91BC942}") = "vessel", "..\..\thirdparty\vessel\build\msvc\projects\vessel.vcxproj", "{956BF94F-151C-42A5-A699-16949A4C8A54}"
EndProject
Project("{8BC9CEB8-8B4A-11D0-8D11-00A0C91BC942}") = "tessellation", "..\..\thirdparty\tessellation\platform\msvc\projects\tessellation_new.vcxproj", "{A9AF029B-59CB-45AD-B4FB-5CF528D5E5FA}"
EndProject
Project("{8BC9CEB8-8B4A-11D0-8D11-00A0C91BC942}") = "sm", "projects\sm.vcxproj", "{381EFBED-A988-4A2D-82C9-07900F0AE7E8}"
EndProject
Project("{8BC9CEB8-8B4A-11D0-8D11-00A0C91BC942}") = "primitive", "..\..\thirdparty\primitive\platform\msvc\projects\primitive_new.vcxproj", "{58617BD0-9AC3-4D6C-BF12-3C9C7CB79946}"
EndProject
Project("{2150E333-8FDC-42A3-9474-1A3956D46DE8}") = "test", "test", "{81F153AD-6586-4438-A444-0558F286D60E}"
EndProject
Project("{8BC9CEB8-8B4A-11D0-8D11-00A0C91BC942}") = "test-scripts", "projects\test-script.vcxproj", "{8B0FF308-47CA-4F4B-9CEA-79E2AE5BBC18}"
EndProject
Project("{8BC9CEB8-8B4A-11D0-8D11-00A0C91BC942}") = "gtxt", "projects\gtxt.vcxproj", "{1D4A131A-D03B-4215-BD90-34A2FC3AB261}"
EndProject
Project("{8BC9CEB8-8B4A-11D0-8D11-00A0C91BC942}") = "fs", "projects\fs.vcxproj", "{646199D5-0810-4721-99E4-C0F6FAB9408C}"
EndProject
Project("{8BC9CEB8-8B4A-11D0-8D11-00A0C91BC942}") = "ds", "projects\ds.vcxproj", "{62718CA5-428A-41C6-85F3-40631F303EBE}"
EndProject
Project("{8BC9CEB8-8B4A-11D0-8D11-00A0C91BC942}") = "texpack", "projects\texpack.vcxproj", "{FB4E2BA0-1AD1-4E00-9E01-131731641918}"
EndProject
Project("{8BC9CEB8-8B4A-11D0-8D11-00A0C91BC942}") = "dtex", "..\..\thirdparty\dtex\platform\msvc\projects\dtex_new.vcxproj", "{777BAF91-DC51-4EEF-8F46-6502630063A2}"
EndProject
Project("{8BC9CEB8-8B4A-11D0-8D11-00A0C91BC942}") = "geoshape", "..\..\thirdparty\geoshape\platform\msvc\projects\geoshape_new.vcxproj", "{C1F3E970-2908-47E6-B884-F56A9926F313}"
EndProject
Project("{8BC9CEB8-8B4A-11D0-8D11-00A0C91BC942}") = "easygui", "..\..\thirdparty\easygui\platform\msvc\projects\easygui_new.vcxproj", "{5130E358-9E8F-40A1-99C0-41F4FEEA5938}"
EndProject
Project("{8BC9CEB8-8B4A-11D0-8D11-00A0C91BC942}") = "gimg", "projects\gimg.vcxproj", "{DB218925-2277-46F1-9039-1451603EE501}"
EndProject
Project("{8BC9CEB8-8B4A-11D0-8D11-00A0C91BC942}") = "logger", "projects\logger.vcxproj", "{B849151F-F797-4373-B424-847D13ADE4F5}"
EndProject
Project("{8BC9CEB8-8B4A-11D0-8D11-00A0C91BC942}") = "rg-etc1", "projects\rg-etc1.vcxproj", "{F3AC52E3-014E-4F76-853F-6BF9B71B47F3}"
EndProject
Project("{8BC9CEB8-8B4A-11D0-8D11-00A0C91BC942}") = "etcpack", "projects\etcpack.vcxproj", "{C1F6DB5E-E846-4FC9-BD3F-CDA684D1BF60}"
EndProject
Global
	GlobalSection(SolutionConfigurationPlatforms) = preSolution
		Debug|x64 = Debug|x64
		Debug|x86 = Debug|x86
		MinSizeRel|x64 = MinSizeRel|x64
		MinSizeRel|x86 = MinSizeRel|x86
		Release|x64 = Release|x64
		Release|x86 = Release|x86
		RelWithDebInfo|x64 = RelWithDebInfo|x64
		RelWithDebInfo|x86 = RelWithDebInfo|x86
	EndGlobalSection
	GlobalSection(ProjectConfigurationPlatforms) = postSolution
		{8D617A32-04C2-4B1C-B932-60EAB5CCBA04}.Debug|x64.ActiveCfg = Debug|x64
		{8D617A32-04C2-4B1C-B932-60EAB5CCBA04}.Debug|x64.Build.0 = Debug|x64
		{8D617A32-04C2-4B1C-B932-60EAB5CCBA04}.Debug|x86.ActiveCfg = Debug|Win32
		{8D617A32-04C2-4B1C-B932-60EAB5CCBA04}.Debug|x86.Build.0 = Debug|Win32
		{8D617A32-04C2-4B1C-B932-60EAB5CCBA04}.MinSizeRel|x64.ActiveCfg = Release|x64
		{8D617A32-04C2-4B1C-B932-60EAB5CCBA04}.MinSizeRel|x64.Build.0 = Release|x64
		{8D617A32-04C2-4B1C-B932-60EAB5CCBA04}.MinSizeRel|x86.ActiveCfg = Release|Win32
		{8D617A32-04C2-4B1C-B932-60EAB5CCBA04}.MinSizeRel|x86.Build.0 = Release|Win32
		{8D617A32-04C2-4B1C-B932-60EAB5CCBA04}.Release|x64.ActiveCfg = Release|x64
		{8D617A32-04C2-4B1C-B932-60EAB5CCBA04}.Release|x64.Build.0 = Release|x64
		{8D617A32-04C2-4B1C-B932-60EAB5CCBA04}.Release|x86.ActiveCfg = Release|Win32
		{8D617A32-04C2-4B1C-B932-60EAB5CCBA04}.Release|x86.Build.0 = Release|Win32
		{8D617A32-04C2-4B1C-B932-60EAB5CCBA04}.RelWithDebInfo|x64.ActiveCfg = Release|x64
		{8D617A32-04C2-4B1C-B932-60EAB5CCBA04}.RelWithDebInfo|x64.Build.0 = Release|x64
		{8D617A32-04C2-4B1C-B932-60EAB5CCBA04}.RelWithDebInfo|x86.ActiveCfg = Release|Win32
		{8D617A32-04C2-4B1C-B932-60EAB5CCBA04}.RelWithDebInfo|x86.Build.0 = Release|Win32
		{DB280160-0076-49C1-9BC6-2DFF820BD61C}.Debug|x64.ActiveCfg = Debug|x64
		{DB280160-0076-49C1-9BC6-2DFF820BD61C}.Debug|x64.Build.0 = Debug|x64
		{DB280160-0076-49C1-9BC6-2DFF820BD61C}.Debug|x86.ActiveCfg = Debug|Win32
		{DB280160-0076-49C1-9BC6-2DFF820BD61C}.Debug|x86.Build.0 = Debug|Win32
		{DB280160-0076-49C1-9BC6-2DFF820BD61C}.MinSizeRel|x64.ActiveCfg = Release|x64
		{DB280160-0076-49C1-9BC6-2DFF820BD61C}.MinSizeRel|x64.Build.0 = Release|x64
		{DB280160-0076-49C1-9BC6-2DFF820BD61C}.MinSizeRel|x86.ActiveCfg = Release|Win32
		{DB280160-0076-49C1-9BC6-2DFF820BD61C}.MinSizeRel|x86.Build.0 = Release|Win32
		{DB280160-0076-49C1-9BC6-2DFF820BD61C}.Release|x64.ActiveCfg = Release|x64
		{DB280160-0076-49C1-9BC6-2DFF820BD61C}.Release|x64.Build.0 = Release|x64
		{DB280160-0076-49C1-9BC6-2DFF820BD61C}.Release|x86.ActiveCfg = Release|Win32
		{DB280160-0076-49C1-9BC6-2DFF820BD61C}.Release|x86.Build.0 = Release|Win32
		{DB280160-0076-49C1-9BC6-2DFF820BD61C}.RelWithDebInfo|x64.ActiveCfg = Release|x64
		{DB280160-0076-49C1-9BC6-2DFF820BD61C}.RelWithDebInfo|x64.Build.0 = Release|x64
		{DB280160-0076-49C1-9BC6-2DFF820BD61C}.RelWithDebInfo|x86.ActiveCfg = Release|Win32
		{DB280160-0076-49C1-9BC6-2DFF820BD61C}.RelWithDebInfo|x86.Build.0 = Release|Win32
		{0AF51930-759C-4389-8420-2BF6CB10BEFF}.Debug|x64.ActiveCfg = Debug|x64
		{0AF51930-759C-4389-8420-2BF6CB10BEFF}.Debug|x64.Build.0 = Debug|x64
		{0AF51930-759C-4389-8420-2BF6CB10BEFF}.Debug|x86.ActiveCfg = Debug|Win32
		{0AF51930-759C-4389-8420-2BF6CB10BEFF}.Debug|x86.Build.0 = Debug|Win32
		{0AF51930-759C-4389-8420-2BF6CB10BEFF}.MinSizeRel|x64.ActiveCfg = Release|Win32
		{0AF51930-759C-4389-8420-2BF6CB10BEFF}.MinSizeRel|x64.Build.0 = Release|Win32
		{0AF51930-759C-4389-8420-2BF6CB10BEFF}.MinSizeRel|x86.ActiveCfg = Release|Win32
		{0AF51930-759C-4389-8420-2BF6CB10BEFF}.MinSizeRel|x86.Build.0 = Release|Win32
		{0AF51930-759C-4389-8420-2BF6CB10BEFF}.Release|x64.ActiveCfg = Release|x64
		{0AF51930-759C-4389-8420-2BF6CB10BEFF}.Release|x64.Build.0 = Release|x64
		{0AF51930-759C-4389-8420-2BF6CB10BEFF}.Release|x86.ActiveCfg = Release|Win32
		{0AF51930-759C-4389-8420-2BF6CB10BEFF}.Release|x86.Build.0 = Release|Win32
		{0AF51930-759C-4389-8420-2BF6CB10BEFF}.RelWithDebInfo|x64.ActiveCfg = Release|Win32
		{0AF51930-759C-4389-8420-2BF6CB10BEFF}.RelWithDebInfo|x64.Build.0 = Release|Win32
		{0AF51930-759C-4389-8420-2BF6CB10BEFF}.RelWithDebInfo|x86.ActiveCfg = Release|Win32
		{0AF51930-759C-4389-8420-2BF6CB10BEFF}.RelWithDebInfo|x86.Build.0 = Release|Win32
		{637A0E9C-1867-459D-8611-65A064E3B2C2}.Debug|x64.ActiveCfg = Debug|x64
		{637A0E9C-1867-459D-8611-65A064E3B2C2}.Debug|x64.Build.0 = Debug|x64
		{637A0E9C-1867-459D-8611-65A064E3B2C2}.Debug|x86.ActiveCfg = Debug|Win32
		{637A0E9C-1867-459D-8611-65A064E3B2C2}.Debug|x86.Build.0 = Debug|Win32
		{637A0E9C-1867-459D-8611-65A064E3B2C2}.MinSizeRel|x64.ActiveCfg = Release|Win32
		{637A0E9C-1867-459D-8611-65A064E3B2C2}.MinSizeRel|x64.Build.0 = Release|Win32
		{637A0E9C-1867-459D-8611-65A064E3B2C2}.MinSizeRel|x86.ActiveCfg = Release|Win32
		{637A0E9C-1867-459D-8611-65A064E3B2C2}.MinSizeRel|x86.Build.0 = Release|Win32
		{637A0E9C-1867-459D-8611-65A064E3B2C2}.Release|x64.ActiveCfg = Release|x64
		{637A0E9C-1867-459D-8611-65A064E3B2C2}.Release|x64.Build.0 = Release|x64
		{637A0E9C-1867-459D-8611-65A064E3B2C2}.Release|x86.ActiveCfg = Release|Win32
		{637A0E9C-1867-459D-8611-65A064E3B2C2}.Release|x86.Build.0 = Release|Win32
		{637A0E9C-1867-459D-8611-65A064E3B2C2}.RelWithDebInfo|x64.ActiveCfg = Release|Win32
		{637A0E9C-1867-459D-8611-65A064E3B2C2}.RelWithDebInfo|x64.Build.0 = Release|Win32
		{637A0E9C-1867-459D-8611-65A064E3B2C2}.RelWithDebInfo|x86.ActiveCfg = Release|Win32
		{637A0E9C-1867-459D-8611-65A064E3B2C2}.RelWithDebInfo|x86.Build.0 = Release|Win32
		{956BF94F-151C-42A5-A699-16949A4C8A54}.Debug|x64.ActiveCfg = Debug|x64
		{956BF94F-151C-42A5-A699-16949A4C8A54}.Debug|x64.Build.0 = Debug|x64
		{956BF94F-151C-42A5-A699-16949A4C8A54}.Debug|x86.ActiveCfg = Debug|Win32
		{956BF94F-151C-42A5-A699-16949A4C8A54}.Debug|x86.Build.0 = Debug|Win32
		{956BF94F-151C-42A5-A699-16949A4C8A54}.MinSizeRel|x64.ActiveCfg = Release|Win32
		{956BF94F-151C-42A5-A699-16949A4C8A54}.MinSizeRel|x64.Build.0 = Release|Win32
		{956BF94F-151C-42A5-A699-16949A4C8A54}.MinSizeRel|x86.ActiveCfg = Release|Win32
		{956BF94F-151C-42A5-A699-16949A4C8A54}.MinSizeRel|x86.Build.0 = Release|Win32
		{956BF94F-151C-42A5-A699-16949A4C8A54}.Release|x64.ActiveCfg = Release|Win32
		{956BF94F-151C-42A5-A699-16949A4C8A54}.Release|x86.ActiveCfg = Release|Win32
		{956BF94F-151C-42A5-A699-16949A4C8A54}.Release|x86.Build.0 = Release|Win32
		{956BF94F-151C-42A5-A699-16949A4C8A54}.RelWithDebInfo|x64.ActiveCfg = Release|Win32
		{956BF94F-151C-42A5-A699-16949A4C8A54}.RelWithDebInfo|x64.Build.0 = Release|Win32
		{956BF94F-151C-42A5-A699-16949A4C8A54}.RelWithDebInfo|x86.ActiveCfg = Release|Win32
		{956BF94F-151C-42A5-A699-16949A4C8A54}.RelWithDebInfo|x86.Build.0 = Release|Win32
		{A9AF029B-59CB-45AD-B4FB-5CF528D5E5FA}.Debug|x64.ActiveCfg = Debug|x64
		{A9AF029B-59CB-45AD-B4FB-5CF528D5E5FA}.Debug|x64.Build.0 = Debug|x64
		{A9AF029B-59CB-45AD-B4FB-5CF528D5E5FA}.Debug|x86.ActiveCfg = Debug|Win32
		{A9AF029B-59CB-45AD-B4FB-5CF528D5E5FA}.Debug|x86.Build.0 = Debug|Win32
		{A9AF029B-59CB-45AD-B4FB-5CF528D5E5FA}.MinSizeRel|x64.ActiveCfg = Release|x64
		{A9AF029B-59CB-45AD-B4FB-5CF528D5E5FA}.MinSizeRel|x64.Build.0 = Release|x64
		{A9AF029B-59CB-45AD-B4FB-5CF528D5E5FA}.MinSizeRel|x86.ActiveCfg = Release|Win32
		{A9AF029B-59CB-45AD-B4FB-5CF528D5E5FA}.MinSizeRel|x86.Build.0 = Release|Win32
		{A9AF029B-59CB-45AD-B4FB-5CF528D5E5FA}.Release|x64.ActiveCfg = Release|x64
		{A9AF029B-59CB-45AD-B4FB-5CF528D5E5FA}.Release|x64.Build.0 = Release|x64
		{A9AF029B-59CB-45AD-B4FB-5CF528D5E5FA}.Release|x86.ActiveCfg = Release|Win32
		{A9AF029B-59CB-45AD-B4FB-5CF528D5E5FA}.Release|x86.Build.0 = Release|Win32
		{A9AF029B-59CB-45AD-B4FB-5CF528D5E5FA}.RelWithDebInfo|x64.ActiveCfg = Release|x64
		{A9AF029B-59CB-45AD-B4FB-5CF528D5E5FA}.RelWithDebInfo|x64.Build.0 = Release|x64
		{A9AF029B-59CB-45AD-B4FB-5CF528D5E5FA}.RelWithDebInfo|x86.ActiveCfg = Release|Win32
		{A9AF029B-59CB-45AD-B4FB-5CF528D5E5FA}.RelWithDebInfo|x86.Build.0 = Release|Win32
		{381EFBED-A988-4A2D-82C9-07900F0AE7E8}.Debug|x64.ActiveCfg = Debug|x64
		{381EFBED-A988-4A2D-82C9-07900F0AE7E8}.Debug|x64.Build.0 = Debug|x64
		{381EFBED-A988-4A2D-82C9-07900F0AE7E8}.Debug|x86.ActiveCfg = Debug|Win32
		{381EFBED-A988-4A2D-82C9-07900F0AE7E8}.Debug|x86.Build.0 = Debug|Win32
		{381EFBED-A988-4A2D-82C9-07900F0AE7E8}.MinSizeRel|x64.ActiveCfg = Release|x64
		{381EFBED-A988-4A2D-82C9-07900F0AE7E8}.MinSizeRel|x64.Build.0 = Release|x64
		{381EFBED-A988-4A2D-82C9-07900F0AE7E8}.MinSizeRel|x86.ActiveCfg = Release|Win32
		{381EFBED-A988-4A2D-82C9-07900F0AE7E8}.MinSizeRel|x86.Build.0 = Release|Win32
		{381EFBED-A988-4A2D-82C9-07900F0AE7E8}.Release|x64.ActiveCfg = Release|x64
		{381EFBED-A988-4A2D-82C9-07900F0AE7E8}.Release|x64.Build.0 = Release|x64
		{381EFBED-A988-4A2D-82C9-07900F0AE7E8}.Release|x86.ActiveCfg = Release|Win32
		{381EFBED-A988-4A2D-82C9-07900F0AE7E8}.Release|x86.Build.0 = Release|Win32
		{381EFBED-A988-4A2D-82C9-07900F0AE7E8}.RelWithDebInfo|x64.ActiveCfg = Release|x64
		{381EFBED-A988-4A2D-82C9-07900F0AE7E8}.RelWithDebInfo|x64.Build.0 = Release|x64
		{381EFBED-A988-4A2D-82C9-07900F0AE7E8}.RelWithDebInfo|x86.ActiveCfg = Release|Win32
		{381EFBED-A988-4A2D-82C9-07900F0AE7E8}.RelWithDebInfo|x86.Build.0 = Release|Win32
		{58617BD0-9AC3-4D6C-BF12-3C9C7CB79946}.Debug|x64.ActiveCfg = Debug|x64
		{58617BD0-9AC3-4D6C-BF12-3C9C7CB79946}.Debug|x64.Build.0 = Debug|x64
		{58617BD0-9AC3-4D6C-BF12-3C9C7CB79946}.Debug|x86.ActiveCfg = Debug|Win32
		{58617BD0-9AC3-4D6C-BF12-3C9C7CB79946}.Debug|x86.Build.0 = Debug|Win32
		{58617BD0-9AC3-4D6C-BF12-3C9C7CB79946}.MinSizeRel|x64.ActiveCfg = Release|x64
		{58617BD0-9AC3-4D6C-BF12-3C9C7CB79946}.MinSizeRel|x64.Build.0 = Release|x64
		{58617BD0-9AC3-4D6C-BF12-3C9C7CB79946}.MinSizeRel|x86.ActiveCfg = Release|Win32
		{58617BD0-9AC3-4D6C-BF12-3C9C7CB79946}.MinSizeRel|x86.Build.0 = Release|Win32
		{58617BD0-9AC3-4D6C-BF12-3C9C7CB79946}.Release|x64.ActiveCfg = Release|x64
		{58617BD0-9AC3-4D6C-BF12-3C9C7CB79946}.Release|x64.Build.0 = Release|x64
		{58617BD0-9AC3-4D6C-BF12-3C9C7CB79946}.Release|x86.ActiveCfg = Release|Win32
		{58617BD0-9AC3-4D6C-BF12-3C9C7CB79946}.Release|x86.Build.0 = Release|Win32
		{58617BD0-9AC3-4D6C-BF12-3C9C7CB79946}.RelWithDebInfo|x64.ActiveCfg = Release|x64
		{58617BD0-9AC3-4D6C-BF12-3C9C7CB79946}.RelWithDebInfo|x64.Build.0 = Release|x64
		{58617BD0-9AC3-4D6C-BF12-3C9C7CB79946}.RelWithDebInfo|x86.ActiveCfg = Release|Win32
		{58617BD0-9AC3-4D6C-BF12-3C9C7CB79946}.RelWithDebInfo|x86.Build.0 = Release|Win32
		{8B0FF308-47CA-4F4B-9CEA-79E2AE5BBC18}.Debug|x64.ActiveCfg = Debug|x64
		{8B0FF308-47CA-4F4B-9CEA-79E2AE5BBC18}.Debug|x64.Build.0 = Debug|x64
		{8B0FF308-47CA-4F4B-9CEA-79E2AE5BBC18}.Debug|x86.ActiveCfg = Debug|Win32
		{8B0FF308-47CA-4F4B-9CEA-79E2AE5BBC18}.Debug|x86.Build.0 = Debug|Win32
		{8B0FF308-47CA-4F4B-9CEA-79E2AE5BBC18}.MinSizeRel|x64.ActiveCfg = Release|x64
		{8B0FF308-47CA-4F4B-9CEA-79E2AE5BBC18}.MinSizeRel|x64.Build.0 = Release|x64
		{8B0FF308-47CA-4F4B-9CEA-79E2AE5BBC18}.MinSizeRel|x86.ActiveCfg = Release|Win32
		{8B0FF308-47CA-4F4B-9CEA-79E2AE5BBC18}.MinSizeRel|x86.Build.0 = Release|Win32
		{8B0FF308-47CA-4F4B-9CEA-79E2AE5BBC18}.Release|x64.ActiveCfg = Release|x64
		{8B0FF308-47CA-4F4B-9CEA-79E2AE5BBC18}.Release|x64.Build.0 = Release|x64
		{8B0FF308-47CA-4F4B-9CEA-79E2AE5BBC18}.Release|x86.ActiveCfg = Release|Win32
		{8B0FF308-47CA-4F4B-9CEA-79E2AE5BBC18}.Release|x86.Build.0 = Release|Win32
		{8B0FF308-47CA-4F4B-9CEA-79E2AE5BBC18}.RelWithDebInfo|x64.ActiveCfg = Release|x64
		{8B0FF308-47CA-4F4B-9CEA-79E2AE5BBC18}.RelWithDebInfo|x64.Build.0 = Release|x64
		{8B0FF308-47CA-4F4B-9CEA-79E2AE5BBC18}.RelWithDebInfo|x86.ActiveCfg = Release|Win32
		{8B0FF308-47CA-4F4B-9CEA-79E2AE5BBC18}.RelWithDebInfo|x86.Build.0 = Release|Win32
		{1D4A131A-D03B-4215-BD90-34A2FC3AB261}.Debug|x64.ActiveCfg = Debug|x64
		{1D4A131A-D03B-4215-BD90-34A2FC3AB261}.Debug|x64.Build.0 = Debug|x64
		{1D4A131A-D03B-4215-BD90-34A2FC3AB261}.Debug|x86.ActiveCfg = Debug|Win32
		{1D4A131A-D03B-4215-BD90-34A2FC3AB261}.Debug|x86.Build.0 = Debug|Win32
		{1D4A131A-D03B-4215-BD90-34A2FC3AB261}.MinSizeRel|x64.ActiveCfg = Release|x64
		{1D4A131A-D03B-4215-BD90-34A2FC3AB261}.MinSizeRel|x64.Build.0 = Release|x64
		{1D4A131A-D03B-4215-BD90-34A2FC3AB261}.MinSizeRel|x86.ActiveCfg = Release|Win32
		{1D4A131A-D03B-4215-BD90-34A2FC3AB261}.MinSizeRel|x86.Build.0 = Release|Win32
		{1D4A131A-D03B-4215-BD90-34A2FC3AB261}.Release|x64.ActiveCfg = Release|x64
		{1D4A131A-D03B-4215-BD90-34A2FC3AB261}.Release|x64.Build.0 = Release|x64
		{1D4A131A-D03B-4215-BD90-34A2FC3AB261}.Release|x86.ActiveCfg = Release|Win32
		{1D4A131A-D03B-4215-BD90-34A2FC3AB261}.Release|x86.Build.0 = Release|Win32
		{1D4A131A-D03B-4215-BD90-34A2FC3AB261}.RelWithDebInfo|x64.ActiveCfg = Release|x64
		{1D4A131A-D03B-4215-BD90-34A2FC3AB261}.RelWithDebInfo|x64.Build.0 = Release|x64
		{1D4A131A-D03B-4215-BD90-34A2FC3AB261}.RelWithDebInfo|x86.ActiveCfg = Release|Win32
		{1D4A131A-D03B-4215-BD90-34A2FC3AB261}.RelWithDebInfo|x86.Build.0 = Release|Win32
		{646199D5-0810-4721-99E4-C0F6FAB9408C}.Debug|x64.ActiveCfg = Debug|x64
		{646199D5-0810-4721-99E4-C0F6FAB9408C}.Debug|x64.Build.0 = Debug|x64
		{646199D5-0810-4721-99E4-C0F6FAB9408C}.Debug|x86.ActiveCfg = Debug|Win32
		{646199D5-0810-4721-99E4-C0F6FAB9408C}.Debug|x86.Build.0 = Debug|Win32
		{646199D5-0810-4721-99E4-C0F6FAB9408C}.MinSizeRel|x64.ActiveCfg = Release|x64
		{646199D5-0810-4721-99E4-C0F6FAB9408C}.MinSizeRel|x64.Build.0 = Release|x64
		{646199D5-0810-4721-99E4-C0F6FAB9408C}.MinSizeRel|x86.ActiveCfg = Release|Win32
		{646199D5-0810-4721-99E4-C0F6FAB9408C}.MinSizeRel|x86.Build.0 = Release|Win32
		{646199D5-0810-4721-99E4-C0F6FAB9408C}.Release|x64.ActiveCfg = Release|x64
		{646199D5-0810-4721-99E4-C0F6FAB9408C}.Release|x64.Build.0 = Release|x64
		{646199D5-0810-4721-99E4-C0F6FAB9408C}.Release|x86.ActiveCfg = Release|Win32
		{646199D5-0810-4721-99E4-C0F6FAB9408C}.Release|x86.Build.0 = Release|Win32
		{646199D5-0810-4721-99E4-C0F6FAB9408C}.RelWithDebInfo|x64.ActiveCfg = Release|x64
		{646199D5-0810-4721-99E4-C0F6FAB9408C}.RelWithDebInfo|x64.Build.0 = Release|x64
		{646199D5-0810-4721-99E4-C0F6FAB9408C}.RelWithDebInfo|x86.ActiveCfg = Release|Win32
		{646199D5-0810-4721-99E4-C0F6FAB9408C}.RelWithDebInfo|x86.Build.0 = Release|Win32
		{62718CA5-428A-41C6-85F3-40631F303EBE}.Debug|x64.ActiveCfg = Debug|x64
		{62718CA5-428A-41C6-85F3-40631F303EBE}.Debug|x64.Build.0 = Debug|x64
		{62718CA5-428A-41C6-85F3-40631F303EBE}.Debug|x86.ActiveCfg = Debug|Win32
		{62718CA5-428A-41C6-85F3-40631F303EBE}.Debug|x86.Build.0 = Debug|Win32
		{62718CA5-428A-41C6-85F3-40631F303EBE}.MinSizeRel|x64.ActiveCfg = Release|x64
		{62718CA5-428A-41C6-85F3-40631F303EBE}.MinSizeRel|x64.Build.0 = Release|x64
		{62718CA5-428A-41C6-85F3-40631F303EBE}.MinSizeRel|x86.ActiveCfg = Release|Win32
		{62718CA5-428A-41C6-85F3-40631F303EBE}.MinSizeRel|x86.Build.0 = Release|Win32
		{62718CA5-428A-41C6-85F3-40631F303EBE}.Release|x64.ActiveCfg = Release|x64
		{62718CA5-428A-41C6-85F3-40631F303EBE}.Release|x64.Build.0 = Release|x64
		{62718CA5-428A-41C6-85F3-40631F303EBE}.Release|x86.ActiveCfg = Release|Win32
		{62718CA5-428A-41C6-85F3-40631F303EBE}.Release|x86.Build.0 = Release|Win32
		{62718CA5-428A-41C6-85F3-40631F303EBE}.RelWithDebInfo|x64.ActiveCfg = Release|x64
		{62718CA5-428A-41C6-85F3-40631F303EBE}.RelWithDebInfo|x64.Build.0 = Release|x64
		{62718CA5-428A-41C6-85F3-40631F303EBE}.RelWithDebInfo|x86.ActiveCfg = Release|Win32
		{62718CA5-428A-41C6-85F3-40631F303EBE}.RelWithDebInfo|x86.Build.0 = Release|Win32
		{FB4E2BA0-1AD1-4E00-9E01-131731641918}.Debug|x64.ActiveCfg = Debug|x64
		{FB4E2BA0-1AD1-4E00-9E01-131731641918}.Debug|x64.Build.0 = Debug|x64
		{FB4E2BA0-1AD1-4E00-9E01-131731641918}.Debug|x86.ActiveCfg = Debug|Win32
		{FB4E2BA0-1AD1-4E00-9E01-131731641918}.Debug|x86.Build.0 = Debug|Win32
		{FB4E2BA0-1AD1-4E00-9E01-131731641918}.MinSizeRel|x64.ActiveCfg = Release|x64
		{FB4E2BA0-1AD1-4E00-9E01-131731641918}.MinSizeRel|x64.Build.0 = Release|x64
		{FB4E2BA0-1AD1-4E00-9E01-131731641918}.MinSizeRel|x86.ActiveCfg = Release|Win32
		{FB4E2BA0-1AD1-4E00-9E01-131731641918}.MinSizeRel|x86.Build.0 = Release|Win32
		{FB4E2BA0-1AD1-4E00-9E01-131731641918}.Release|x64.ActiveCfg = Release|x64
		{FB4E2BA0-1AD1-4E00-9E01-131731641918}.Release|x64.Build.0 = Release|x64
		{FB4E2BA0-1AD1-4E00-9E01-131731641918}.Release|x86.ActiveCfg = Release|Win32
		{FB4E2BA0-1AD1-4E00-9E01-131731641918}.Release|x86.Build.0 = Release|Win32
		{FB4E2BA0-1AD1-4E00-9E01-131731641918}.RelWithDebInfo|x64.ActiveCfg = Release|x64
		{FB4E2BA0-1AD1-4E00-9E01-131731641918}.RelWithDebInfo|x64.Build.0 = Release|x64
		{FB4E2BA0-1AD1-4E00-9E01-131731641918}.RelWithDebInfo|x86.ActiveCfg = Release|Win32
		{FB4E2BA0-1AD1-4E00-9E01-131731641918}.RelWithDebInfo|x86.Build.0 = Release|Win32
		{777BAF91-DC51-4EEF-8F46-6502630063A2}.Debug|x64.ActiveCfg = Debug|x64
		{777BAF91-DC51-4EEF-8F46-6502630063A2}.Debug|x64.Build.0 = Debug|x64
		{777BAF91-DC51-4EEF-8F46-6502630063A2}.Debug|x86.ActiveCfg = Debug|Win32
		{777BAF91-DC51-4EEF-8F46-6502630063A2}.Debug|x86.Build.0 = Debug|Win32
		{777BAF91-DC51-4EEF-8F46-6502630063A2}.MinSizeRel|x64.ActiveCfg = Release|x64
		{777BAF91-DC51-4EEF-8F46-6502630063A2}.MinSizeRel|x64.Build.0 = Release|x64
		{777BAF91-DC51-4EEF-8F46-6502630063A2}.MinSizeRel|x86.ActiveCfg = Release|Win32
		{777BAF91-DC51-4EEF-8F46-6502630063A2}.MinSizeRel|x86.Build.0 = Release|Win32
		{777BAF91-DC51-4EEF-8F46-6502630063A2}.Release|x64.ActiveCfg = Release|x64
		{777BAF91-DC51-4EEF-8F46-6502630063A2}.Release|x64.Build.0 = Release|x64
		{777BAF91-DC51-4EEF-8F46-6502630063A2}.Release|x86.ActiveCfg = Release|Win32
		{777BAF91-DC51-4EEF-8F46-6502630063A2}.Release|x86.Build.0 = Release|Win32
		{777BAF91-DC51-4EEF-8F46-6502630063A2}.RelWithDebInfo|x64.ActiveCfg = Release|x64
		{777BAF91-DC51-4EEF-8F46-6502630063A2}.RelWithDebInfo|x64.Build.0 = Release|x64
		{777BAF91-DC51-4EEF-8F46-6502630063A2}.RelWithDebInfo|x86.ActiveCfg = Release|Win32
		{777BAF91-DC51-4EEF-8F46-6502630063A2}.RelWithDebInfo|x86.Build.0 = Release|Win32
		{C1F3E970-2908-47E6-B884-F56A9926F313}.Debug|x64.ActiveCfg = Debug|x64
		{C1F3E970-2908-47E6-B884-F56A9926F313}.Debug|x64.Build.0 = Debug|x64
		{C1F3E970-2908-47E6-B884-F56A9926F313}.Debug|x86.ActiveCfg = Debug|Win32
		{C1F3E970-2908-47E6-B884-F56A9926F313}.Debug|x86.Build.0 = Debug|Win32
		{C1F3E970-2908-47E6-B884-F56A9926F313}.MinSizeRel|x64.ActiveCfg = Release|x64
		{C1F3E970-2908-47E6-B884-F56A9926F313}.MinSizeRel|x64.Build.0 = Release|x64
		{C1F3E970-2908-47E6-B884-F56A9926F313}.MinSizeRel|x86.ActiveCfg = Release|Win32
		{C1F3E970-2908-47E6-B884-F56A9926F313}.MinSizeRel|x86.Build.0 = Release|Win32
		{C1F3E970-2908-47E6-B884-F56A9926F313}.Release|x64.ActiveCfg = Release|x64
		{C1F3E970-2908-47E6-B884-F56A9926F313}.Release|x64.Build.0 = Release|x64
		{C1F3E970-2908-47E6-B884-F56A9926F313}.Release|x86.ActiveCfg = Release|Win32
		{C1F3E970-2908-47E6-B884-F56A9926F313}.Release|x86.Build.0 = Release|Win32
		{C1F3E970-2908-47E6-B884-F56A9926F313}.RelWithDebInfo|x64.ActiveCfg = Release|x64
		{C1F3E970-2908-47E6-B884-F56A9926F313}.RelWithDebInfo|x64.Build.0 = Release|x64
		{C1F3E970-2908-47E6-B884-F56A9926F313}.RelWithDebInfo|x86.ActiveCfg = Release|Win32
		{C1F3E970-2908-47E6-B884-F56A9926F313}.RelWithDebInfo|x86.Build.0 = Release|Win32
		{5130E358-9E8F-40A1-99C0-41F4FEEA5938}.Debug|x64.ActiveCfg = Debug|x64
		{5130E358-9E8F-40A1-99C0-41F4FEEA5938}.Debug|x64.Build.0 = Debug|x64
		{5130E358-9E8F-40A1-99C0-41F4FEEA5938}.Debug|x86.ActiveCfg = Debug|Win32
		{5130E358-9E8F-40A1-99C0-41F4FEEA5938}.Debug|x86.Build.0 = Debug|Win32
		{5130E358-9E8F-40A1-99C0-41F4FEEA5938}.MinSizeRel|x64.ActiveCfg = Release|x64
		{5130E358-9E8F-40A1-99C0-41F4FEEA5938}.MinSizeRel|x64.Build.0 = Release|x64
		{5130E358-9E8F-40A1-99C0-41F4FEEA5938}.MinSizeRel|x86.ActiveCfg = Release|Win32
		{5130E358-9E8F-40A1-99C0-41F4FEEA5938}.MinSizeRel|x86.Build.0 = Release|Win32
		{5130E358-9E8F-40A1-99C0-41F4FEEA5938}.Release|x64.ActiveCfg = Release|x64
		{5130E358-9E8F-40A1-99C0-41F4FEEA5938}.Release|x64.Build.0 = Release|x64
		{5130E358-9E8F-40A1-99C0-41F4FEEA5938}.Release|x86.ActiveCfg = Release|Win32
		{5130E358-9E8F-40A1-99C0-41F4FEEA5938}.Release|x86.Build.0 = Release|Win32
		{5130E358-9E8F-40A1-99C0-41F4FEEA5938}.RelWithDebInfo|x64.ActiveCfg = Release|x64
		{5130E358-9E8F-40A1-99C0-41F4FEEA5938}.RelWithDebInfo|x64.Build.0 = Release|x64
		{5130E358-9E8F-40A1-99C0-41F4FEEA5938}.RelWithDebInfo|x86.ActiveCfg = Release|Win32
		{5130E358-9E8F-40A1-99C0-41F4FEEA5938}.RelWithDebInfo|x86.Build.0 = Release|Win32
		{DB218925-2277-46F1-9039-1451603EE501}.Debug|x64.ActiveCfg = Debug|x64
		{DB218925-2277-46F1-9039-1451603EE501}.Debug|x64.Build.0 = Debug|x64
		{DB218925-2277-46F1-9039-1451603EE501}.Debug|x86.ActiveCfg = Debug|Win32
		{DB218925-2277-46F1-9039-1451603EE501}.Debug|x86.Build.0 = Debug|Win32
		{DB218925-2277-46F1-9039-1451603EE501}.MinSizeRel|x64.ActiveCfg = Release|x64
		{DB218925-2277-46F1-9039-1451603EE501}.MinSizeRel|x64.Build.0 = Release|x64
		{DB218925-2277-46F1-9039-1451603EE501}.MinSizeRel|x86.ActiveCfg = Release|Win32
		{DB218925-2277-46F1-9039-1451603EE501}.MinSizeRel|x86.Build.0 = Release|Win32
		{DB218925-2277-46F1-9039-1451603EE501}.Release|x64.ActiveCfg = Release|x64
		{DB218925-2277-46F1-9039-1451603EE501}.Release|x64.Build.0 = Release|x64
		{DB218925-2277-46F1-9039-1451603EE501}.Release|x86.ActiveCfg = Release|Win32
		{DB218925-2277-46F1-9039-1451603EE501}.Release|x86.Build.0 = Release|Win32
		{DB218925-2277-46F1-9039-1451603EE501}.RelWithDebInfo|x64.ActiveCfg = Release|x64
		{DB218925-2277-46F1-9039-1451603EE501}.RelWithDebInfo|x64.Build.0 = Release|x64
		{DB218925-2277-46F1-9039-1451603EE501}.RelWithDebInfo|x86.ActiveCfg = Release|Win32
		{DB218925-2277-46F1-9039-1451603EE501}.RelWithDebInfo|x86.Build.0 = Release|Win32
		{B849151F-F797-4373-B424-847D13ADE4F5}.Debug|x64.ActiveCfg = Debug|x64
		{B849151F-F797-4373-B424-847D13ADE4F5}.Debug|x64.Build.0 = Debug|x64
		{B849151F-F797-4373-B424-847D13ADE4F5}.Debug|x86.ActiveCfg = Debug|Win32
		{B849151F-F797-4373-B424-847D13ADE4F5}.Debug|x86.Build.0 = Debug|Win32
		{B849151F-F797-4373-B424-847D13ADE4F5}.MinSizeRel|x64.ActiveCfg = Release|x64
		{B849151F-F797-4373-B424-847D13ADE4F5}.MinSizeRel|x64.Build.0 = Release|x64
		{B849151F-F797-4373-B424-847D13ADE4F5}.MinSizeRel|x86.ActiveCfg = Release|Win32
		{B849151F-F797-4373-B424-847D13ADE4F5}.MinSizeRel|x86.Build.0 = Release|Win32
		{B849151F-F797-4373-B424-847D13ADE4F5}.Release|x64.ActiveCfg = Release|x64
		{B849151F-F797-4373-B424-847D13ADE4F5}.Release|x64.Build.0 = Release|x64
		{B849151F-F797-4373-B424-847D13ADE4F5}.Release|x86.ActiveCfg = Release|Win32
		{B849151F-F797-4373-B424-847D13ADE4F5}.Release|x86.Build.0 = Release|Win32
		{B849151F-F797-4373-B424-847D13ADE4F5}.RelWithDebInfo|x64.ActiveCfg = Release|x64
		{B849151F-F797-4373-B424-847D13ADE4F5}.RelWithDebInfo|x64.Build.0 = Release|x64
		{B849151F-F797-4373-B424-847D13ADE4F5}.RelWithDebInfo|x86.ActiveCfg = Release|Win32
		{B849151F-F797-4373-B424-847D13ADE4F5}.RelWithDebInfo|x86.Build.0 = Release|Win32
		{F3AC52E3-014E-4F76-853F-6BF9B71B47F3}.Debug|x64.ActiveCfg = Debug|x64
		{F3AC52E3-014E-4F76-853F-6BF9B71B47F3}.Debug|x64.Build.0 = Debug|x64
		{F3AC52E3-014E-4F76-853F-6BF9B71B47F3}.Debug|x86.ActiveCfg = Debug|Win32
		{F3AC52E3-014E-4F76-853F-6BF9B71B47F3}.Debug|x86.Build.0 = Debug|Win32
		{F3AC52E3-014E-4F76-853F-6BF9B71B47F3}.MinSizeRel|x64.ActiveCfg = Release|x64
		{F3AC52E3-014E-4F76-853F-6BF9B71B47F3}.MinSizeRel|x64.Build.0 = Release|x64
		{F3AC52E3-014E-4F76-853F-6BF9B71B47F3}.MinSizeRel|x86.ActiveCfg = Release|Win32
		{F3AC52E3-014E-4F76-853F-6BF9B71B47F3}.MinSizeRel|x86.Build.0 = Release|Win32
		{F3AC52E3-014E-4F76-853F-6BF9B71B47F3}.Release|x64.ActiveCfg = Release|x64
		{F3AC52E3-014E-4F76-853F-6BF9B71B47F3}.Release|x64.Build.0 = Release|x64
		{F3AC52E3-014E-4F76-853F-6BF9B71B47F3}.Release|x86.ActiveCfg = Release|Win32
		{F3AC52E3-014E-4F76-853F-6BF9B71B47F3}.Release|x86.Build.0 = Release|Win32
		{F3AC52E3-014E-4F76-853F-6BF9B71B47F3}.RelWithDebInfo|x64.ActiveCfg = Release|x64
		{F3AC52E3-014E-4F76-853F-6BF9B71B47F3}.RelWithDebInfo|x64.Build.0 = Release|x64
		{F3AC52E3-014E-4F76-853F-6BF9B71B47F3}.RelWithDebInfo|x86.ActiveCfg = Release|Win32
		{F3AC52E3-014E-4F76-853F-6BF9B71B47F3}.RelWithDebInfo|x86.Build.0 = Release|Win32
		{C1F6DB5E-E846-4FC9-BD3F-CDA684D1BF60}.Debug|x64.ActiveCfg = Debug|x64
		{C1F6DB5E-E846-4FC9-BD3F-CDA684D1BF60}.Debug|x64.Build.0 = Debug|x64
		{C1F6DB5E-E846-4FC9-BD3F-CDA684D1BF60}.Debug|x86.ActiveCfg = Debug|Win32
		{C1F6DB5E-E846-4FC9-BD3F-CDA684D1BF60}.Debug|x86.Build.0 = Debug|Win32
		{C1F6DB5E-E846-4FC9-BD3F-CDA684D1BF60}.MinSizeRel|x64.ActiveCfg = Release|x64
		{C1F6DB5E-E846-4FC9-BD3F-CDA684D1BF60}.MinSizeRel|x64.Build.0 = Release|x64
		{C1F6DB5E-E846-4FC9-BD3F-CDA684D1BF60}.MinSizeRel|x86.ActiveCfg = Release|Win32
		{C1F6DB5E-E846-4FC9-BD3F-CDA684D1BF60}.MinSizeRel|x86.Build.0 = Release|Win32
		{C1F6DB5E-E846-4FC9-BD3F-CDA684D1BF60}.Release|x64.ActiveCfg = Release|x64
		{C1F6DB5E-E846-4FC9-BD3F-CDA684D1BF60}.Release|x64.Build.0 = Release|x64
		{C1F6DB5E-E846-4FC9-BD3F-CDA684D1BF60}.Release|x86.ActiveCfg = Release|Win32
		{C1F6DB5E-E846-4FC9-BD3F-CDA684D1BF60}.Release|x86.Build.0 = Release|Win32
		{C1F6DB5E-E846-4FC9-BD3F-CDA684D1BF60}.RelWithDebInfo|x64.ActiveCfg = Release|x64
		{C1F6DB5E-E846-4FC9-BD3F-CDA684D1BF60}.RelWithDebInfo|x64.Build.0 = Release|x64
		{C1F6DB5E-E846-4FC9-BD3F-CDA684D1BF60}.RelWithDebInfo|x86.ActiveCfg = Release|Win32
		{C1F6DB5E-E846-4FC9-BD3F-CDA684D1BF60}.RelWithDebInfo|x86.Build.0 = Release|Win32
	EndGlobalSection
	GlobalSection(SolutionProperties) = preSolution
		HideSolutionNode = FALSE
	EndGlobalSection
	GlobalSection(NestedProjects) = preSolution
		{DB280160-0076-49C1-9BC6-2DFF820BD61C} = {E9B139DA-4EF7-427C-9EAB-EB114706F506}
		{0AF51930-759C-4389-8420-2BF6CB10BEFF} = {E9B139DA-4EF7-427C-9EAB-EB114706F506}
		{637A0E9C-1867-459D-8611-65A064E3B2C2} = {E9B139DA-4EF7-427C-9EAB-EB114706F506}
		{956BF94F-151C-42A5-A699-16949A4C8A54} = {E9B139DA-4EF7-427C-9EAB-EB114706F506}
		{A9AF029B-59CB-45AD-B4FB-5CF528D5E5FA} = {E9B139DA-4EF7-427C-9EAB-EB114706F506}
		{381EFBED-A988-4A2D-82C9-07900F0AE7E8} = {E9B139DA-4EF7-427C-9EAB-EB114706F506}
		{58617BD0-9AC3-4D6C-BF12-3C9C7CB79946} = {E9B139DA-4EF7-427C-9EAB-EB114706F506}
		{8B0FF308-47CA-4F4B-9CEA-79E2AE5BBC18} = {81F153AD-6586-4438-A444-0558F286D60E}
		{1D4A131A-D03B-4215-BD90-34A2FC3AB261} = {E9B139DA-4EF7-427C-9EAB-EB114706F506}
		{646199D5-0810-4721-99E4-C0F6FAB9408C} = {E9B139DA-4EF7-427C-9EAB-EB114706F506}
		{62718CA5-428A-41C6-85F3-40631F303EBE} = {E9B139DA-4EF7-427C-9EAB-EB114706F506}
		{FB4E2BA0-1AD1-4E00-9E01-131731641918} = {E9B139DA-4EF7-427C-9EAB-EB114706F506}
		{777BAF91-DC51-4EEF-8F46-6502630063A2} = {E9B139DA-4EF7-427C-9EAB-EB114706F506}
		{C1F3E970-2908-47E6-B884-F56A9926F313} = {E9B139DA-4EF7-427C-9EAB-EB114706F506}
		{5130E358-9E8F-40A1-99C0-41F4FEEA5938} = {E9B139DA-4EF7-427C-9EAB-EB114706F506}
		{DB218925-2277-46F1-9039-1451603EE501} = {E9B139DA-4EF7-427C-9EAB-EB114706F506}
		{B849151F-F797-4373-B424-847D13ADE4F5} = {E9B139DA-4EF7-427C-9EAB-EB114706F506}
		{F3AC52E3-014E-4F76-853F-6BF9B71B47F3} = {E9B139DA-4EF7-427C-9EAB-EB114706F506}
		{C1F6DB5E-E846-4FC9-BD3F-CDA684D1BF60} = {E9B139DA-4EF7-427C-9EAB-EB114706F506}
	EndGlobalSection
	GlobalSection(ExtensibilityGlobals) = postSolution
		SolutionGuid = {6AD5F34F-BF5A-4C5D-B926-540A4FD62971}
	EndGlobalSection
EndGlobal
